// !$*UTF8*$!
{
	archiveVersion = 1;
	classes = {
	};
	objectVersion = 60;
	objects = {

/* Begin PBXBuildFile section */
		410C423A1A60453C00CA67D3 /* Contacts.storyboard in Resources */ = {isa = PBXBuildFile; fileRef = 410C42391A60453C00CA67D3 /* Contacts.storyboard */; };
		41A29D731A6528C8006B24D2 /* SSKeychain.m in Sources */ = {isa = PBXBuildFile; fileRef = 41A29D401A6528C8006B24D2 /* SSKeychain.m */; };
		41A29D741A6528C8006B24D2 /* SSKeychainQuery.m in Sources */ = {isa = PBXBuildFile; fileRef = 41A29D421A6528C8006B24D2 /* SSKeychainQuery.m */; };
		41A29D751A6528C8006B24D2 /* SVProgressHUD.bundle in Resources */ = {isa = PBXBuildFile; fileRef = 41A29D451A6528C8006B24D2 /* SVProgressHUD.bundle */; };
		41A29D761A6528C8006B24D2 /* SVProgressHUD.m in Sources */ = {isa = PBXBuildFile; fileRef = 41A29D471A6528C8006B24D2 /* SVProgressHUD.m */; };
		41A990781A5D645600B2094A /* MainTabBarViewController.swift in Sources */ = {isa = PBXBuildFile; fileRef = 41A990771A5D645600B2094A /* MainTabBarViewController.swift */; };
		41A9907B1A5D65C100B2094A /* Cloud.storyboard in Resources */ = {isa = PBXBuildFile; fileRef = 41A9907A1A5D65C100B2094A /* Cloud.storyboard */; };
		41A9907D1A5D678400B2094A /* CloudDriveTableViewController.swift in Sources */ = {isa = PBXBuildFile; fileRef = 41A9907C1A5D678400B2094A /* CloudDriveTableViewController.swift */; };
		41A9907F1A5D8C3F00B2094A /* NodeTableViewCell.swift in Sources */ = {isa = PBXBuildFile; fileRef = 41A9907E1A5D8C3F00B2094A /* NodeTableViewCell.swift */; };
		41AB404E1A52D66500E5E16E /* Main.storyboard in Resources */ = {isa = PBXBuildFile; fileRef = 41AB404C1A52D66500E5E16E /* Main.storyboard */; };
		41AB404F1A52D66500E5E16E /* LoginViewController.swift in Sources */ = {isa = PBXBuildFile; fileRef = 41AB404D1A52D66500E5E16E /* LoginViewController.swift */; };
		41ABAEA11A63DD410026CEAD /* ContactsTableViewController.swift in Sources */ = {isa = PBXBuildFile; fileRef = 41ABAEA01A63DD410026CEAD /* ContactsTableViewController.swift */; };
		41ABAEA31A63DD710026CEAD /* ContactTableViewCell.swift in Sources */ = {isa = PBXBuildFile; fileRef = 41ABAEA21A63DD710026CEAD /* ContactTableViewCell.swift */; };
		41B4A5B51A5E94B8008B6E73 /* Helper.swift in Sources */ = {isa = PBXBuildFile; fileRef = 41B4A5B41A5E94B8008B6E73 /* Helper.swift */; };
		41B4A5BA1A5EF067008B6E73 /* DetailsNodeInfoViewController.swift in Sources */ = {isa = PBXBuildFile; fileRef = 41B4A5B91A5EF067008B6E73 /* DetailsNodeInfoViewController.swift */; };
		41C6A0441A5FD13300865971 /* Offline.storyboard in Resources */ = {isa = PBXBuildFile; fileRef = 41C6A0431A5FD13300865971 /* Offline.storyboard */; };
		41C6A0461A5FD15B00865971 /* OfflineTableViewController.swift in Sources */ = {isa = PBXBuildFile; fileRef = 41C6A0451A5FD15B00865971 /* OfflineTableViewController.swift */; };
		41C6A0491A5FF8CC00865971 /* Settings.storyboard in Resources */ = {isa = PBXBuildFile; fileRef = 41C6A0481A5FF8CC00865971 /* Settings.storyboard */; };
		41C6A04B1A5FFA9B00865971 /* SettingsViewController.swift in Sources */ = {isa = PBXBuildFile; fileRef = 41C6A04A1A5FFA9B00865971 /* SettingsViewController.swift */; };
		41F1756F1A51E22500570E30 /* AppDelegate.swift in Sources */ = {isa = PBXBuildFile; fileRef = 41F1756E1A51E22500570E30 /* AppDelegate.swift */; };
		41F175761A51E22500570E30 /* Images.xcassets in Resources */ = {isa = PBXBuildFile; fileRef = 41F175751A51E22500570E30 /* Images.xcassets */; };
		41F175791A51E22500570E30 /* LaunchScreen.xib in Resources */ = {isa = PBXBuildFile; fileRef = 41F175771A51E22500570E30 /* LaunchScreen.xib */; };
		A8CCCFF42AE18B3300E3CCAB /* MEGASdk in Frameworks */ = {isa = PBXBuildFile; productRef = A8CCCFF32AE18B3300E3CCAB /* MEGASdk */; };
/* End PBXBuildFile section */

/* Begin PBXFileReference section */
		410C42391A60453C00CA67D3 /* Contacts.storyboard */ = {isa = PBXFileReference; fileEncoding = 4; lastKnownFileType = file.storyboard; path = Contacts.storyboard; sourceTree = "<group>"; };
		41A29D3F1A6528C8006B24D2 /* SSKeychain.h */ = {isa = PBXFileReference; fileEncoding = 4; lastKnownFileType = sourcecode.c.h; path = SSKeychain.h; sourceTree = "<group>"; };
		41A29D401A6528C8006B24D2 /* SSKeychain.m */ = {isa = PBXFileReference; fileEncoding = 4; lastKnownFileType = sourcecode.c.objc; path = SSKeychain.m; sourceTree = "<group>"; };
		41A29D411A6528C8006B24D2 /* SSKeychainQuery.h */ = {isa = PBXFileReference; fileEncoding = 4; lastKnownFileType = sourcecode.c.h; path = SSKeychainQuery.h; sourceTree = "<group>"; };
		41A29D421A6528C8006B24D2 /* SSKeychainQuery.m */ = {isa = PBXFileReference; fileEncoding = 4; lastKnownFileType = sourcecode.c.objc; path = SSKeychainQuery.m; sourceTree = "<group>"; };
		41A29D441A6528C8006B24D2 /* SVProgressHUD-Prefix.pch */ = {isa = PBXFileReference; fileEncoding = 4; lastKnownFileType = sourcecode.c.h; path = "SVProgressHUD-Prefix.pch"; sourceTree = "<group>"; };
		41A29D451A6528C8006B24D2 /* SVProgressHUD.bundle */ = {isa = PBXFileReference; lastKnownFileType = "wrapper.plug-in"; path = SVProgressHUD.bundle; sourceTree = "<group>"; };
		41A29D461A6528C8006B24D2 /* SVProgressHUD.h */ = {isa = PBXFileReference; fileEncoding = 4; lastKnownFileType = sourcecode.c.h; path = SVProgressHUD.h; sourceTree = "<group>"; };
		41A29D471A6528C8006B24D2 /* SVProgressHUD.m */ = {isa = PBXFileReference; fileEncoding = 4; lastKnownFileType = sourcecode.c.objc; path = SVProgressHUD.m; sourceTree = "<group>"; };
		41A990771A5D645600B2094A /* MainTabBarViewController.swift */ = {isa = PBXFileReference; fileEncoding = 4; lastKnownFileType = sourcecode.swift; path = MainTabBarViewController.swift; sourceTree = "<group>"; };
		41A9907A1A5D65C100B2094A /* Cloud.storyboard */ = {isa = PBXFileReference; fileEncoding = 4; lastKnownFileType = file.storyboard; name = Cloud.storyboard; path = ../CloudDrive/Cloud.storyboard; sourceTree = "<group>"; };
		41A9907C1A5D678400B2094A /* CloudDriveTableViewController.swift */ = {isa = PBXFileReference; fileEncoding = 4; lastKnownFileType = sourcecode.swift; name = CloudDriveTableViewController.swift; path = ../CloudDrive/CloudDriveTableViewController.swift; sourceTree = "<group>"; };
		41A9907E1A5D8C3F00B2094A /* NodeTableViewCell.swift */ = {isa = PBXFileReference; fileEncoding = 4; lastKnownFileType = sourcecode.swift; name = NodeTableViewCell.swift; path = ../CloudDrive/NodeTableViewCell.swift; sourceTree = "<group>"; };
		41AB404C1A52D66500E5E16E /* Main.storyboard */ = {isa = PBXFileReference; fileEncoding = 4; lastKnownFileType = file.storyboard; path = Main.storyboard; sourceTree = "<group>"; };
		41AB404D1A52D66500E5E16E /* LoginViewController.swift */ = {isa = PBXFileReference; fileEncoding = 4; lastKnownFileType = sourcecode.swift; path = LoginViewController.swift; sourceTree = "<group>"; };
		41ABAEA01A63DD410026CEAD /* ContactsTableViewController.swift */ = {isa = PBXFileReference; fileEncoding = 4; lastKnownFileType = sourcecode.swift; path = ContactsTableViewController.swift; sourceTree = "<group>"; };
		41ABAEA21A63DD710026CEAD /* ContactTableViewCell.swift */ = {isa = PBXFileReference; fileEncoding = 4; lastKnownFileType = sourcecode.swift; path = ContactTableViewCell.swift; sourceTree = "<group>"; };
		41ABFDEE1CBB93F700CC9D71 /* AVFoundation.framework */ = {isa = PBXFileReference; lastKnownFileType = wrapper.framework; name = AVFoundation.framework; path = System/Library/Frameworks/AVFoundation.framework; sourceTree = SDKROOT; };
		41ABFDF01CBB942D00CC9D71 /* CoreMedia.framework */ = {isa = PBXFileReference; lastKnownFileType = wrapper.framework; name = CoreMedia.framework; path = System/Library/Frameworks/CoreMedia.framework; sourceTree = SDKROOT; };
		41B4A5B41A5E94B8008B6E73 /* Helper.swift */ = {isa = PBXFileReference; fileEncoding = 4; lastKnownFileType = sourcecode.swift; path = Helper.swift; sourceTree = "<group>"; };
		41B4A5B91A5EF067008B6E73 /* DetailsNodeInfoViewController.swift */ = {isa = PBXFileReference; fileEncoding = 4; lastKnownFileType = sourcecode.swift; name = DetailsNodeInfoViewController.swift; path = ../CloudDrive/DetailsNodeInfoViewController.swift; sourceTree = "<group>"; };
		41C6A0431A5FD13300865971 /* Offline.storyboard */ = {isa = PBXFileReference; fileEncoding = 4; lastKnownFileType = file.storyboard; path = Offline.storyboard; sourceTree = "<group>"; };
		41C6A0451A5FD15B00865971 /* OfflineTableViewController.swift */ = {isa = PBXFileReference; fileEncoding = 4; lastKnownFileType = sourcecode.swift; path = OfflineTableViewController.swift; sourceTree = "<group>"; };
		41C6A0481A5FF8CC00865971 /* Settings.storyboard */ = {isa = PBXFileReference; fileEncoding = 4; lastKnownFileType = file.storyboard; path = Settings.storyboard; sourceTree = "<group>"; };
		41C6A04A1A5FFA9B00865971 /* SettingsViewController.swift */ = {isa = PBXFileReference; fileEncoding = 4; lastKnownFileType = sourcecode.swift; path = SettingsViewController.swift; sourceTree = "<group>"; };
		41F175691A51E22500570E30 /* MEGA.app */ = {isa = PBXFileReference; explicitFileType = wrapper.application; includeInIndex = 0; path = MEGA.app; sourceTree = BUILT_PRODUCTS_DIR; };
		41F1756D1A51E22500570E30 /* Info.plist */ = {isa = PBXFileReference; lastKnownFileType = text.plist.xml; path = Info.plist; sourceTree = "<group>"; };
		41F1756E1A51E22500570E30 /* AppDelegate.swift */ = {isa = PBXFileReference; lastKnownFileType = sourcecode.swift; path = AppDelegate.swift; sourceTree = "<group>"; };
		41F175751A51E22500570E30 /* Images.xcassets */ = {isa = PBXFileReference; lastKnownFileType = folder.assetcatalog; path = Images.xcassets; sourceTree = "<group>"; };
		41F175781A51E22500570E30 /* Base */ = {isa = PBXFileReference; lastKnownFileType = file.xib; name = Base; path = Base.lproj/LaunchScreen.xib; sourceTree = "<group>"; };
		41F175941A51E5E500570E30 /* MEGA-Bridging-Header.h */ = {isa = PBXFileReference; lastKnownFileType = sourcecode.c.h; path = "MEGA-Bridging-Header.h"; sourceTree = "<group>"; };
		41F1759F1A51F17E00570E30 /* ImageIO.framework */ = {isa = PBXFileReference; lastKnownFileType = wrapper.framework; name = ImageIO.framework; path = System/Library/Frameworks/ImageIO.framework; sourceTree = SDKROOT; };
		41F175A11A51F18B00570E30 /* MobileCoreServices.framework */ = {isa = PBXFileReference; lastKnownFileType = wrapper.framework; name = MobileCoreServices.framework; path = System/Library/Frameworks/MobileCoreServices.framework; sourceTree = SDKROOT; };
		A8BF108D21ED0BD7006B283A /* libsodium.a */ = {isa = PBXFileReference; lastKnownFileType = archive.ar; name = libsodium.a; path = ../../../bindings/ios/3rdparty/lib/libsodium.a; sourceTree = "<group>"; };
		A8BF108E21ED0BD7006B283A /* libuv.a */ = {isa = PBXFileReference; lastKnownFileType = archive.ar; name = libuv.a; path = ../../../bindings/ios/3rdparty/lib/libuv.a; sourceTree = "<group>"; };
		A8BF108F21ED0BD7006B283A /* libcrypto.a */ = {isa = PBXFileReference; lastKnownFileType = archive.ar; name = libcrypto.a; path = ../../../bindings/ios/3rdparty/lib/libcrypto.a; sourceTree = "<group>"; };
		A8BF109021ED0BD7006B283A /* libcryptopp.a */ = {isa = PBXFileReference; lastKnownFileType = archive.ar; name = libcryptopp.a; path = ../../../bindings/ios/3rdparty/lib/libcryptopp.a; sourceTree = "<group>"; };
		A8BF109121ED0BD8006B283A /* libcurl.a */ = {isa = PBXFileReference; lastKnownFileType = archive.ar; name = libcurl.a; path = ../../../bindings/ios/3rdparty/lib/libcurl.a; sourceTree = "<group>"; };
		A8BF109221ED0BD8006B283A /* libssl.a */ = {isa = PBXFileReference; lastKnownFileType = archive.ar; name = libssl.a; path = ../../../bindings/ios/3rdparty/lib/libssl.a; sourceTree = "<group>"; };
		A8BF109321ED0BD8006B283A /* libzen.a */ = {isa = PBXFileReference; lastKnownFileType = archive.ar; name = libzen.a; path = ../../../bindings/ios/3rdparty/lib/libzen.a; sourceTree = "<group>"; };
		A8BF109421ED0BD8006B283A /* libmediainfo.a */ = {isa = PBXFileReference; lastKnownFileType = archive.ar; name = libmediainfo.a; path = ../../../bindings/ios/3rdparty/lib/libmediainfo.a; sourceTree = "<group>"; };
		A8BF109521ED0BD8006B283A /* libcares.a */ = {isa = PBXFileReference; lastKnownFileType = archive.ar; name = libcares.a; path = ../../../bindings/ios/3rdparty/lib/libcares.a; sourceTree = "<group>"; };
		A8BF109F21ED0BF7006B283A /* libMEGASDK.a */ = {isa = PBXFileReference; explicitFileType = archive.ar; path = libMEGASDK.a; sourceTree = BUILT_PRODUCTS_DIR; };
		A8BF10A121ED0CF9006B283A /* libc++.tbd */ = {isa = PBXFileReference; lastKnownFileType = "sourcecode.text-based-dylib-definition"; name = "libc++.tbd"; path = "usr/lib/libc++.tbd"; sourceTree = SDKROOT; };
		A8BF10A321ED0D04006B283A /* libsqlite3.tbd */ = {isa = PBXFileReference; lastKnownFileType = "sourcecode.text-based-dylib-definition"; name = libsqlite3.tbd; path = usr/lib/libsqlite3.tbd; sourceTree = SDKROOT; };
		A8BF10A521ED0D0D006B283A /* libz.tbd */ = {isa = PBXFileReference; lastKnownFileType = "sourcecode.text-based-dylib-definition"; name = libz.tbd; path = usr/lib/libz.tbd; sourceTree = SDKROOT; };
		A8BF10A721ED0D15006B283A /* libresolv.tbd */ = {isa = PBXFileReference; lastKnownFileType = "sourcecode.text-based-dylib-definition"; name = libresolv.tbd; path = usr/lib/libresolv.tbd; sourceTree = SDKROOT; };
/* End PBXFileReference section */

/* Begin PBXFrameworksBuildPhase section */
		41F175661A51E22500570E30 /* Frameworks */ = {
			isa = PBXFrameworksBuildPhase;
			buildActionMask = 2147483647;
			files = (
				A8CCCFF42AE18B3300E3CCAB /* MEGASdk in Frameworks */,
			);
			runOnlyForDeploymentPostprocessing = 0;
		};
/* End PBXFrameworksBuildPhase section */

/* Begin PBXGroup section */
		410C42381A60453C00CA67D3 /* Contacts */ = {
			isa = PBXGroup;
			children = (
				410C42391A60453C00CA67D3 /* Contacts.storyboard */,
				41ABAEA01A63DD410026CEAD /* ContactsTableViewController.swift */,
				41ABAEA21A63DD710026CEAD /* ContactTableViewCell.swift */,
			);
			path = Contacts;
			sourceTree = "<group>";
		};
		41A29CD91A6528C8006B24D2 /* vendor */ = {
			isa = PBXGroup;
			children = (
				41A29D3E1A6528C8006B24D2 /* SSKeychain */,
				41A29D431A6528C8006B24D2 /* SVProgressHUD */,
			);
			name = vendor;
			path = ../../../iOS/Demo/Demo/vendor;
			sourceTree = "<group>";
		};
		41A29D3E1A6528C8006B24D2 /* SSKeychain */ = {
			isa = PBXGroup;
			children = (
				41A29D3F1A6528C8006B24D2 /* SSKeychain.h */,
				41A29D401A6528C8006B24D2 /* SSKeychain.m */,
				41A29D411A6528C8006B24D2 /* SSKeychainQuery.h */,
				41A29D421A6528C8006B24D2 /* SSKeychainQuery.m */,
			);
			path = SSKeychain;
			sourceTree = "<group>";
		};
		41A29D431A6528C8006B24D2 /* SVProgressHUD */ = {
			isa = PBXGroup;
			children = (
				41A29D441A6528C8006B24D2 /* SVProgressHUD-Prefix.pch */,
				41A29D451A6528C8006B24D2 /* SVProgressHUD.bundle */,
				41A29D461A6528C8006B24D2 /* SVProgressHUD.h */,
				41A29D471A6528C8006B24D2 /* SVProgressHUD.m */,
			);
			path = SVProgressHUD;
			sourceTree = "<group>";
		};
		41A990791A5D65A100B2094A /* CloudDrive */ = {
			isa = PBXGroup;
			children = (
				41A9907A1A5D65C100B2094A /* Cloud.storyboard */,
				41A9907C1A5D678400B2094A /* CloudDriveTableViewController.swift */,
				41A9907E1A5D8C3F00B2094A /* NodeTableViewCell.swift */,
				41B4A5B91A5EF067008B6E73 /* DetailsNodeInfoViewController.swift */,
			);
			name = CloudDrive;
			path = MEGA/CloudDrive;
			sourceTree = SOURCE_ROOT;
		};
		41AB404B1A52D66500E5E16E /* Login */ = {
			isa = PBXGroup;
			children = (
				41AB404C1A52D66500E5E16E /* Main.storyboard */,
				41AB404D1A52D66500E5E16E /* LoginViewController.swift */,
				41A990771A5D645600B2094A /* MainTabBarViewController.swift */,
			);
			path = Login;
			sourceTree = "<group>";
		};
		41B4A5B31A5E949D008B6E73 /* Utils */ = {
			isa = PBXGroup;
			children = (
				41B4A5B41A5E94B8008B6E73 /* Helper.swift */,
			);
			path = Utils;
			sourceTree = "<group>";
		};
		41C6A0421A5FD13300865971 /* Offline */ = {
			isa = PBXGroup;
			children = (
				41C6A0431A5FD13300865971 /* Offline.storyboard */,
				41C6A0451A5FD15B00865971 /* OfflineTableViewController.swift */,
			);
			path = Offline;
			sourceTree = "<group>";
		};
		41C6A0471A5FF8CC00865971 /* Settings */ = {
			isa = PBXGroup;
			children = (
				41C6A0481A5FF8CC00865971 /* Settings.storyboard */,
				41C6A04A1A5FFA9B00865971 /* SettingsViewController.swift */,
			);
			path = Settings;
			sourceTree = "<group>";
		};
		41F175601A51E22500570E30 = {
			isa = PBXGroup;
			children = (
				41F175931A51E57C00570E30 /* Frameworks */,
				41F1756B1A51E22500570E30 /* MEGA */,
				41F1756A1A51E22500570E30 /* Products */,
			);
			sourceTree = "<group>";
		};
		41F1756A1A51E22500570E30 /* Products */ = {
			isa = PBXGroup;
			children = (
				41F175691A51E22500570E30 /* MEGA.app */,
			);
			name = Products;
			sourceTree = "<group>";
		};
		41F1756B1A51E22500570E30 /* MEGA */ = {
			isa = PBXGroup;
			children = (
				41F1756E1A51E22500570E30 /* AppDelegate.swift */,
				41AB404B1A52D66500E5E16E /* Login */,
				41A990791A5D65A100B2094A /* CloudDrive */,
				41C6A0421A5FD13300865971 /* Offline */,
				410C42381A60453C00CA67D3 /* Contacts */,
				41C6A0471A5FF8CC00865971 /* Settings */,
				41A29CD91A6528C8006B24D2 /* vendor */,
				41B4A5B31A5E949D008B6E73 /* Utils */,
				41F175751A51E22500570E30 /* Images.xcassets */,
				41F175771A51E22500570E30 /* LaunchScreen.xib */,
				41F1756C1A51E22500570E30 /* Supporting Files */,
				41F175941A51E5E500570E30 /* MEGA-Bridging-Header.h */,
			);
			path = MEGA;
			sourceTree = "<group>";
		};
		41F1756C1A51E22500570E30 /* Supporting Files */ = {
			isa = PBXGroup;
			children = (
				41F1756D1A51E22500570E30 /* Info.plist */,
			);
			name = "Supporting Files";
			sourceTree = "<group>";
		};
		41F175931A51E57C00570E30 /* Frameworks */ = {
			isa = PBXGroup;
			children = (
				A8BF10A721ED0D15006B283A /* libresolv.tbd */,
				A8BF10A521ED0D0D006B283A /* libz.tbd */,
				A8BF10A321ED0D04006B283A /* libsqlite3.tbd */,
				A8BF10A121ED0CF9006B283A /* libc++.tbd */,
				A8BF109F21ED0BF7006B283A /* libMEGASDK.a */,
				A8BF109521ED0BD8006B283A /* libcares.a */,
				A8BF108F21ED0BD7006B283A /* libcrypto.a */,
				A8BF109021ED0BD7006B283A /* libcryptopp.a */,
				A8BF109121ED0BD8006B283A /* libcurl.a */,
				A8BF109421ED0BD8006B283A /* libmediainfo.a */,
				A8BF108D21ED0BD7006B283A /* libsodium.a */,
				A8BF109221ED0BD8006B283A /* libssl.a */,
				A8BF108E21ED0BD7006B283A /* libuv.a */,
				A8BF109321ED0BD8006B283A /* libzen.a */,
				41ABFDF01CBB942D00CC9D71 /* CoreMedia.framework */,
				41ABFDEE1CBB93F700CC9D71 /* AVFoundation.framework */,
				41F175A11A51F18B00570E30 /* MobileCoreServices.framework */,
				41F1759F1A51F17E00570E30 /* ImageIO.framework */,
			);
			name = Frameworks;
			sourceTree = "<group>";
		};
/* End PBXGroup section */

/* Begin PBXNativeTarget section */
		41F175681A51E22500570E30 /* MEGA */ = {
			isa = PBXNativeTarget;
			buildConfigurationList = 41F175881A51E22500570E30 /* Build configuration list for PBXNativeTarget "MEGA" */;
			buildPhases = (
				41F175651A51E22500570E30 /* Sources */,
				41F175661A51E22500570E30 /* Frameworks */,
				41F175671A51E22500570E30 /* Resources */,
			);
			buildRules = (
			);
			dependencies = (
			);
			name = MEGA;
			packageProductDependencies = (
				A8CCCFF32AE18B3300E3CCAB /* MEGASdk */,
			);
			productName = MEGA;
			productReference = 41F175691A51E22500570E30 /* MEGA.app */;
			productType = "com.apple.product-type.application";
		};
/* End PBXNativeTarget section */

/* Begin PBXProject section */
		41F175611A51E22500570E30 /* Project object */ = {
			isa = PBXProject;
			attributes = {
				BuildIndependentTargetsInParallel = YES;
				CLASSPREFIX = "";
				LastSwiftMigration = 0710;
				LastSwiftUpdateCheck = 0710;
				LastUpgradeCheck = 1500;
				ORGANIZATIONNAME = "Mega Limited";
				TargetAttributes = {
					41F175681A51E22500570E30 = {
						CreatedOnToolsVersion = 6.1.1;
						DevelopmentTeam = T9RH74Y7L9;
						LastSwiftMigration = 1500;
					};
				};
			};
			buildConfigurationList = 41F175641A51E22500570E30 /* Build configuration list for PBXProject "MEGA" */;
			compatibilityVersion = "Xcode 3.2";
			developmentRegion = en;
			hasScannedForEncodings = 0;
			knownRegions = (
				en,
				Base,
			);
			mainGroup = 41F175601A51E22500570E30;
			packageReferences = (
				A8CCCFF22AE18B3300E3CCAB /* XCLocalSwiftPackageReference "../../.." */,
			);
			productRefGroup = 41F1756A1A51E22500570E30 /* Products */;
			projectDirPath = "";
			projectRoot = "";
			targets = (
				41F175681A51E22500570E30 /* MEGA */,
			);
		};
/* End PBXProject section */

/* Begin PBXResourcesBuildPhase section */
		41F175671A51E22500570E30 /* Resources */ = {
			isa = PBXResourcesBuildPhase;
			buildActionMask = 2147483647;
			files = (
				41AB404E1A52D66500E5E16E /* Main.storyboard in Resources */,
				41C6A0441A5FD13300865971 /* Offline.storyboard in Resources */,
				41F175791A51E22500570E30 /* LaunchScreen.xib in Resources */,
				41C6A0491A5FF8CC00865971 /* Settings.storyboard in Resources */,
				41A29D751A6528C8006B24D2 /* SVProgressHUD.bundle in Resources */,
				41A9907B1A5D65C100B2094A /* Cloud.storyboard in Resources */,
				410C423A1A60453C00CA67D3 /* Contacts.storyboard in Resources */,
				41F175761A51E22500570E30 /* Images.xcassets in Resources */,
			);
			runOnlyForDeploymentPostprocessing = 0;
		};
/* End PBXResourcesBuildPhase section */

/* Begin PBXSourcesBuildPhase section */
		41F175651A51E22500570E30 /* Sources */ = {
			isa = PBXSourcesBuildPhase;
			buildActionMask = 2147483647;
			files = (
				41A990781A5D645600B2094A /* MainTabBarViewController.swift in Sources */,
				41A9907F1A5D8C3F00B2094A /* NodeTableViewCell.swift in Sources */,
				41A29D741A6528C8006B24D2 /* SSKeychainQuery.m in Sources */,
				41ABAEA31A63DD710026CEAD /* ContactTableViewCell.swift in Sources */,
				41A29D731A6528C8006B24D2 /* SSKeychain.m in Sources */,
				41ABAEA11A63DD410026CEAD /* ContactsTableViewController.swift in Sources */,
				41C6A0461A5FD15B00865971 /* OfflineTableViewController.swift in Sources */,
				41AB404F1A52D66500E5E16E /* LoginViewController.swift in Sources */,
				41A9907D1A5D678400B2094A /* CloudDriveTableViewController.swift in Sources */,
				41F1756F1A51E22500570E30 /* AppDelegate.swift in Sources */,
				41B4A5BA1A5EF067008B6E73 /* DetailsNodeInfoViewController.swift in Sources */,
				41A29D761A6528C8006B24D2 /* SVProgressHUD.m in Sources */,
				41B4A5B51A5E94B8008B6E73 /* Helper.swift in Sources */,
				41C6A04B1A5FFA9B00865971 /* SettingsViewController.swift in Sources */,
			);
			runOnlyForDeploymentPostprocessing = 0;
		};
/* End PBXSourcesBuildPhase section */

/* Begin PBXVariantGroup section */
		41F175771A51E22500570E30 /* LaunchScreen.xib */ = {
			isa = PBXVariantGroup;
			children = (
				41F175781A51E22500570E30 /* Base */,
			);
			name = LaunchScreen.xib;
			sourceTree = "<group>";
		};
/* End PBXVariantGroup section */

/* Begin XCBuildConfiguration section */
		41F175861A51E22500570E30 /* Debug */ = {
			isa = XCBuildConfiguration;
			buildSettings = {
				ALWAYS_SEARCH_USER_PATHS = YES;
				CLANG_CXX_LANGUAGE_STANDARD = "gnu++0x";
				CLANG_CXX_LIBRARY = "libc++";
				CLANG_ENABLE_MODULES = YES;
				CLANG_ENABLE_OBJC_ARC = YES;
				CLANG_WARN_BLOCK_CAPTURE_AUTORELEASING = YES;
				CLANG_WARN_BOOL_CONVERSION = YES;
				CLANG_WARN_COMMA = YES;
				CLANG_WARN_CONSTANT_CONVERSION = YES;
				CLANG_WARN_DEPRECATED_OBJC_IMPLEMENTATIONS = YES;
				CLANG_WARN_DIRECT_OBJC_ISA_USAGE = YES_ERROR;
				CLANG_WARN_EMPTY_BODY = YES;
				CLANG_WARN_ENUM_CONVERSION = YES;
				CLANG_WARN_INFINITE_RECURSION = YES;
				CLANG_WARN_INT_CONVERSION = YES;
				CLANG_WARN_NON_LITERAL_NULL_CONVERSION = YES;
				CLANG_WARN_OBJC_IMPLICIT_RETAIN_SELF = YES;
				CLANG_WARN_OBJC_LITERAL_CONVERSION = YES;
				CLANG_WARN_OBJC_ROOT_CLASS = YES_ERROR;
				CLANG_WARN_QUOTED_INCLUDE_IN_FRAMEWORK_HEADER = YES;
				CLANG_WARN_RANGE_LOOP_ANALYSIS = YES;
				CLANG_WARN_STRICT_PROTOTYPES = YES;
				CLANG_WARN_SUSPICIOUS_MOVE = YES;
				CLANG_WARN_UNREACHABLE_CODE = YES;
				CLANG_WARN__DUPLICATE_METHOD_MATCH = YES;
				"CODE_SIGN_IDENTITY[sdk=iphoneos*]" = "iPhone Developer";
				COPY_PHASE_STRIP = NO;
				ENABLE_BITCODE = NO;
				ENABLE_STRICT_OBJC_MSGSEND = YES;
				ENABLE_TESTABILITY = YES;
				ENABLE_USER_SCRIPT_SANDBOXING = YES;
				GCC_C_LANGUAGE_STANDARD = gnu99;
				GCC_DYNAMIC_NO_PIC = NO;
				GCC_NO_COMMON_BLOCKS = YES;
				GCC_OPTIMIZATION_LEVEL = 0;
				GCC_PREPROCESSOR_DEFINITIONS = (
					"DEBUG=1",
					"$(inherited)",
				);
				GCC_SYMBOLS_PRIVATE_EXTERN = NO;
				GCC_WARN_64_TO_32_BIT_CONVERSION = YES;
				GCC_WARN_ABOUT_RETURN_TYPE = YES_ERROR;
				GCC_WARN_UNDECLARED_SELECTOR = YES;
				GCC_WARN_UNINITIALIZED_AUTOS = YES_AGGRESSIVE;
				GCC_WARN_UNUSED_FUNCTION = YES;
				GCC_WARN_UNUSED_VARIABLE = YES;
				IPHONEOS_DEPLOYMENT_TARGET = 14.0;
				MTL_ENABLE_DEBUG_INFO = YES;
				ONLY_ACTIVE_ARCH = YES;
				SDKROOT = iphoneos;
				SWIFT_OPTIMIZATION_LEVEL = "-Onone";
				TARGETED_DEVICE_FAMILY = "1,2";
			};
			name = Debug;
		};
		41F175871A51E22500570E30 /* Release */ = {
			isa = XCBuildConfiguration;
			buildSettings = {
				ALWAYS_SEARCH_USER_PATHS = YES;
				CLANG_CXX_LANGUAGE_STANDARD = "gnu++0x";
				CLANG_CXX_LIBRARY = "libc++";
				CLANG_ENABLE_MODULES = YES;
				CLANG_ENABLE_OBJC_ARC = YES;
				CLANG_WARN_BLOCK_CAPTURE_AUTORELEASING = YES;
				CLANG_WARN_BOOL_CONVERSION = YES;
				CLANG_WARN_COMMA = YES;
				CLANG_WARN_CONSTANT_CONVERSION = YES;
				CLANG_WARN_DEPRECATED_OBJC_IMPLEMENTATIONS = YES;
				CLANG_WARN_DIRECT_OBJC_ISA_USAGE = YES_ERROR;
				CLANG_WARN_EMPTY_BODY = YES;
				CLANG_WARN_ENUM_CONVERSION = YES;
				CLANG_WARN_INFINITE_RECURSION = YES;
				CLANG_WARN_INT_CONVERSION = YES;
				CLANG_WARN_NON_LITERAL_NULL_CONVERSION = YES;
				CLANG_WARN_OBJC_IMPLICIT_RETAIN_SELF = YES;
				CLANG_WARN_OBJC_LITERAL_CONVERSION = YES;
				CLANG_WARN_OBJC_ROOT_CLASS = YES_ERROR;
				CLANG_WARN_QUOTED_INCLUDE_IN_FRAMEWORK_HEADER = YES;
				CLANG_WARN_RANGE_LOOP_ANALYSIS = YES;
				CLANG_WARN_STRICT_PROTOTYPES = YES;
				CLANG_WARN_SUSPICIOUS_MOVE = YES;
				CLANG_WARN_UNREACHABLE_CODE = YES;
				CLANG_WARN__DUPLICATE_METHOD_MATCH = YES;
				"CODE_SIGN_IDENTITY[sdk=iphoneos*]" = "iPhone Developer";
				COPY_PHASE_STRIP = YES;
				ENABLE_BITCODE = NO;
				ENABLE_NS_ASSERTIONS = NO;
				ENABLE_STRICT_OBJC_MSGSEND = YES;
				ENABLE_USER_SCRIPT_SANDBOXING = YES;
				GCC_C_LANGUAGE_STANDARD = gnu99;
				GCC_NO_COMMON_BLOCKS = YES;
				GCC_WARN_64_TO_32_BIT_CONVERSION = YES;
				GCC_WARN_ABOUT_RETURN_TYPE = YES_ERROR;
				GCC_WARN_UNDECLARED_SELECTOR = YES;
				GCC_WARN_UNINITIALIZED_AUTOS = YES_AGGRESSIVE;
				GCC_WARN_UNUSED_FUNCTION = YES;
				GCC_WARN_UNUSED_VARIABLE = YES;
				IPHONEOS_DEPLOYMENT_TARGET = 14.0;
				MTL_ENABLE_DEBUG_INFO = NO;
				SDKROOT = iphoneos;
				SWIFT_COMPILATION_MODE = wholemodule;
				TARGETED_DEVICE_FAMILY = "1,2";
				VALIDATE_PRODUCT = YES;
			};
			name = Release;
		};
		41F175891A51E22500570E30 /* Debug */ = {
			isa = XCBuildConfiguration;
			buildSettings = {
				ASSETCATALOG_COMPILER_APPICON_NAME = AppIcon;
				DEVELOPMENT_TEAM = T9RH74Y7L9;
				INFOPLIST_FILE = MEGA/Info.plist;
				IPHONEOS_DEPLOYMENT_TARGET = 14.0;
				LD_RUNPATH_SEARCH_PATHS = (
					"$(inherited)",
					"@executable_path/Frameworks",
				);
				LIBRARY_SEARCH_PATHS = (
					"$(inherited)",
					"$(PROJECT_DIR)/../../../bindings/ios/3rdparty/lib",
				);
				PRODUCT_BUNDLE_IDENTIFIER = "nz.mega.$(PRODUCT_NAME:rfc1034identifier)";
				PRODUCT_NAME = "$(TARGET_NAME)";
				SWIFT_OBJC_BRIDGING_HEADER = "$(SRCROOT)/MEGA/MEGA-Bridging-Header.h";
				SWIFT_SWIFT3_OBJC_INFERENCE = Default;
				SWIFT_VERSION = 5.0;
				USER_HEADER_SEARCH_PATHS = (
					../../../bindings/ios,
					../../../include,
				);
			};
			name = Debug;
		};
		41F1758A1A51E22500570E30 /* Release */ = {
			isa = XCBuildConfiguration;
			buildSettings = {
				ASSETCATALOG_COMPILER_APPICON_NAME = AppIcon;
				DEVELOPMENT_TEAM = T9RH74Y7L9;
				INFOPLIST_FILE = MEGA/Info.plist;
				IPHONEOS_DEPLOYMENT_TARGET = 14.0;
				LD_RUNPATH_SEARCH_PATHS = (
					"$(inherited)",
					"@executable_path/Frameworks",
				);
				LIBRARY_SEARCH_PATHS = (
					"$(inherited)",
					"$(PROJECT_DIR)/../../../bindings/ios/3rdparty/lib",
				);
				PRODUCT_BUNDLE_IDENTIFIER = "nz.mega.$(PRODUCT_NAME:rfc1034identifier)";
				PRODUCT_NAME = "$(TARGET_NAME)";
				SWIFT_OBJC_BRIDGING_HEADER = "$(SRCROOT)/MEGA/MEGA-Bridging-Header.h";
				SWIFT_SWIFT3_OBJC_INFERENCE = Default;
				SWIFT_VERSION = 5.0;
				USER_HEADER_SEARCH_PATHS = (
					../../../bindings/ios,
					../../../include,
				);
			};
			name = Release;
		};
/* End XCBuildConfiguration section */

/* Begin XCConfigurationList section */
		41F175641A51E22500570E30 /* Build configuration list for PBXProject "MEGA" */ = {
			isa = XCConfigurationList;
			buildConfigurations = (
				41F175861A51E22500570E30 /* Debug */,
				41F175871A51E22500570E30 /* Release */,
			);
			defaultConfigurationIsVisible = 0;
			defaultConfigurationName = Release;
		};
		41F175881A51E22500570E30 /* Build configuration list for PBXNativeTarget "MEGA" */ = {
			isa = XCConfigurationList;
			buildConfigurations = (
				41F175891A51E22500570E30 /* Debug */,
				41F1758A1A51E22500570E30 /* Release */,
			);
			defaultConfigurationIsVisible = 0;
			defaultConfigurationName = Release;
		};
/* End XCConfigurationList section */

/* Begin XCLocalSwiftPackageReference section */
		A8CCCFF22AE18B3300E3CCAB /* XCLocalSwiftPackageReference "../../.." */ = {
			isa = XCLocalSwiftPackageReference;
			relativePath = ../../..;
		};
/* End XCLocalSwiftPackageReference section */

/* Begin XCSwiftPackageProductDependency section */
		A8CCCFF32AE18B3300E3CCAB /* MEGASdk */ = {
			isa = XCSwiftPackageProductDependency;
			productName = MEGASdk;
		};
/* End XCSwiftPackageProductDependency section */
	};
	rootObject = 41F175611A51E22500570E30 /* Project object */;
}
