// !$*UTF8*$!
{
	archiveVersion = 1;
	classes = {
	};
	objectVersion = 46;
	objects = {

/* Begin PBXBuildFile section */
		4148209A1C561CB500552E76 /* mega_http_parser.cpp in Sources */ = {isa = PBXBuildFile; fileRef = 414820991C561CB500552E76 /* mega_http_parser.cpp */; };
		418412731BA1A06600D94E72 /* MEGADataInputStream.mm in Sources */ = {isa = PBXBuildFile; fileRef = 418412721BA1A06600D94E72 /* MEGADataInputStream.mm */; };
		41A990731A5D305700B2094A /* mega_utf8proc.cpp in Sources */ = {isa = PBXBuildFile; fileRef = 41A990721A5D305700B2094A /* mega_utf8proc.cpp */; };
		41AB68F21A094194003FE608 /* GfxProcCG.mm in Sources */ = {isa = PBXBuildFile; fileRef = 41AB68F11A094194003FE608 /* GfxProcCG.mm */; };
		41AD7A7E1A1E10F900D66856 /* DelegateMEGALoggerListener.mm in Sources */ = {isa = PBXBuildFile; fileRef = 41AD7A7C1A1E10F900D66856 /* DelegateMEGALoggerListener.mm */; };
		41B2AED91A0A859C006C40FB /* DelegateMEGAGlobalListener.mm in Sources */ = {isa = PBXBuildFile; fileRef = 41B2AED21A0A859C006C40FB /* DelegateMEGAGlobalListener.mm */; };
		41B2AEDA1A0A859C006C40FB /* DelegateMEGAListener.mm in Sources */ = {isa = PBXBuildFile; fileRef = 41B2AED41A0A859C006C40FB /* DelegateMEGAListener.mm */; };
		41B2AEDB1A0A859C006C40FB /* DelegateMEGARequestListener.mm in Sources */ = {isa = PBXBuildFile; fileRef = 41B2AED61A0A859C006C40FB /* DelegateMEGARequestListener.mm */; };
		41B2AEDC1A0A859C006C40FB /* DelegateMEGATransferListener.mm in Sources */ = {isa = PBXBuildFile; fileRef = 41B2AED81A0A859C006C40FB /* DelegateMEGATransferListener.mm */; };
		41B538CC1A0284CB00EABDC9 /* MEGAPricing.mm in Sources */ = {isa = PBXBuildFile; fileRef = 41B538CB1A0284CB00EABDC9 /* MEGAPricing.mm */; };
		41D143DA1B5FC053000CA86F /* pendingcontactrequest.cpp in Sources */ = {isa = PBXBuildFile; fileRef = 41D143D91B5FC053000CA86F /* pendingcontactrequest.cpp */; };
		41D98D011BD54B5200764370 /* MEGAContactRequest.mm in Sources */ = {isa = PBXBuildFile; fileRef = 41D98D001BD54B5200764370 /* MEGAContactRequest.mm */; };
		41D98D071BD562AD00764370 /* MEGAContactRequestList.mm in Sources */ = {isa = PBXBuildFile; fileRef = 41D98D061BD562AD00764370 /* MEGAContactRequestList.mm */; };
		5B1D7CE221F1E07200B0215E /* MEGARecentActionBucket.mm in Sources */ = {isa = PBXBuildFile; fileRef = 5B1D7CE121F1E07200B0215E /* MEGARecentActionBucket.mm */; };
		5B23B77C2164FC7C00600733 /* MEGAUserAlert.mm in Sources */ = {isa = PBXBuildFile; fileRef = 5B23B77A2164FC7C00600733 /* MEGAUserAlert.mm */; };
		5B23B77D2164FC7C00600733 /* MEGAUserAlertList.mm in Sources */ = {isa = PBXBuildFile; fileRef = 5B23B77B2164FC7C00600733 /* MEGAUserAlertList.mm */; };
		5B72A14D20D3B3FB007FE4FD /* mega_ccronexpr.cpp in Sources */ = {isa = PBXBuildFile; fileRef = 5B72A14C20D3B3FB007FE4FD /* mega_ccronexpr.cpp */; };
		7765A76720528445004C2FEB /* mega_evt_tls.cpp in Sources */ = {isa = PBXBuildFile; fileRef = 7765A76620528445004C2FEB /* mega_evt_tls.cpp */; };
		940BEFB719ED92C2007E7FA2 /* attrmap.cpp in Sources */ = {isa = PBXBuildFile; fileRef = 940BEF9819ED92C2007E7FA2 /* attrmap.cpp */; };
		940BEFB819ED92C2007E7FA2 /* backofftimer.cpp in Sources */ = {isa = PBXBuildFile; fileRef = 940BEF9919ED92C2007E7FA2 /* backofftimer.cpp */; };
		940BEFB919ED92C2007E7FA2 /* base64.cpp in Sources */ = {isa = PBXBuildFile; fileRef = 940BEF9A19ED92C2007E7FA2 /* base64.cpp */; };
		940BEFBA19ED92C2007E7FA2 /* command.cpp in Sources */ = {isa = PBXBuildFile; fileRef = 940BEF9B19ED92C2007E7FA2 /* command.cpp */; };
		940BEFBB19ED92C2007E7FA2 /* commands.cpp in Sources */ = {isa = PBXBuildFile; fileRef = 940BEF9C19ED92C2007E7FA2 /* commands.cpp */; };
		940BEFBC19ED92C2007E7FA2 /* db.cpp in Sources */ = {isa = PBXBuildFile; fileRef = 940BEF9D19ED92C2007E7FA2 /* db.cpp */; };
		940BEFBD19ED92C2007E7FA2 /* file.cpp in Sources */ = {isa = PBXBuildFile; fileRef = 940BEF9E19ED92C2007E7FA2 /* file.cpp */; };
		BECAAD977F5F4092A01CCE5D /* filter.cpp in Sources */ = {isa = PBXBuildFile; fileRef = 6D278C4CACCF44D99ACFC056 /* filter.cpp */; };
		940BEFBE19ED92C2007E7FA2 /* fileattributefetch.cpp in Sources */ = {isa = PBXBuildFile; fileRef = 940BEF9F19ED92C2007E7FA2 /* fileattributefetch.cpp */; };
		940BEFBF19ED92C2007E7FA2 /* filefingerprint.cpp in Sources */ = {isa = PBXBuildFile; fileRef = 940BEFA019ED92C2007E7FA2 /* filefingerprint.cpp */; };
		940BEFC019ED92C2007E7FA2 /* filesystem.cpp in Sources */ = {isa = PBXBuildFile; fileRef = 940BEFA119ED92C2007E7FA2 /* filesystem.cpp */; };
		940BEFC119ED92C2007E7FA2 /* gfx.cpp in Sources */ = {isa = PBXBuildFile; fileRef = 940BEFA219ED92C2007E7FA2 /* gfx.cpp */; };
		940BEFC219ED92C2007E7FA2 /* http.cpp in Sources */ = {isa = PBXBuildFile; fileRef = 940BEFA319ED92C2007E7FA2 /* http.cpp */; };
		940BEFC319ED92C2007E7FA2 /* json.cpp in Sources */ = {isa = PBXBuildFile; fileRef = 940BEFA419ED92C2007E7FA2 /* json.cpp */; };
		940BEFC419ED92C2007E7FA2 /* logging.cpp in Sources */ = {isa = PBXBuildFile; fileRef = 940BEFA519ED92C2007E7FA2 /* logging.cpp */; };
		940BEFC519ED92C2007E7FA2 /* megaapi_impl.cpp in Sources */ = {isa = PBXBuildFile; fileRef = 940BEFA619ED92C2007E7FA2 /* megaapi_impl.cpp */; };
		940BEFC619ED92C2007E7FA2 /* megaapi.cpp in Sources */ = {isa = PBXBuildFile; fileRef = 940BEFA719ED92C2007E7FA2 /* megaapi.cpp */; };
		940BEFC719ED92C2007E7FA2 /* megaclient.cpp in Sources */ = {isa = PBXBuildFile; fileRef = 940BEFA819ED92C2007E7FA2 /* megaclient.cpp */; };
		940BEFC819ED92C2007E7FA2 /* node.cpp in Sources */ = {isa = PBXBuildFile; fileRef = 940BEFA919ED92C2007E7FA2 /* node.cpp */; };
		940BEFC919ED92C2007E7FA2 /* proxy.cpp in Sources */ = {isa = PBXBuildFile; fileRef = 940BEFAA19ED92C2007E7FA2 /* proxy.cpp */; };
		940BEFCA19ED92C2007E7FA2 /* pubkeyaction.cpp in Sources */ = {isa = PBXBuildFile; fileRef = 940BEFAB19ED92C2007E7FA2 /* pubkeyaction.cpp */; };
		940BEFCB19ED92C2007E7FA2 /* request.cpp in Sources */ = {isa = PBXBuildFile; fileRef = 940BEFAC19ED92C2007E7FA2 /* request.cpp */; };
		940BEFCC19ED92C2007E7FA2 /* serialize64.cpp in Sources */ = {isa = PBXBuildFile; fileRef = 940BEFAD19ED92C2007E7FA2 /* serialize64.cpp */; };
		940BEFCD19ED92C2007E7FA2 /* share.cpp in Sources */ = {isa = PBXBuildFile; fileRef = 940BEFAE19ED92C2007E7FA2 /* share.cpp */; };
		940BEFCE19ED92C2007E7FA2 /* sharenodekeys.cpp in Sources */ = {isa = PBXBuildFile; fileRef = 940BEFAF19ED92C2007E7FA2 /* sharenodekeys.cpp */; };
		940BEFCF19ED92C2007E7FA2 /* sync.cpp in Sources */ = {isa = PBXBuildFile; fileRef = 940BEFB019ED92C2007E7FA2 /* sync.cpp */; };
		940BEFD019ED92C2007E7FA2 /* transfer.cpp in Sources */ = {isa = PBXBuildFile; fileRef = 940BEFB119ED92C2007E7FA2 /* transfer.cpp */; };
		940BEFD119ED92C2007E7FA2 /* transferslot.cpp in Sources */ = {isa = PBXBuildFile; fileRef = 940BEFB219ED92C2007E7FA2 /* transferslot.cpp */; };
		940BEFD219ED92C2007E7FA2 /* treeproc.cpp in Sources */ = {isa = PBXBuildFile; fileRef = 940BEFB319ED92C2007E7FA2 /* treeproc.cpp */; };
		940BEFD319ED92C2007E7FA2 /* user.cpp in Sources */ = {isa = PBXBuildFile; fileRef = 940BEFB419ED92C2007E7FA2 /* user.cpp */; };
		940BEFD419ED92C2007E7FA2 /* utils.cpp in Sources */ = {isa = PBXBuildFile; fileRef = 940BEFB519ED92C2007E7FA2 /* utils.cpp */; };
		940BEFD519ED92C2007E7FA2 /* waiterbase.cpp in Sources */ = {isa = PBXBuildFile; fileRef = 940BEFB619ED92C2007E7FA2 /* waiterbase.cpp */; };
		940BEFEA19ED9351007E7FA2 /* cryptopp.cpp in Sources */ = {isa = PBXBuildFile; fileRef = 940BEFD719ED9351007E7FA2 /* cryptopp.cpp */; };
		940BEFEB19ED9351007E7FA2 /* sodium.cpp in Sources */ = {isa = PBXBuildFile; fileRef = 940BEFD819ED9351007E7FA2 /* sodium.cpp */; };
		940BEFED19ED9351007E7FA2 /* sqlite.cpp in Sources */ = {isa = PBXBuildFile; fileRef = 940BEFDB19ED9351007E7FA2 /* sqlite.cpp */; };
		940BEFEE19ED9351007E7FA2 /* external.cpp in Sources */ = {isa = PBXBuildFile; fileRef = 940BEFDD19ED9351007E7FA2 /* external.cpp */; };
		940BEFF119ED9351007E7FA2 /* console.cpp in Sources */ = {isa = PBXBuildFile; fileRef = 940BEFE119ED9351007E7FA2 /* console.cpp */; };
		940BEFF219ED9351007E7FA2 /* consolewaiter.cpp in Sources */ = {isa = PBXBuildFile; fileRef = 940BEFE219ED9351007E7FA2 /* consolewaiter.cpp */; };
		940BEFF319ED9351007E7FA2 /* fs.cpp in Sources */ = {isa = PBXBuildFile; fileRef = 940BEFE319ED9351007E7FA2 /* fs.cpp */; };
		940BEFF419ED9351007E7FA2 /* net.cpp in Sources */ = {isa = PBXBuildFile; fileRef = 940BEFE419ED9351007E7FA2 /* net.cpp */; };
		940BEFF519ED9351007E7FA2 /* waiter.cpp in Sources */ = {isa = PBXBuildFile; fileRef = 940BEFE519ED9351007E7FA2 /* waiter.cpp */; };
		940BEFF719ED9351007E7FA2 /* posixthread.cpp in Sources */ = {isa = PBXBuildFile; fileRef = 940BEFE819ED9351007E7FA2 /* posixthread.cpp */; };
		940BF00E19ED97B9007E7FA2 /* MEGAAccountDetails.mm in Sources */ = {isa = PBXBuildFile; fileRef = 940BEFFE19ED97B9007E7FA2 /* MEGAAccountDetails.mm */; };
		940BF00F19ED97B9007E7FA2 /* MEGASdk.mm in Sources */ = {isa = PBXBuildFile; fileRef = 940BEFFF19ED97B9007E7FA2 /* MEGASdk.mm */; };
		940BF01019ED97B9007E7FA2 /* MEGAError.mm in Sources */ = {isa = PBXBuildFile; fileRef = 940BF00019ED97B9007E7FA2 /* MEGAError.mm */; };
		940BF01119ED97B9007E7FA2 /* MEGANode.mm in Sources */ = {isa = PBXBuildFile; fileRef = 940BF00119ED97B9007E7FA2 /* MEGANode.mm */; };
		940BF01219ED97B9007E7FA2 /* MEGANodeList.mm in Sources */ = {isa = PBXBuildFile; fileRef = 940BF00219ED97B9007E7FA2 /* MEGANodeList.mm */; };
		940BF01319ED97B9007E7FA2 /* MEGARequest.mm in Sources */ = {isa = PBXBuildFile; fileRef = 940BF00319ED97B9007E7FA2 /* MEGARequest.mm */; };
		940BF01419ED97B9007E7FA2 /* MEGAShare.mm in Sources */ = {isa = PBXBuildFile; fileRef = 940BF00419ED97B9007E7FA2 /* MEGAShare.mm */; };
		940BF01519ED97B9007E7FA2 /* MEGAShareList.mm in Sources */ = {isa = PBXBuildFile; fileRef = 940BF00519ED97B9007E7FA2 /* MEGAShareList.mm */; };
		940BF01619ED97B9007E7FA2 /* MEGATransfer.mm in Sources */ = {isa = PBXBuildFile; fileRef = 940BF00619ED97B9007E7FA2 /* MEGATransfer.mm */; };
		940BF01719ED97B9007E7FA2 /* MEGATransferList.mm in Sources */ = {isa = PBXBuildFile; fileRef = 940BF00719ED97B9007E7FA2 /* MEGATransferList.mm */; };
		940BF01819ED97B9007E7FA2 /* MEGAUser.mm in Sources */ = {isa = PBXBuildFile; fileRef = 940BF00819ED97B9007E7FA2 /* MEGAUser.mm */; };
		940BF01919ED97B9007E7FA2 /* MEGAUserList.mm in Sources */ = {isa = PBXBuildFile; fileRef = 940BF00919ED97B9007E7FA2 /* MEGAUserList.mm */; };
		A81790101EFACE6400110E91 /* MEGAHandleList.mm in Sources */ = {isa = PBXBuildFile; fileRef = A817900F1EFACE6400110E91 /* MEGAHandleList.mm */; };
		A81790151EFADDDE00110E91 /* MEGAEvent.mm in Sources */ = {isa = PBXBuildFile; fileRef = A81790141EFADDDE00110E91 /* MEGAEvent.mm */; };
		A820A30A2155111C00C8B6A5 /* MEGATimeZoneDetails.mm in Sources */ = {isa = PBXBuildFile; fileRef = A820A3092155111C00C8B6A5 /* MEGATimeZoneDetails.mm */; };
		A827F4DD204D3D14006A1962 /* MEGAFolderInfo.mm in Sources */ = {isa = PBXBuildFile; fileRef = A827F4DC204D3D14006A1962 /* MEGAFolderInfo.mm */; };
		A8464B201F25F53A00102C75 /* MEGAChildrenLists.mm in Sources */ = {isa = PBXBuildFile; fileRef = A8464B1F1F25F53A00102C75 /* MEGAChildrenLists.mm */; };
		A87843F5215D078700E809EB /* useralerts.cpp in Sources */ = {isa = PBXBuildFile; fileRef = A87843F4215D078700E809EB /* useralerts.cpp */; };
		A87D979F1F4ACF5100A98C0E /* MEGAAchievementsDetails.mm in Sources */ = {isa = PBXBuildFile; fileRef = A87D979E1F4ACF5100A98C0E /* MEGAAchievementsDetails.mm */; };
		A87D97A21F4AD49B00A98C0E /* MEGAStringList.mm in Sources */ = {isa = PBXBuildFile; fileRef = A87D97A11F4AD49B00A98C0E /* MEGAStringList.mm */; };
		A8827A5C1F178A0D0097B5DE /* DelegateMEGATreeProcessorListener.mm in Sources */ = {isa = PBXBuildFile; fileRef = A8827A5B1F178A0D0097B5DE /* DelegateMEGATreeProcessorListener.mm */; };
		A88722DC1FFE6A8B00E3F443 /* mediafileattribute.cpp in Sources */ = {isa = PBXBuildFile; fileRef = A88722DB1FFE6A8A00E3F443 /* mediafileattribute.cpp */; };
		A8A86BD51F559EDA00C214DA /* mega_zxcvbn.cpp in Sources */ = {isa = PBXBuildFile; fileRef = A8A86BD41F559EDA00C214DA /* mega_zxcvbn.cpp */; };
		A8C45FD7237AB61A00342F36 /* testhooks.cpp in Sources */ = {isa = PBXBuildFile; fileRef = A8C45FD6237AB61A00342F36 /* testhooks.cpp */; };
		A8FD7334230ABA400070A5E8 /* MEGACancelToken.mm in Sources */ = {isa = PBXBuildFile; fileRef = A8FD7333230ABA400070A5E8 /* MEGACancelToken.mm */; };
		A8FD7B641E93B40E0031FC50 /* osxutils.mm in Sources */ = {isa = PBXBuildFile; fileRef = A8FD7B631E93B40E0031FC50 /* osxutils.mm */; };
		B6657E9C225C2B6200EF8D91 /* raid.cpp in Sources */ = {isa = PBXBuildFile; fileRef = B6657E9B225C2B6200EF8D91 /* raid.cpp */; };
		B698890D2198CCE300D0EE89 /* MEGAFileInputStream.mm in Sources */ = {isa = PBXBuildFile; fileRef = B698890B2198CCE300D0EE89 /* MEGAFileInputStream.mm */; };
		B6A6CB662170125A009032C9 /* MEGABackgroundMediaUpload.mm in Sources */ = {isa = PBXBuildFile; fileRef = B6A6CB652170125A009032C9 /* MEGABackgroundMediaUpload.mm */; };
		BFD7F5172341B3A60039A6EE /* MEGAPushNotificationSettings.mm in Sources */ = {isa = PBXBuildFile; fileRef = BFD7F5162341B3A60039A6EE /* MEGAPushNotificationSettings.mm */; };
/* End PBXBuildFile section */

/* Begin PBXCopyFilesBuildPhase section */
		9472044119ED916F00F6805F /* CopyFiles */ = {
			isa = PBXCopyFilesBuildPhase;
			buildActionMask = 2147483647;
			dstPath = "include/$(PRODUCT_NAME)";
			dstSubfolderSpec = 16;
			files = (
			);
			runOnlyForDeploymentPostprocessing = 0;
		};
/* End PBXCopyFilesBuildPhase section */

/* Begin PBXFileReference section */
		414820951C523B2D00552E76 /* mega_http_parser.h */ = {isa = PBXFileReference; fileEncoding = 4; lastKnownFileType = sourcecode.c.h; path = mega_http_parser.h; sourceTree = "<group>"; };
		414820961C523B2D00552E76 /* pendingcontactrequest.h */ = {isa = PBXFileReference; fileEncoding = 4; lastKnownFileType = sourcecode.c.h; path = pendingcontactrequest.h; sourceTree = "<group>"; };
		414820991C561CB500552E76 /* mega_http_parser.cpp */ = {isa = PBXFileReference; fileEncoding = 4; lastKnownFileType = sourcecode.cpp.cpp; name = mega_http_parser.cpp; path = ../../src/mega_http_parser.cpp; sourceTree = "<group>"; };
		418412711BA1A06600D94E72 /* MEGADataInputStream.h */ = {isa = PBXFileReference; fileEncoding = 4; lastKnownFileType = sourcecode.c.h; path = MEGADataInputStream.h; sourceTree = "<group>"; };
		418412721BA1A06600D94E72 /* MEGADataInputStream.mm */ = {isa = PBXFileReference; fileEncoding = 4; lastKnownFileType = sourcecode.cpp.objcpp; path = MEGADataInputStream.mm; sourceTree = "<group>"; };
		41A990721A5D305700B2094A /* mega_utf8proc.cpp */ = {isa = PBXFileReference; fileEncoding = 4; lastKnownFileType = sourcecode.cpp.cpp; name = mega_utf8proc.cpp; path = ../../src/mega_utf8proc.cpp; sourceTree = "<group>"; };
		41AA739B1A56B246008601DD /* MEGAAccountDetails+init.h */ = {isa = PBXFileReference; fileEncoding = 4; lastKnownFileType = sourcecode.c.h; path = "MEGAAccountDetails+init.h"; sourceTree = "<group>"; };
		41AB68ED1A093C3D003FE608 /* MEGASdk+init.h */ = {isa = PBXFileReference; fileEncoding = 4; lastKnownFileType = sourcecode.c.h; path = "MEGASdk+init.h"; sourceTree = "<group>"; };
		41AB68F11A094194003FE608 /* GfxProcCG.mm */ = {isa = PBXFileReference; fileEncoding = 4; lastKnownFileType = sourcecode.cpp.objcpp; path = GfxProcCG.mm; sourceTree = "<group>"; };
		41AD7A7B1A1E0F1B00D66856 /* MEGALoggerDelegate.h */ = {isa = PBXFileReference; fileEncoding = 4; lastKnownFileType = sourcecode.c.h; path = MEGALoggerDelegate.h; sourceTree = "<group>"; };
		41AD7A7C1A1E10F900D66856 /* DelegateMEGALoggerListener.mm */ = {isa = PBXFileReference; fileEncoding = 4; lastKnownFileType = sourcecode.cpp.objcpp; path = DelegateMEGALoggerListener.mm; sourceTree = "<group>"; };
		41AD7A7D1A1E10F900D66856 /* DelegateMEGALoggerListener.h */ = {isa = PBXFileReference; fileEncoding = 4; lastKnownFileType = sourcecode.c.h; path = DelegateMEGALoggerListener.h; sourceTree = "<group>"; };
		41B0CE781A038EB9008D6044 /* MEGAPricing+init.h */ = {isa = PBXFileReference; fileEncoding = 4; lastKnownFileType = sourcecode.c.h; path = "MEGAPricing+init.h"; sourceTree = "<group>"; };
		41B2AED11A0A859C006C40FB /* DelegateMEGAGlobalListener.h */ = {isa = PBXFileReference; fileEncoding = 4; lastKnownFileType = sourcecode.c.h; lineEnding = 0; path = DelegateMEGAGlobalListener.h; sourceTree = "<group>"; xcLanguageSpecificationIdentifier = xcode.lang.objcpp; };
		41B2AED21A0A859C006C40FB /* DelegateMEGAGlobalListener.mm */ = {isa = PBXFileReference; fileEncoding = 4; lastKnownFileType = sourcecode.cpp.objcpp; lineEnding = 0; path = DelegateMEGAGlobalListener.mm; sourceTree = "<group>"; xcLanguageSpecificationIdentifier = xcode.lang.objcpp; };
		41B2AED31A0A859C006C40FB /* DelegateMEGAListener.h */ = {isa = PBXFileReference; fileEncoding = 4; lastKnownFileType = sourcecode.c.h; lineEnding = 0; path = DelegateMEGAListener.h; sourceTree = "<group>"; xcLanguageSpecificationIdentifier = xcode.lang.objcpp; };
		41B2AED41A0A859C006C40FB /* DelegateMEGAListener.mm */ = {isa = PBXFileReference; fileEncoding = 4; lastKnownFileType = sourcecode.cpp.objcpp; lineEnding = 0; path = DelegateMEGAListener.mm; sourceTree = "<group>"; xcLanguageSpecificationIdentifier = xcode.lang.objcpp; };
		41B2AED51A0A859C006C40FB /* DelegateMEGARequestListener.h */ = {isa = PBXFileReference; fileEncoding = 4; lastKnownFileType = sourcecode.c.h; lineEnding = 0; path = DelegateMEGARequestListener.h; sourceTree = "<group>"; xcLanguageSpecificationIdentifier = xcode.lang.objcpp; };
		41B2AED61A0A859C006C40FB /* DelegateMEGARequestListener.mm */ = {isa = PBXFileReference; fileEncoding = 4; lastKnownFileType = sourcecode.cpp.objcpp; lineEnding = 0; path = DelegateMEGARequestListener.mm; sourceTree = "<group>"; xcLanguageSpecificationIdentifier = xcode.lang.objcpp; };
		41B2AED71A0A859C006C40FB /* DelegateMEGATransferListener.h */ = {isa = PBXFileReference; fileEncoding = 4; lastKnownFileType = sourcecode.c.h; lineEnding = 0; path = DelegateMEGATransferListener.h; sourceTree = "<group>"; xcLanguageSpecificationIdentifier = xcode.lang.objcpp; };
		41B2AED81A0A859C006C40FB /* DelegateMEGATransferListener.mm */ = {isa = PBXFileReference; fileEncoding = 4; lastKnownFileType = sourcecode.cpp.objcpp; lineEnding = 0; path = DelegateMEGATransferListener.mm; sourceTree = "<group>"; xcLanguageSpecificationIdentifier = xcode.lang.objcpp; };
		41B538CA1A0284CB00EABDC9 /* MEGAPricing.h */ = {isa = PBXFileReference; fileEncoding = 4; lastKnownFileType = sourcecode.c.h; lineEnding = 0; path = MEGAPricing.h; sourceTree = "<group>"; xcLanguageSpecificationIdentifier = xcode.lang.objcpp; };
		41B538CB1A0284CB00EABDC9 /* MEGAPricing.mm */ = {isa = PBXFileReference; fileEncoding = 4; lastKnownFileType = sourcecode.cpp.objcpp; lineEnding = 0; path = MEGAPricing.mm; sourceTree = "<group>"; xcLanguageSpecificationIdentifier = xcode.lang.objcpp; };
		41D143D91B5FC053000CA86F /* pendingcontactrequest.cpp */ = {isa = PBXFileReference; fileEncoding = 4; lastKnownFileType = sourcecode.cpp.cpp; name = pendingcontactrequest.cpp; path = ../../src/pendingcontactrequest.cpp; sourceTree = "<group>"; };
		41D98CFF1BD54B5200764370 /* MEGAContactRequest.h */ = {isa = PBXFileReference; fileEncoding = 4; lastKnownFileType = sourcecode.c.h; path = MEGAContactRequest.h; sourceTree = "<group>"; };
		41D98D001BD54B5200764370 /* MEGAContactRequest.mm */ = {isa = PBXFileReference; fileEncoding = 4; lastKnownFileType = sourcecode.cpp.objcpp; path = MEGAContactRequest.mm; sourceTree = "<group>"; };
		41D98D021BD5504700764370 /* MEGAContactRequest+init.h */ = {isa = PBXFileReference; fileEncoding = 4; lastKnownFileType = sourcecode.c.h; path = "MEGAContactRequest+init.h"; sourceTree = "<group>"; };
		41D98D051BD562AD00764370 /* MEGAContactRequestList.h */ = {isa = PBXFileReference; fileEncoding = 4; lastKnownFileType = sourcecode.c.h; path = MEGAContactRequestList.h; sourceTree = "<group>"; };
		41D98D061BD562AD00764370 /* MEGAContactRequestList.mm */ = {isa = PBXFileReference; fileEncoding = 4; lastKnownFileType = sourcecode.cpp.objcpp; path = MEGAContactRequestList.mm; sourceTree = "<group>"; };
		41D98D081BD5679C00764370 /* MEGAContactRequestList+init.h */ = {isa = PBXFileReference; fileEncoding = 4; lastKnownFileType = sourcecode.c.h; path = "MEGAContactRequestList+init.h"; sourceTree = "<group>"; };
		41F01E301C087D4C001E18E6 /* GfxProcCG.h */ = {isa = PBXFileReference; fileEncoding = 4; lastKnownFileType = sourcecode.c.h; path = GfxProcCG.h; sourceTree = "<group>"; };
		5B0670CD21F5BABD00AD9F99 /* MEGARecentActionBucket+init.h */ = {isa = PBXFileReference; fileEncoding = 4; lastKnownFileType = sourcecode.c.h; path = "MEGARecentActionBucket+init.h"; sourceTree = "<group>"; };
		5B1D7CDD21F1E01E00B0215E /* MEGARecentActionBucket.h */ = {isa = PBXFileReference; lastKnownFileType = sourcecode.c.h; path = MEGARecentActionBucket.h; sourceTree = "<group>"; };
		5B1D7CE121F1E07200B0215E /* MEGARecentActionBucket.mm */ = {isa = PBXFileReference; lastKnownFileType = sourcecode.cpp.objcpp; path = MEGARecentActionBucket.mm; sourceTree = "<group>"; };
		5B23B7782164FC7C00600733 /* MEGAUserAlert.h */ = {isa = PBXFileReference; fileEncoding = 4; lastKnownFileType = sourcecode.c.h; path = MEGAUserAlert.h; sourceTree = "<group>"; };
		5B23B7792164FC7C00600733 /* MEGAUserAlertList.h */ = {isa = PBXFileReference; fileEncoding = 4; lastKnownFileType = sourcecode.c.h; path = MEGAUserAlertList.h; sourceTree = "<group>"; };
		5B23B77A2164FC7C00600733 /* MEGAUserAlert.mm */ = {isa = PBXFileReference; fileEncoding = 4; lastKnownFileType = sourcecode.cpp.objcpp; path = MEGAUserAlert.mm; sourceTree = "<group>"; };
		5B23B77B2164FC7C00600733 /* MEGAUserAlertList.mm */ = {isa = PBXFileReference; fileEncoding = 4; lastKnownFileType = sourcecode.cpp.objcpp; path = MEGAUserAlertList.mm; sourceTree = "<group>"; };
		5B23B77E2164FCE500600733 /* MEGAUserAlertList+init.h */ = {isa = PBXFileReference; fileEncoding = 4; lastKnownFileType = sourcecode.c.h; path = "MEGAUserAlertList+init.h"; sourceTree = "<group>"; };
		5B23B77F2164FCE500600733 /* MEGAUserAlert+init.h */ = {isa = PBXFileReference; fileEncoding = 4; lastKnownFileType = sourcecode.c.h; path = "MEGAUserAlert+init.h"; sourceTree = "<group>"; };
		5B72A14C20D3B3FB007FE4FD /* mega_ccronexpr.cpp */ = {isa = PBXFileReference; fileEncoding = 4; lastKnownFileType = sourcecode.cpp.cpp; name = mega_ccronexpr.cpp; path = ../../src/mega_ccronexpr.cpp; sourceTree = "<group>"; };
		7765A76620528445004C2FEB /* mega_evt_tls.cpp */ = {isa = PBXFileReference; lastKnownFileType = sourcecode.cpp.cpp; name = mega_evt_tls.cpp; path = ../../src/mega_evt_tls.cpp; sourceTree = "<group>"; };
		940BEF9819ED92C2007E7FA2 /* attrmap.cpp */ = {isa = PBXFileReference; fileEncoding = 4; lastKnownFileType = sourcecode.cpp.cpp; name = attrmap.cpp; path = ../../src/attrmap.cpp; sourceTree = "<group>"; };
		940BEF9919ED92C2007E7FA2 /* backofftimer.cpp */ = {isa = PBXFileReference; fileEncoding = 4; lastKnownFileType = sourcecode.cpp.cpp; name = backofftimer.cpp; path = ../../src/backofftimer.cpp; sourceTree = "<group>"; };
		940BEF9A19ED92C2007E7FA2 /* base64.cpp */ = {isa = PBXFileReference; fileEncoding = 4; lastKnownFileType = sourcecode.cpp.cpp; name = base64.cpp; path = ../../src/base64.cpp; sourceTree = "<group>"; };
		940BEF9B19ED92C2007E7FA2 /* command.cpp */ = {isa = PBXFileReference; fileEncoding = 4; lastKnownFileType = sourcecode.cpp.cpp; name = command.cpp; path = ../../src/command.cpp; sourceTree = "<group>"; };
		940BEF9C19ED92C2007E7FA2 /* commands.cpp */ = {isa = PBXFileReference; fileEncoding = 4; lastKnownFileType = sourcecode.cpp.cpp; name = commands.cpp; path = ../../src/commands.cpp; sourceTree = "<group>"; };
		940BEF9D19ED92C2007E7FA2 /* db.cpp */ = {isa = PBXFileReference; fileEncoding = 4; lastKnownFileType = sourcecode.cpp.cpp; name = db.cpp; path = ../../src/db.cpp; sourceTree = "<group>"; };
		940BEF9E19ED92C2007E7FA2 /* file.cpp */ = {isa = PBXFileReference; fileEncoding = 4; lastKnownFileType = sourcecode.cpp.cpp; name = file.cpp; path = ../../src/file.cpp; sourceTree = "<group>"; };
		6D278C4CACCF44D99ACFC056 /* filter.cpp */ = {isa = PBXFileReference; fileEncoding = 4; lastKnownFileType = sourcecode.cpp.cpp; name = filter.cpp; path = ../../src/filter.cpp; sourceTree = "<group>"; };
		940BEF9F19ED92C2007E7FA2 /* fileattributefetch.cpp */ = {isa = PBXFileReference; fileEncoding = 4; lastKnownFileType = sourcecode.cpp.cpp; name = fileattributefetch.cpp; path = ../../src/fileattributefetch.cpp; sourceTree = "<group>"; };
		940BEFA019ED92C2007E7FA2 /* filefingerprint.cpp */ = {isa = PBXFileReference; fileEncoding = 4; lastKnownFileType = sourcecode.cpp.cpp; name = filefingerprint.cpp; path = ../../src/filefingerprint.cpp; sourceTree = "<group>"; };
		940BEFA119ED92C2007E7FA2 /* filesystem.cpp */ = {isa = PBXFileReference; fileEncoding = 4; lastKnownFileType = sourcecode.cpp.cpp; name = filesystem.cpp; path = ../../src/filesystem.cpp; sourceTree = "<group>"; };
		940BEFA219ED92C2007E7FA2 /* gfx.cpp */ = {isa = PBXFileReference; fileEncoding = 4; lastKnownFileType = sourcecode.cpp.cpp; name = gfx.cpp; path = ../../src/gfx.cpp; sourceTree = "<group>"; };
		940BEFA319ED92C2007E7FA2 /* http.cpp */ = {isa = PBXFileReference; fileEncoding = 4; lastKnownFileType = sourcecode.cpp.cpp; name = http.cpp; path = ../../src/http.cpp; sourceTree = "<group>"; };
		940BEFA419ED92C2007E7FA2 /* json.cpp */ = {isa = PBXFileReference; fileEncoding = 4; lastKnownFileType = sourcecode.cpp.cpp; name = json.cpp; path = ../../src/json.cpp; sourceTree = "<group>"; };
		940BEFA519ED92C2007E7FA2 /* logging.cpp */ = {isa = PBXFileReference; fileEncoding = 4; lastKnownFileType = sourcecode.cpp.cpp; lineEnding = 0; name = logging.cpp; path = ../../src/logging.cpp; sourceTree = "<group>"; xcLanguageSpecificationIdentifier = xcode.lang.cpp; };
		940BEFA619ED92C2007E7FA2 /* megaapi_impl.cpp */ = {isa = PBXFileReference; fileEncoding = 4; lastKnownFileType = sourcecode.cpp.cpp; lineEnding = 0; name = megaapi_impl.cpp; path = ../../src/megaapi_impl.cpp; sourceTree = "<group>"; xcLanguageSpecificationIdentifier = xcode.lang.cpp; };
		940BEFA719ED92C2007E7FA2 /* megaapi.cpp */ = {isa = PBXFileReference; fileEncoding = 4; lastKnownFileType = sourcecode.cpp.cpp; lineEnding = 0; name = megaapi.cpp; path = ../../src/megaapi.cpp; sourceTree = "<group>"; xcLanguageSpecificationIdentifier = xcode.lang.cpp; };
		940BEFA819ED92C2007E7FA2 /* megaclient.cpp */ = {isa = PBXFileReference; fileEncoding = 4; lastKnownFileType = sourcecode.cpp.cpp; lineEnding = 0; name = megaclient.cpp; path = ../../src/megaclient.cpp; sourceTree = "<group>"; xcLanguageSpecificationIdentifier = xcode.lang.cpp; };
		940BEFA919ED92C2007E7FA2 /* node.cpp */ = {isa = PBXFileReference; fileEncoding = 4; lastKnownFileType = sourcecode.cpp.cpp; name = node.cpp; path = ../../src/node.cpp; sourceTree = "<group>"; };
		940BEFAA19ED92C2007E7FA2 /* proxy.cpp */ = {isa = PBXFileReference; fileEncoding = 4; lastKnownFileType = sourcecode.cpp.cpp; lineEnding = 0; name = proxy.cpp; path = ../../src/proxy.cpp; sourceTree = "<group>"; xcLanguageSpecificationIdentifier = xcode.lang.cpp; };
		940BEFAB19ED92C2007E7FA2 /* pubkeyaction.cpp */ = {isa = PBXFileReference; fileEncoding = 4; lastKnownFileType = sourcecode.cpp.cpp; name = pubkeyaction.cpp; path = ../../src/pubkeyaction.cpp; sourceTree = "<group>"; };
		940BEFAC19ED92C2007E7FA2 /* request.cpp */ = {isa = PBXFileReference; fileEncoding = 4; lastKnownFileType = sourcecode.cpp.cpp; name = request.cpp; path = ../../src/request.cpp; sourceTree = "<group>"; };
		940BEFAD19ED92C2007E7FA2 /* serialize64.cpp */ = {isa = PBXFileReference; fileEncoding = 4; lastKnownFileType = sourcecode.cpp.cpp; name = serialize64.cpp; path = ../../src/serialize64.cpp; sourceTree = "<group>"; };
		940BEFAE19ED92C2007E7FA2 /* share.cpp */ = {isa = PBXFileReference; fileEncoding = 4; lastKnownFileType = sourcecode.cpp.cpp; name = share.cpp; path = ../../src/share.cpp; sourceTree = "<group>"; };
		940BEFAF19ED92C2007E7FA2 /* sharenodekeys.cpp */ = {isa = PBXFileReference; fileEncoding = 4; lastKnownFileType = sourcecode.cpp.cpp; name = sharenodekeys.cpp; path = ../../src/sharenodekeys.cpp; sourceTree = "<group>"; };
		940BEFB019ED92C2007E7FA2 /* sync.cpp */ = {isa = PBXFileReference; fileEncoding = 4; lastKnownFileType = sourcecode.cpp.cpp; name = sync.cpp; path = ../../src/sync.cpp; sourceTree = "<group>"; };
		940BEFB119ED92C2007E7FA2 /* transfer.cpp */ = {isa = PBXFileReference; fileEncoding = 4; lastKnownFileType = sourcecode.cpp.cpp; name = transfer.cpp; path = ../../src/transfer.cpp; sourceTree = "<group>"; };
		940BEFB219ED92C2007E7FA2 /* transferslot.cpp */ = {isa = PBXFileReference; fileEncoding = 4; lastKnownFileType = sourcecode.cpp.cpp; lineEnding = 0; name = transferslot.cpp; path = ../../src/transferslot.cpp; sourceTree = "<group>"; xcLanguageSpecificationIdentifier = xcode.lang.cpp; };
		940BEFB319ED92C2007E7FA2 /* treeproc.cpp */ = {isa = PBXFileReference; fileEncoding = 4; lastKnownFileType = sourcecode.cpp.cpp; name = treeproc.cpp; path = ../../src/treeproc.cpp; sourceTree = "<group>"; };
		940BEFB419ED92C2007E7FA2 /* user.cpp */ = {isa = PBXFileReference; fileEncoding = 4; lastKnownFileType = sourcecode.cpp.cpp; name = user.cpp; path = ../../src/user.cpp; sourceTree = "<group>"; };
		940BEFB519ED92C2007E7FA2 /* utils.cpp */ = {isa = PBXFileReference; fileEncoding = 4; lastKnownFileType = sourcecode.cpp.cpp; name = utils.cpp; path = ../../src/utils.cpp; sourceTree = "<group>"; };
		940BEFB619ED92C2007E7FA2 /* waiterbase.cpp */ = {isa = PBXFileReference; fileEncoding = 4; lastKnownFileType = sourcecode.cpp.cpp; name = waiterbase.cpp; path = ../../src/waiterbase.cpp; sourceTree = "<group>"; };
		940BEFD719ED9351007E7FA2 /* cryptopp.cpp */ = {isa = PBXFileReference; fileEncoding = 4; lastKnownFileType = sourcecode.cpp.cpp; path = cryptopp.cpp; sourceTree = "<group>"; };
		940BEFD819ED9351007E7FA2 /* sodium.cpp */ = {isa = PBXFileReference; fileEncoding = 4; lastKnownFileType = sourcecode.cpp.cpp; path = sodium.cpp; sourceTree = "<group>"; };
		940BEFDB19ED9351007E7FA2 /* sqlite.cpp */ = {isa = PBXFileReference; fileEncoding = 4; lastKnownFileType = sourcecode.cpp.cpp; path = sqlite.cpp; sourceTree = "<group>"; };
		940BEFDD19ED9351007E7FA2 /* external.cpp */ = {isa = PBXFileReference; fileEncoding = 4; lastKnownFileType = sourcecode.cpp.cpp; path = external.cpp; sourceTree = "<group>"; };
		940BEFE119ED9351007E7FA2 /* console.cpp */ = {isa = PBXFileReference; fileEncoding = 4; lastKnownFileType = sourcecode.cpp.cpp; path = console.cpp; sourceTree = "<group>"; };
		940BEFE219ED9351007E7FA2 /* consolewaiter.cpp */ = {isa = PBXFileReference; fileEncoding = 4; lastKnownFileType = sourcecode.cpp.cpp; path = consolewaiter.cpp; sourceTree = "<group>"; };
		940BEFE319ED9351007E7FA2 /* fs.cpp */ = {isa = PBXFileReference; fileEncoding = 4; lastKnownFileType = sourcecode.cpp.cpp; path = fs.cpp; sourceTree = "<group>"; };
		940BEFE419ED9351007E7FA2 /* net.cpp */ = {isa = PBXFileReference; fileEncoding = 4; lastKnownFileType = sourcecode.cpp.cpp; lineEnding = 0; path = net.cpp; sourceTree = "<group>"; xcLanguageSpecificationIdentifier = xcode.lang.cpp; };
		940BEFE519ED9351007E7FA2 /* waiter.cpp */ = {isa = PBXFileReference; fileEncoding = 4; lastKnownFileType = sourcecode.cpp.cpp; path = waiter.cpp; sourceTree = "<group>"; };
		940BEFE819ED9351007E7FA2 /* posixthread.cpp */ = {isa = PBXFileReference; fileEncoding = 4; lastKnownFileType = sourcecode.cpp.cpp; path = posixthread.cpp; sourceTree = "<group>"; };
		940BEFFE19ED97B9007E7FA2 /* MEGAAccountDetails.mm */ = {isa = PBXFileReference; fileEncoding = 4; lastKnownFileType = sourcecode.cpp.objcpp; lineEnding = 0; path = MEGAAccountDetails.mm; sourceTree = "<group>"; xcLanguageSpecificationIdentifier = xcode.lang.objcpp; };
		940BEFFF19ED97B9007E7FA2 /* MEGASdk.mm */ = {isa = PBXFileReference; fileEncoding = 4; lastKnownFileType = sourcecode.cpp.objcpp; lineEnding = 0; path = MEGASdk.mm; sourceTree = "<group>"; xcLanguageSpecificationIdentifier = xcode.lang.objcpp; };
		940BF00019ED97B9007E7FA2 /* MEGAError.mm */ = {isa = PBXFileReference; fileEncoding = 4; lastKnownFileType = sourcecode.cpp.objcpp; lineEnding = 0; path = MEGAError.mm; sourceTree = "<group>"; xcLanguageSpecificationIdentifier = xcode.lang.objcpp; };
		940BF00119ED97B9007E7FA2 /* MEGANode.mm */ = {isa = PBXFileReference; fileEncoding = 4; lastKnownFileType = sourcecode.cpp.objcpp; lineEnding = 0; path = MEGANode.mm; sourceTree = "<group>"; xcLanguageSpecificationIdentifier = xcode.lang.objcpp; };
		940BF00219ED97B9007E7FA2 /* MEGANodeList.mm */ = {isa = PBXFileReference; fileEncoding = 4; lastKnownFileType = sourcecode.cpp.objcpp; path = MEGANodeList.mm; sourceTree = "<group>"; };
		940BF00319ED97B9007E7FA2 /* MEGARequest.mm */ = {isa = PBXFileReference; fileEncoding = 4; lastKnownFileType = sourcecode.cpp.objcpp; lineEnding = 0; path = MEGARequest.mm; sourceTree = "<group>"; xcLanguageSpecificationIdentifier = xcode.lang.objcpp; };
		940BF00419ED97B9007E7FA2 /* MEGAShare.mm */ = {isa = PBXFileReference; fileEncoding = 4; lastKnownFileType = sourcecode.cpp.objcpp; lineEnding = 0; path = MEGAShare.mm; sourceTree = "<group>"; xcLanguageSpecificationIdentifier = xcode.lang.objcpp; };
		940BF00519ED97B9007E7FA2 /* MEGAShareList.mm */ = {isa = PBXFileReference; fileEncoding = 4; lastKnownFileType = sourcecode.cpp.objcpp; path = MEGAShareList.mm; sourceTree = "<group>"; };
		940BF00619ED97B9007E7FA2 /* MEGATransfer.mm */ = {isa = PBXFileReference; fileEncoding = 4; lastKnownFileType = sourcecode.cpp.objcpp; lineEnding = 0; path = MEGATransfer.mm; sourceTree = "<group>"; xcLanguageSpecificationIdentifier = xcode.lang.objcpp; };
		940BF00719ED97B9007E7FA2 /* MEGATransferList.mm */ = {isa = PBXFileReference; fileEncoding = 4; lastKnownFileType = sourcecode.cpp.objcpp; path = MEGATransferList.mm; sourceTree = "<group>"; };
		940BF00819ED97B9007E7FA2 /* MEGAUser.mm */ = {isa = PBXFileReference; fileEncoding = 4; lastKnownFileType = sourcecode.cpp.objcpp; lineEnding = 0; path = MEGAUser.mm; sourceTree = "<group>"; xcLanguageSpecificationIdentifier = xcode.lang.objcpp; };
		940BF00919ED97B9007E7FA2 /* MEGAUserList.mm */ = {isa = PBXFileReference; fileEncoding = 4; lastKnownFileType = sourcecode.cpp.objcpp; lineEnding = 0; path = MEGAUserList.mm; sourceTree = "<group>"; xcLanguageSpecificationIdentifier = xcode.lang.objcpp; };
		940BF03D19EDBCAD007E7FA2 /* account.h */ = {isa = PBXFileReference; fileEncoding = 4; lastKnownFileType = sourcecode.c.h; path = account.h; sourceTree = "<group>"; };
		940BF03E19EDBCAD007E7FA2 /* attrmap.h */ = {isa = PBXFileReference; fileEncoding = 4; lastKnownFileType = sourcecode.c.h; path = attrmap.h; sourceTree = "<group>"; };
		940BF03F19EDBCAD007E7FA2 /* backofftimer.h */ = {isa = PBXFileReference; fileEncoding = 4; lastKnownFileType = sourcecode.c.h; path = backofftimer.h; sourceTree = "<group>"; };
		940BF04019EDBCAD007E7FA2 /* base64.h */ = {isa = PBXFileReference; fileEncoding = 4; lastKnownFileType = sourcecode.c.h; path = base64.h; sourceTree = "<group>"; };
		940BF04119EDBCAD007E7FA2 /* command.h */ = {isa = PBXFileReference; fileEncoding = 4; lastKnownFileType = sourcecode.c.h; path = command.h; sourceTree = "<group>"; };
		940BF04419EDBCAD007E7FA2 /* console.h */ = {isa = PBXFileReference; fileEncoding = 4; lastKnownFileType = sourcecode.c.h; path = console.h; sourceTree = "<group>"; };
		940BF04619EDBCAD007E7FA2 /* cryptopp.h */ = {isa = PBXFileReference; fileEncoding = 4; lastKnownFileType = sourcecode.c.h; path = cryptopp.h; sourceTree = "<group>"; };
		940BF04A19EDBCAD007E7FA2 /* sqlite.h */ = {isa = PBXFileReference; fileEncoding = 4; lastKnownFileType = sourcecode.c.h; path = sqlite.h; sourceTree = "<group>"; };
		940BF04B19EDBCAD007E7FA2 /* db.h */ = {isa = PBXFileReference; fileEncoding = 4; lastKnownFileType = sourcecode.c.h; path = db.h; sourceTree = "<group>"; };
		940BF04C19EDBCAD007E7FA2 /* file.h */ = {isa = PBXFileReference; fileEncoding = 4; lastKnownFileType = sourcecode.c.h; path = file.h; sourceTree = "<group>"; };
		3B45B5D817D0481A848902A4 /* filter.h */ = {isa = PBXFileReference; fileEncoding = 4; lastKnownFileType = sourcecode.c.h; path = filter.h; sourceTree = "<group>"; };
		940BF04D19EDBCAD007E7FA2 /* fileattributefetch.h */ = {isa = PBXFileReference; fileEncoding = 4; lastKnownFileType = sourcecode.c.h; path = fileattributefetch.h; sourceTree = "<group>"; };
		940BF04E19EDBCAD007E7FA2 /* filefingerprint.h */ = {isa = PBXFileReference; fileEncoding = 4; lastKnownFileType = sourcecode.c.h; path = filefingerprint.h; sourceTree = "<group>"; };
		940BF04F19EDBCAD007E7FA2 /* filesystem.h */ = {isa = PBXFileReference; fileEncoding = 4; lastKnownFileType = sourcecode.c.h; path = filesystem.h; sourceTree = "<group>"; };
		940BF05119EDBCAD007E7FA2 /* external.h */ = {isa = PBXFileReference; fileEncoding = 4; lastKnownFileType = sourcecode.c.h; path = external.h; sourceTree = "<group>"; };
		940BF05419EDBCAD007E7FA2 /* gfx.h */ = {isa = PBXFileReference; fileEncoding = 4; lastKnownFileType = sourcecode.c.h; path = gfx.h; sourceTree = "<group>"; };
		940BF05519EDBCAD007E7FA2 /* http.h */ = {isa = PBXFileReference; fileEncoding = 4; lastKnownFileType = sourcecode.c.h; lineEnding = 0; path = http.h; sourceTree = "<group>"; xcLanguageSpecificationIdentifier = xcode.lang.objcpp; };
		940BF05619EDBCAD007E7FA2 /* json.h */ = {isa = PBXFileReference; fileEncoding = 4; lastKnownFileType = sourcecode.c.h; path = json.h; sourceTree = "<group>"; };
		940BF05719EDBCAD007E7FA2 /* logging.h */ = {isa = PBXFileReference; fileEncoding = 4; lastKnownFileType = sourcecode.c.h; lineEnding = 0; path = logging.h; sourceTree = "<group>"; xcLanguageSpecificationIdentifier = xcode.lang.objcpp; };
		940BF05819EDBCAD007E7FA2 /* megaapp.h */ = {isa = PBXFileReference; fileEncoding = 4; lastKnownFileType = sourcecode.c.h; path = megaapp.h; sourceTree = "<group>"; };
		940BF05919EDBCAD007E7FA2 /* megaclient.h */ = {isa = PBXFileReference; fileEncoding = 4; lastKnownFileType = sourcecode.c.h; lineEnding = 0; path = megaclient.h; sourceTree = "<group>"; xcLanguageSpecificationIdentifier = xcode.lang.objcpp; };
		940BF05A19EDBCAD007E7FA2 /* node.h */ = {isa = PBXFileReference; fileEncoding = 4; lastKnownFileType = sourcecode.c.h; path = node.h; sourceTree = "<group>"; };
		940BF05C19EDBCAD007E7FA2 /* megaconsole.h */ = {isa = PBXFileReference; fileEncoding = 4; lastKnownFileType = sourcecode.c.h; path = megaconsole.h; sourceTree = "<group>"; };
		940BF05D19EDBCAD007E7FA2 /* megaconsolewaiter.h */ = {isa = PBXFileReference; fileEncoding = 4; lastKnownFileType = sourcecode.c.h; path = megaconsolewaiter.h; sourceTree = "<group>"; };
		940BF05E19EDBCAD007E7FA2 /* megafs.h */ = {isa = PBXFileReference; fileEncoding = 4; lastKnownFileType = sourcecode.c.h; path = megafs.h; sourceTree = "<group>"; };
		940BF05F19EDBCAD007E7FA2 /* meganet.h */ = {isa = PBXFileReference; fileEncoding = 4; lastKnownFileType = sourcecode.c.h; path = meganet.h; sourceTree = "<group>"; };
		940BF06019EDBCAD007E7FA2 /* megasys.h */ = {isa = PBXFileReference; fileEncoding = 4; lastKnownFileType = sourcecode.c.h; path = megasys.h; sourceTree = "<group>"; };
		940BF06119EDBCAD007E7FA2 /* megawaiter.h */ = {isa = PBXFileReference; fileEncoding = 4; lastKnownFileType = sourcecode.c.h; path = megawaiter.h; sourceTree = "<group>"; };
		940BF06219EDBCAD007E7FA2 /* proxy.h */ = {isa = PBXFileReference; fileEncoding = 4; lastKnownFileType = sourcecode.c.h; lineEnding = 0; path = proxy.h; sourceTree = "<group>"; xcLanguageSpecificationIdentifier = xcode.lang.objcpp; };
		940BF06319EDBCAD007E7FA2 /* pubkeyaction.h */ = {isa = PBXFileReference; fileEncoding = 4; lastKnownFileType = sourcecode.c.h; path = pubkeyaction.h; sourceTree = "<group>"; };
		940BF06419EDBCAD007E7FA2 /* request.h */ = {isa = PBXFileReference; fileEncoding = 4; lastKnownFileType = sourcecode.c.h; path = request.h; sourceTree = "<group>"; };
		940BF06519EDBCAD007E7FA2 /* serialize64.h */ = {isa = PBXFileReference; fileEncoding = 4; lastKnownFileType = sourcecode.c.h; path = serialize64.h; sourceTree = "<group>"; };
		940BF06619EDBCAD007E7FA2 /* share.h */ = {isa = PBXFileReference; fileEncoding = 4; lastKnownFileType = sourcecode.c.h; path = share.h; sourceTree = "<group>"; };
		940BF06719EDBCAD007E7FA2 /* sharenodekeys.h */ = {isa = PBXFileReference; fileEncoding = 4; lastKnownFileType = sourcecode.c.h; path = sharenodekeys.h; sourceTree = "<group>"; };
		940BF06819EDBCAD007E7FA2 /* sync.h */ = {isa = PBXFileReference; fileEncoding = 4; lastKnownFileType = sourcecode.c.h; path = sync.h; sourceTree = "<group>"; };
		940BF06B19EDBCAD007E7FA2 /* posixthread.h */ = {isa = PBXFileReference; fileEncoding = 4; lastKnownFileType = sourcecode.c.h; path = posixthread.h; sourceTree = "<group>"; };
		940BF06D19EDBCAD007E7FA2 /* thread.h */ = {isa = PBXFileReference; fileEncoding = 4; lastKnownFileType = sourcecode.c.h; path = thread.h; sourceTree = "<group>"; };
		940BF06E19EDBCAD007E7FA2 /* transfer.h */ = {isa = PBXFileReference; fileEncoding = 4; lastKnownFileType = sourcecode.c.h; path = transfer.h; sourceTree = "<group>"; };
		940BF06F19EDBCAD007E7FA2 /* transferslot.h */ = {isa = PBXFileReference; fileEncoding = 4; lastKnownFileType = sourcecode.c.h; lineEnding = 0; path = transferslot.h; sourceTree = "<group>"; xcLanguageSpecificationIdentifier = xcode.lang.objcpp; };
		940BF07019EDBCAD007E7FA2 /* treeproc.h */ = {isa = PBXFileReference; fileEncoding = 4; lastKnownFileType = sourcecode.c.h; path = treeproc.h; sourceTree = "<group>"; };
		940BF07119EDBCAD007E7FA2 /* types.h */ = {isa = PBXFileReference; fileEncoding = 4; lastKnownFileType = sourcecode.c.h; lineEnding = 0; path = types.h; sourceTree = "<group>"; xcLanguageSpecificationIdentifier = xcode.lang.objcpp; };
		940BF07219EDBCAD007E7FA2 /* user.h */ = {isa = PBXFileReference; fileEncoding = 4; lastKnownFileType = sourcecode.c.h; path = user.h; sourceTree = "<group>"; };
		940BF07319EDBCAD007E7FA2 /* utils.h */ = {isa = PBXFileReference; fileEncoding = 4; lastKnownFileType = sourcecode.c.h; path = utils.h; sourceTree = "<group>"; };
		940BF07419EDBCAD007E7FA2 /* waiter.h */ = {isa = PBXFileReference; fileEncoding = 4; lastKnownFileType = sourcecode.c.h; path = waiter.h; sourceTree = "<group>"; };
		940BF08319EDBCAD007E7FA2 /* mega.h */ = {isa = PBXFileReference; fileEncoding = 4; lastKnownFileType = sourcecode.c.h; path = mega.h; sourceTree = "<group>"; };
		940BF08419EDBCAD007E7FA2 /* megaapi.h */ = {isa = PBXFileReference; fileEncoding = 4; lastKnownFileType = sourcecode.c.h; lineEnding = 0; path = megaapi.h; sourceTree = "<group>"; xcLanguageSpecificationIdentifier = xcode.lang.objcpp; };
		940BF08519EDBCAD007E7FA2 /* megaapi_impl.h */ = {isa = PBXFileReference; fileEncoding = 4; lastKnownFileType = sourcecode.c.h; lineEnding = 0; path = megaapi_impl.h; sourceTree = "<group>"; xcLanguageSpecificationIdentifier = xcode.lang.objcpp; };
		940BF08A19EDBD62007E7FA2 /* MEGAAccountDetails.h */ = {isa = PBXFileReference; fileEncoding = 4; lastKnownFileType = sourcecode.c.h; lineEnding = 0; path = MEGAAccountDetails.h; sourceTree = "<group>"; xcLanguageSpecificationIdentifier = xcode.lang.objcpp; };
		940BF08B19EDBD62007E7FA2 /* MEGASdk.h */ = {isa = PBXFileReference; fileEncoding = 4; lastKnownFileType = sourcecode.c.h; lineEnding = 0; path = MEGASdk.h; sourceTree = "<group>"; xcLanguageSpecificationIdentifier = xcode.lang.objcpp; };
		940BF08C19EDBD62007E7FA2 /* MEGAError.h */ = {isa = PBXFileReference; fileEncoding = 4; lastKnownFileType = sourcecode.c.h; lineEnding = 0; path = MEGAError.h; sourceTree = "<group>"; xcLanguageSpecificationIdentifier = xcode.lang.objcpp; };
		940BF08D19EDBD62007E7FA2 /* MEGAGlobalDelegate.h */ = {isa = PBXFileReference; fileEncoding = 4; lastKnownFileType = sourcecode.c.h; path = MEGAGlobalDelegate.h; sourceTree = "<group>"; };
		940BF08E19EDBD62007E7FA2 /* MEGADelegate.h */ = {isa = PBXFileReference; fileEncoding = 4; lastKnownFileType = sourcecode.c.h; lineEnding = 0; path = MEGADelegate.h; sourceTree = "<group>"; xcLanguageSpecificationIdentifier = xcode.lang.objcpp; };
		940BF08F19EDBD62007E7FA2 /* MEGANode.h */ = {isa = PBXFileReference; fileEncoding = 4; lastKnownFileType = sourcecode.c.h; path = MEGANode.h; sourceTree = "<group>"; };
		940BF09019EDBD62007E7FA2 /* MEGANodeList.h */ = {isa = PBXFileReference; fileEncoding = 4; lastKnownFileType = sourcecode.c.h; path = MEGANodeList.h; sourceTree = "<group>"; };
		940BF09119EDBD62007E7FA2 /* MEGARequest.h */ = {isa = PBXFileReference; fileEncoding = 4; lastKnownFileType = sourcecode.c.h; lineEnding = 0; path = MEGARequest.h; sourceTree = "<group>"; xcLanguageSpecificationIdentifier = xcode.lang.objcpp; };
		940BF09219EDBD62007E7FA2 /* MEGARequestDelegate.h */ = {isa = PBXFileReference; fileEncoding = 4; lastKnownFileType = sourcecode.c.h; lineEnding = 0; path = MEGARequestDelegate.h; sourceTree = "<group>"; xcLanguageSpecificationIdentifier = xcode.lang.objcpp; };
		940BF09319EDBD62007E7FA2 /* MEGAShare.h */ = {isa = PBXFileReference; fileEncoding = 4; lastKnownFileType = sourcecode.c.h; lineEnding = 0; path = MEGAShare.h; sourceTree = "<group>"; xcLanguageSpecificationIdentifier = xcode.lang.objcpp; };
		940BF09419EDBD62007E7FA2 /* MEGAShareList.h */ = {isa = PBXFileReference; fileEncoding = 4; lastKnownFileType = sourcecode.c.h; path = MEGAShareList.h; sourceTree = "<group>"; };
		940BF09519EDBD62007E7FA2 /* MEGATransfer.h */ = {isa = PBXFileReference; fileEncoding = 4; lastKnownFileType = sourcecode.c.h; lineEnding = 0; path = MEGATransfer.h; sourceTree = "<group>"; xcLanguageSpecificationIdentifier = xcode.lang.objcpp; };
		940BF09619EDBD62007E7FA2 /* MEGATransferDelegate.h */ = {isa = PBXFileReference; fileEncoding = 4; lastKnownFileType = sourcecode.c.h; lineEnding = 0; path = MEGATransferDelegate.h; sourceTree = "<group>"; xcLanguageSpecificationIdentifier = xcode.lang.objcpp; };
		940BF09719EDBD62007E7FA2 /* MEGATransferList.h */ = {isa = PBXFileReference; fileEncoding = 4; lastKnownFileType = sourcecode.c.h; path = MEGATransferList.h; sourceTree = "<group>"; };
		940BF09919EDBD62007E7FA2 /* MEGAUser.h */ = {isa = PBXFileReference; fileEncoding = 4; lastKnownFileType = sourcecode.c.h; lineEnding = 0; path = MEGAUser.h; sourceTree = "<group>"; xcLanguageSpecificationIdentifier = xcode.lang.objcpp; };
		940BF09A19EDBD62007E7FA2 /* MEGAUserList.h */ = {isa = PBXFileReference; fileEncoding = 4; lastKnownFileType = sourcecode.c.h; lineEnding = 0; path = MEGAUserList.h; sourceTree = "<group>"; xcLanguageSpecificationIdentifier = xcode.lang.objcpp; };
		940BF09C19EDBD62007E7FA2 /* MEGAError+init.h */ = {isa = PBXFileReference; fileEncoding = 4; lastKnownFileType = sourcecode.c.h; lineEnding = 0; path = "MEGAError+init.h"; sourceTree = "<group>"; xcLanguageSpecificationIdentifier = xcode.lang.objcpp; };
		940BF09E19EDBD62007E7FA2 /* MEGANode+init.h */ = {isa = PBXFileReference; fileEncoding = 4; lastKnownFileType = sourcecode.c.h; path = "MEGANode+init.h"; sourceTree = "<group>"; };
		940BF0A019EDBD62007E7FA2 /* MEGANodeList+init.h */ = {isa = PBXFileReference; fileEncoding = 4; lastKnownFileType = sourcecode.c.h; path = "MEGANodeList+init.h"; sourceTree = "<group>"; };
		940BF0A219EDBD62007E7FA2 /* MEGARequest+init.h */ = {isa = PBXFileReference; fileEncoding = 4; lastKnownFileType = sourcecode.c.h; path = "MEGARequest+init.h"; sourceTree = "<group>"; };
		940BF0A419EDBD62007E7FA2 /* MEGAShare+init.h */ = {isa = PBXFileReference; fileEncoding = 4; lastKnownFileType = sourcecode.c.h; path = "MEGAShare+init.h"; sourceTree = "<group>"; };
		940BF0A619EDBD62007E7FA2 /* MEGAShareList+init.h */ = {isa = PBXFileReference; fileEncoding = 4; lastKnownFileType = sourcecode.c.h; path = "MEGAShareList+init.h"; sourceTree = "<group>"; };
		940BF0A819EDBD62007E7FA2 /* MEGATransfer+init.h */ = {isa = PBXFileReference; fileEncoding = 4; lastKnownFileType = sourcecode.c.h; path = "MEGATransfer+init.h"; sourceTree = "<group>"; };
		940BF0AA19EDBD62007E7FA2 /* MEGATransferList+init.h */ = {isa = PBXFileReference; fileEncoding = 4; lastKnownFileType = sourcecode.c.h; path = "MEGATransferList+init.h"; sourceTree = "<group>"; };
		940BF0AC19EDBD62007E7FA2 /* MEGAUser+init.h */ = {isa = PBXFileReference; fileEncoding = 4; lastKnownFileType = sourcecode.c.h; path = "MEGAUser+init.h"; sourceTree = "<group>"; };
		940BF0AE19EDBD62007E7FA2 /* MEGAUserList+init.h */ = {isa = PBXFileReference; fileEncoding = 4; lastKnownFileType = sourcecode.c.h; path = "MEGAUserList+init.h"; sourceTree = "<group>"; };
		9472044319ED916F00F6805F /* libMEGASDK.a */ = {isa = PBXFileReference; explicitFileType = archive.ar; includeInIndex = 0; path = libMEGASDK.a; sourceTree = BUILT_PRODUCTS_DIR; };
		A808E4862158DAC400BDCE82 /* MEGATimeZoneDetails+init.h */ = {isa = PBXFileReference; lastKnownFileType = sourcecode.c.h; path = "MEGATimeZoneDetails+init.h"; sourceTree = "<group>"; };
		A817900E1EFACE6400110E91 /* MEGAHandleList.h */ = {isa = PBXFileReference; fileEncoding = 4; lastKnownFileType = sourcecode.c.h; path = MEGAHandleList.h; sourceTree = "<group>"; };
		A817900F1EFACE6400110E91 /* MEGAHandleList.mm */ = {isa = PBXFileReference; fileEncoding = 4; lastKnownFileType = sourcecode.cpp.objcpp; path = MEGAHandleList.mm; sourceTree = "<group>"; };
		A81790121EFAD24F00110E91 /* MEGAHandleList+init.h */ = {isa = PBXFileReference; lastKnownFileType = sourcecode.c.h; path = "MEGAHandleList+init.h"; sourceTree = "<group>"; };
		A81790131EFADDDE00110E91 /* MEGAEvent.h */ = {isa = PBXFileReference; fileEncoding = 4; lastKnownFileType = sourcecode.c.h; path = MEGAEvent.h; sourceTree = "<group>"; };
		A81790141EFADDDE00110E91 /* MEGAEvent.mm */ = {isa = PBXFileReference; fileEncoding = 4; lastKnownFileType = sourcecode.cpp.objcpp; path = MEGAEvent.mm; sourceTree = "<group>"; };
		A820A3082155111C00C8B6A5 /* MEGATimeZoneDetails.h */ = {isa = PBXFileReference; lastKnownFileType = sourcecode.c.h; path = MEGATimeZoneDetails.h; sourceTree = "<group>"; };
		A820A3092155111C00C8B6A5 /* MEGATimeZoneDetails.mm */ = {isa = PBXFileReference; lastKnownFileType = sourcecode.cpp.objcpp; path = MEGATimeZoneDetails.mm; sourceTree = "<group>"; };
		A827F4DB204D3D14006A1962 /* MEGAFolderInfo.h */ = {isa = PBXFileReference; lastKnownFileType = sourcecode.c.h; path = MEGAFolderInfo.h; sourceTree = "<group>"; };
		A827F4DC204D3D14006A1962 /* MEGAFolderInfo.mm */ = {isa = PBXFileReference; lastKnownFileType = sourcecode.cpp.objcpp; path = MEGAFolderInfo.mm; sourceTree = "<group>"; };
		A827F4DE204D450E006A1962 /* MEGAFolderInfo+init.h */ = {isa = PBXFileReference; lastKnownFileType = sourcecode.c.h; path = "MEGAFolderInfo+init.h"; sourceTree = "<group>"; };
		A8464B1E1F25F53A00102C75 /* MEGAChildrenLists.h */ = {isa = PBXFileReference; fileEncoding = 4; lastKnownFileType = sourcecode.c.h; path = MEGAChildrenLists.h; sourceTree = "<group>"; };
		A8464B1F1F25F53A00102C75 /* MEGAChildrenLists.mm */ = {isa = PBXFileReference; fileEncoding = 4; lastKnownFileType = sourcecode.cpp.objcpp; path = MEGAChildrenLists.mm; sourceTree = "<group>"; };
		A8464B211F25F68C00102C75 /* MEGAChildrenLists+init.h */ = {isa = PBXFileReference; fileEncoding = 4; lastKnownFileType = sourcecode.c.h; path = "MEGAChildrenLists+init.h"; sourceTree = "<group>"; };
		A87843F4215D078700E809EB /* useralerts.cpp */ = {isa = PBXFileReference; fileEncoding = 4; lastKnownFileType = sourcecode.cpp.cpp; name = useralerts.cpp; path = ../../src/useralerts.cpp; sourceTree = "<group>"; };
		A87D979D1F4ACF5100A98C0E /* MEGAAchievementsDetails.h */ = {isa = PBXFileReference; fileEncoding = 4; lastKnownFileType = sourcecode.c.h; path = MEGAAchievementsDetails.h; sourceTree = "<group>"; };
		A87D979E1F4ACF5100A98C0E /* MEGAAchievementsDetails.mm */ = {isa = PBXFileReference; fileEncoding = 4; lastKnownFileType = sourcecode.cpp.objcpp; path = MEGAAchievementsDetails.mm; sourceTree = "<group>"; };
		A87D97A01F4AD49B00A98C0E /* MEGAStringList.h */ = {isa = PBXFileReference; fileEncoding = 4; lastKnownFileType = sourcecode.c.h; path = MEGAStringList.h; sourceTree = "<group>"; };
		A87D97A11F4AD49B00A98C0E /* MEGAStringList.mm */ = {isa = PBXFileReference; fileEncoding = 4; lastKnownFileType = sourcecode.cpp.objcpp; path = MEGAStringList.mm; sourceTree = "<group>"; };
		A87D97A31F4AD5FD00A98C0E /* MEGAStringList+init.h */ = {isa = PBXFileReference; fileEncoding = 4; lastKnownFileType = sourcecode.c.h; path = "MEGAStringList+init.h"; sourceTree = "<group>"; };
		A87D97A61F4AD9C300A98C0E /* MEGAAchievementsDetails+init.h */ = {isa = PBXFileReference; fileEncoding = 4; lastKnownFileType = sourcecode.c.h; path = "MEGAAchievementsDetails+init.h"; sourceTree = "<group>"; };
		A8827A591F176BCA0097B5DE /* MEGATreeProcessorDelegate.h */ = {isa = PBXFileReference; fileEncoding = 4; lastKnownFileType = sourcecode.c.h; path = MEGATreeProcessorDelegate.h; sourceTree = "<group>"; };
		A8827A5A1F178A0D0097B5DE /* DelegateMEGATreeProcessorListener.h */ = {isa = PBXFileReference; fileEncoding = 4; lastKnownFileType = sourcecode.c.h; path = DelegateMEGATreeProcessorListener.h; sourceTree = "<group>"; };
		A8827A5B1F178A0D0097B5DE /* DelegateMEGATreeProcessorListener.mm */ = {isa = PBXFileReference; fileEncoding = 4; lastKnownFileType = sourcecode.cpp.objcpp; path = DelegateMEGATreeProcessorListener.mm; sourceTree = "<group>"; };
		A88722DA1FFE6A7100E3F443 /* mediafileattribute.h */ = {isa = PBXFileReference; fileEncoding = 4; lastKnownFileType = sourcecode.c.h; path = mediafileattribute.h; sourceTree = "<group>"; };
		A88722DB1FFE6A8A00E3F443 /* mediafileattribute.cpp */ = {isa = PBXFileReference; fileEncoding = 4; lastKnownFileType = sourcecode.cpp.cpp; name = mediafileattribute.cpp; path = ../../src/mediafileattribute.cpp; sourceTree = "<group>"; };
		A8A86BD21F559C0100C214DA /* mega_utf8proc.h */ = {isa = PBXFileReference; fileEncoding = 4; lastKnownFileType = sourcecode.c.h; path = mega_utf8proc.h; sourceTree = "<group>"; };
		A8A86BD31F559C0100C214DA /* mega_zxcvbn.h */ = {isa = PBXFileReference; fileEncoding = 4; lastKnownFileType = sourcecode.c.h; path = mega_zxcvbn.h; sourceTree = "<group>"; };
		A8A86BD41F559EDA00C214DA /* mega_zxcvbn.cpp */ = {isa = PBXFileReference; fileEncoding = 4; lastKnownFileType = sourcecode.cpp.cpp; name = mega_zxcvbn.cpp; path = ../../src/mega_zxcvbn.cpp; sourceTree = "<group>"; };
		A8C45FD5237AB5FE00342F36 /* testhooks.h */ = {isa = PBXFileReference; fileEncoding = 4; lastKnownFileType = sourcecode.c.h; path = testhooks.h; sourceTree = "<group>"; };
		A8C45FD6237AB61A00342F36 /* testhooks.cpp */ = {isa = PBXFileReference; fileEncoding = 4; lastKnownFileType = sourcecode.cpp.cpp; name = testhooks.cpp; path = ../../src/testhooks.cpp; sourceTree = "<group>"; };
		A8EBFDD21EFAE14C00DF89DA /* MEGAEvent+init.h */ = {isa = PBXFileReference; fileEncoding = 4; lastKnownFileType = sourcecode.c.h; path = "MEGAEvent+init.h"; sourceTree = "<group>"; };
		A8FD7332230ABA400070A5E8 /* MEGACancelToken.h */ = {isa = PBXFileReference; lastKnownFileType = sourcecode.c.h; path = MEGACancelToken.h; sourceTree = "<group>"; };
		A8FD7333230ABA400070A5E8 /* MEGACancelToken.mm */ = {isa = PBXFileReference; lastKnownFileType = sourcecode.cpp.objcpp; path = MEGACancelToken.mm; sourceTree = "<group>"; };
		A8FD7335230AC42B0070A5E8 /* MEGACancelToken+init.h */ = {isa = PBXFileReference; lastKnownFileType = sourcecode.c.h; path = "MEGACancelToken+init.h"; sourceTree = "<group>"; };
		A8FD7B611E93B3ED0031FC50 /* osxutils.h */ = {isa = PBXFileReference; fileEncoding = 4; lastKnownFileType = sourcecode.c.h; name = osxutils.h; path = osx/osxutils.h; sourceTree = "<group>"; };
		A8FD7B631E93B40E0031FC50 /* osxutils.mm */ = {isa = PBXFileReference; fileEncoding = 4; lastKnownFileType = sourcecode.cpp.objcpp; name = osxutils.mm; path = ../../src/osx/osxutils.mm; sourceTree = "<group>"; };
		B622FC762174261F00CF707C /* MEGABackgroundMediaUpload+init.h */ = {isa = PBXFileReference; lastKnownFileType = sourcecode.c.h; path = "MEGABackgroundMediaUpload+init.h"; sourceTree = "<group>"; };
		B6657E9B225C2B6200EF8D91 /* raid.cpp */ = {isa = PBXFileReference; fileEncoding = 4; lastKnownFileType = sourcecode.cpp.cpp; name = raid.cpp; path = ../../src/raid.cpp; sourceTree = "<group>"; };
		B6657E9D225C2BE600EF8D91 /* raid.h */ = {isa = PBXFileReference; fileEncoding = 4; lastKnownFileType = sourcecode.c.h; path = raid.h; sourceTree = "<group>"; };
		B698890B2198CCE300D0EE89 /* MEGAFileInputStream.mm */ = {isa = PBXFileReference; fileEncoding = 4; lastKnownFileType = sourcecode.cpp.objcpp; path = MEGAFileInputStream.mm; sourceTree = "<group>"; };
		B698890C2198CCE300D0EE89 /* MEGAFileInputStream.h */ = {isa = PBXFileReference; fileEncoding = 4; lastKnownFileType = sourcecode.c.h; path = MEGAFileInputStream.h; sourceTree = "<group>"; };
		B6A6CB642170125A009032C9 /* MEGABackgroundMediaUpload.h */ = {isa = PBXFileReference; lastKnownFileType = sourcecode.c.h; path = MEGABackgroundMediaUpload.h; sourceTree = "<group>"; };
		B6A6CB652170125A009032C9 /* MEGABackgroundMediaUpload.mm */ = {isa = PBXFileReference; lastKnownFileType = sourcecode.cpp.objcpp; path = MEGABackgroundMediaUpload.mm; sourceTree = "<group>"; };
		BFD7F5152341B3A60039A6EE /* MEGAPushNotificationSettings.h */ = {isa = PBXFileReference; fileEncoding = 4; lastKnownFileType = sourcecode.c.h; path = MEGAPushNotificationSettings.h; sourceTree = "<group>"; };
		BFD7F5162341B3A60039A6EE /* MEGAPushNotificationSettings.mm */ = {isa = PBXFileReference; fileEncoding = 4; lastKnownFileType = sourcecode.cpp.objcpp; path = MEGAPushNotificationSettings.mm; sourceTree = "<group>"; };
		BFD7F5182341B3B50039A6EE /* MEGAPushNotificationSettings+init.h */ = {isa = PBXFileReference; lastKnownFileType = sourcecode.c.h; path = "MEGAPushNotificationSettings+init.h"; sourceTree = "<group>"; };
/* End PBXFileReference section */

/* Begin PBXFrameworksBuildPhase section */
		9472044019ED916F00F6805F /* Frameworks */ = {
			isa = PBXFrameworksBuildPhase;
			buildActionMask = 2147483647;
			files = (
			);
			runOnlyForDeploymentPostprocessing = 0;
		};
/* End PBXFrameworksBuildPhase section */

/* Begin PBXGroup section */
		940BEF9719ED9259007E7FA2 /* sdk */ = {
			isa = PBXGroup;
			children = (
				A8FD7B651E93B4100031FC50 /* osx */,
				940BF03919EDBCAD007E7FA2 /* include */,
				940BEFD619ED9351007E7FA2 /* crypto */,
				940BEFD919ED9351007E7FA2 /* db */,
				940BEFDC19ED9351007E7FA2 /* gfx */,
				940BEFE019ED9351007E7FA2 /* posix */,
				940BEFE619ED9351007E7FA2 /* thread */,
				940BEF9819ED92C2007E7FA2 /* attrmap.cpp */,
				940BEF9919ED92C2007E7FA2 /* backofftimer.cpp */,
				940BEF9A19ED92C2007E7FA2 /* base64.cpp */,
				940BEF9B19ED92C2007E7FA2 /* command.cpp */,
				940BEF9C19ED92C2007E7FA2 /* commands.cpp */,
				940BEF9D19ED92C2007E7FA2 /* db.cpp */,
				940BEF9E19ED92C2007E7FA2 /* file.cpp */,
				6D278C4CACCF44D99ACFC056 /* filter.cpp */,
				940BEF9F19ED92C2007E7FA2 /* fileattributefetch.cpp */,
				940BEFA019ED92C2007E7FA2 /* filefingerprint.cpp */,
				940BEFA119ED92C2007E7FA2 /* filesystem.cpp */,
				940BEFA219ED92C2007E7FA2 /* gfx.cpp */,
				940BEFA319ED92C2007E7FA2 /* http.cpp */,
				940BEFA419ED92C2007E7FA2 /* json.cpp */,
				940BEFA519ED92C2007E7FA2 /* logging.cpp */,
				A88722DB1FFE6A8A00E3F443 /* mediafileattribute.cpp */,
				5B72A14C20D3B3FB007FE4FD /* mega_ccronexpr.cpp */,
				7765A76620528445004C2FEB /* mega_evt_tls.cpp */,
				414820991C561CB500552E76 /* mega_http_parser.cpp */,
				41A990721A5D305700B2094A /* mega_utf8proc.cpp */,
				A8A86BD41F559EDA00C214DA /* mega_zxcvbn.cpp */,
				940BEFA619ED92C2007E7FA2 /* megaapi_impl.cpp */,
				940BEFA719ED92C2007E7FA2 /* megaapi.cpp */,
				940BEFA819ED92C2007E7FA2 /* megaclient.cpp */,
				940BEFA919ED92C2007E7FA2 /* node.cpp */,
				A87843F4215D078700E809EB /* useralerts.cpp */,
				41D143D91B5FC053000CA86F /* pendingcontactrequest.cpp */,
				940BEFAA19ED92C2007E7FA2 /* proxy.cpp */,
				940BEFAB19ED92C2007E7FA2 /* pubkeyaction.cpp */,
				B6657E9B225C2B6200EF8D91 /* raid.cpp */,
				940BEFAC19ED92C2007E7FA2 /* request.cpp */,
				940BEFAD19ED92C2007E7FA2 /* serialize64.cpp */,
				940BEFAE19ED92C2007E7FA2 /* share.cpp */,
				940BEFAF19ED92C2007E7FA2 /* sharenodekeys.cpp */,
				940BEFB019ED92C2007E7FA2 /* sync.cpp */,
				A8C45FD6237AB61A00342F36 /* testhooks.cpp */,
				940BEFB119ED92C2007E7FA2 /* transfer.cpp */,
				940BEFB219ED92C2007E7FA2 /* transferslot.cpp */,
				940BEFB319ED92C2007E7FA2 /* treeproc.cpp */,
				940BEFB419ED92C2007E7FA2 /* user.cpp */,
				940BEFB519ED92C2007E7FA2 /* utils.cpp */,
				940BEFB619ED92C2007E7FA2 /* waiterbase.cpp */,
			);
			name = sdk;
			sourceTree = "<group>";
		};
		940BEFD619ED9351007E7FA2 /* crypto */ = {
			isa = PBXGroup;
			children = (
				940BEFD719ED9351007E7FA2 /* cryptopp.cpp */,
				940BEFD819ED9351007E7FA2 /* sodium.cpp */,
			);
			name = crypto;
			path = ../../src/crypto;
			sourceTree = "<group>";
		};
		940BEFD919ED9351007E7FA2 /* db */ = {
			isa = PBXGroup;
			children = (
				940BEFDB19ED9351007E7FA2 /* sqlite.cpp */,
			);
			name = db;
			path = ../../src/db;
			sourceTree = "<group>";
		};
		940BEFDC19ED9351007E7FA2 /* gfx */ = {
			isa = PBXGroup;
			children = (
				41AB68F11A094194003FE608 /* GfxProcCG.mm */,
				940BEFDD19ED9351007E7FA2 /* external.cpp */,
			);
			name = gfx;
			path = ../../src/gfx;
			sourceTree = "<group>";
		};
		940BEFE019ED9351007E7FA2 /* posix */ = {
			isa = PBXGroup;
			children = (
				940BEFE119ED9351007E7FA2 /* console.cpp */,
				940BEFE219ED9351007E7FA2 /* consolewaiter.cpp */,
				940BEFE319ED9351007E7FA2 /* fs.cpp */,
				940BEFE419ED9351007E7FA2 /* net.cpp */,
				940BEFE519ED9351007E7FA2 /* waiter.cpp */,
			);
			name = posix;
			path = ../../src/posix;
			sourceTree = "<group>";
		};
		940BEFE619ED9351007E7FA2 /* thread */ = {
			isa = PBXGroup;
			children = (
				940BEFE819ED9351007E7FA2 /* posixthread.cpp */,
			);
			name = thread;
			path = ../../src/thread;
			sourceTree = "<group>";
		};
		940BEFF919ED9723007E7FA2 /* bindings */ = {
			isa = PBXGroup;
			children = (
				940BF09B19EDBD62007E7FA2 /* Private */,
				940BF08A19EDBD62007E7FA2 /* MEGAAccountDetails.h */,
				940BEFFE19ED97B9007E7FA2 /* MEGAAccountDetails.mm */,
				940BF08B19EDBD62007E7FA2 /* MEGASdk.h */,
				940BEFFF19ED97B9007E7FA2 /* MEGASdk.mm */,
				940BF08C19EDBD62007E7FA2 /* MEGAError.h */,
				940BF00019ED97B9007E7FA2 /* MEGAError.mm */,
				940BF08D19EDBD62007E7FA2 /* MEGAGlobalDelegate.h */,
				940BF08E19EDBD62007E7FA2 /* MEGADelegate.h */,
				940BF09219EDBD62007E7FA2 /* MEGARequestDelegate.h */,
				940BF09619EDBD62007E7FA2 /* MEGATransferDelegate.h */,
				41AD7A7B1A1E0F1B00D66856 /* MEGALoggerDelegate.h */,
				A8827A591F176BCA0097B5DE /* MEGATreeProcessorDelegate.h */,
				940BF08F19EDBD62007E7FA2 /* MEGANode.h */,
				940BF00119ED97B9007E7FA2 /* MEGANode.mm */,
				940BF09019EDBD62007E7FA2 /* MEGANodeList.h */,
				940BF00219ED97B9007E7FA2 /* MEGANodeList.mm */,
				940BF09119EDBD62007E7FA2 /* MEGARequest.h */,
				940BF00319ED97B9007E7FA2 /* MEGARequest.mm */,
				940BF09319EDBD62007E7FA2 /* MEGAShare.h */,
				940BF00419ED97B9007E7FA2 /* MEGAShare.mm */,
				940BF09419EDBD62007E7FA2 /* MEGAShareList.h */,
				940BF00519ED97B9007E7FA2 /* MEGAShareList.mm */,
				940BF09519EDBD62007E7FA2 /* MEGATransfer.h */,
				940BF00619ED97B9007E7FA2 /* MEGATransfer.mm */,
				940BF09719EDBD62007E7FA2 /* MEGATransferList.h */,
				940BF00719ED97B9007E7FA2 /* MEGATransferList.mm */,
				940BF09919EDBD62007E7FA2 /* MEGAUser.h */,
				940BF00819ED97B9007E7FA2 /* MEGAUser.mm */,
				5B23B7782164FC7C00600733 /* MEGAUserAlert.h */,
				5B23B77A2164FC7C00600733 /* MEGAUserAlert.mm */,
				5B23B7792164FC7C00600733 /* MEGAUserAlertList.h */,
				5B23B77B2164FC7C00600733 /* MEGAUserAlertList.mm */,
				940BF09A19EDBD62007E7FA2 /* MEGAUserList.h */,
				940BF00919ED97B9007E7FA2 /* MEGAUserList.mm */,
				41B538CA1A0284CB00EABDC9 /* MEGAPricing.h */,
				41B538CB1A0284CB00EABDC9 /* MEGAPricing.mm */,
				41D98CFF1BD54B5200764370 /* MEGAContactRequest.h */,
				41D98D001BD54B5200764370 /* MEGAContactRequest.mm */,
				41D98D051BD562AD00764370 /* MEGAContactRequestList.h */,
				41D98D061BD562AD00764370 /* MEGAContactRequestList.mm */,
				A817900E1EFACE6400110E91 /* MEGAHandleList.h */,
				A817900F1EFACE6400110E91 /* MEGAHandleList.mm */,
				A81790131EFADDDE00110E91 /* MEGAEvent.h */,
				A81790141EFADDDE00110E91 /* MEGAEvent.mm */,
				A8464B1E1F25F53A00102C75 /* MEGAChildrenLists.h */,
				A8464B1F1F25F53A00102C75 /* MEGAChildrenLists.mm */,
				A87D979D1F4ACF5100A98C0E /* MEGAAchievementsDetails.h */,
				A87D979E1F4ACF5100A98C0E /* MEGAAchievementsDetails.mm */,
				A87D97A01F4AD49B00A98C0E /* MEGAStringList.h */,
				A87D97A11F4AD49B00A98C0E /* MEGAStringList.mm */,
				A827F4DB204D3D14006A1962 /* MEGAFolderInfo.h */,
				A827F4DC204D3D14006A1962 /* MEGAFolderInfo.mm */,
				A820A3082155111C00C8B6A5 /* MEGATimeZoneDetails.h */,
				A820A3092155111C00C8B6A5 /* MEGATimeZoneDetails.mm */,
				5B1D7CDD21F1E01E00B0215E /* MEGARecentActionBucket.h */,
				5B1D7CE121F1E07200B0215E /* MEGARecentActionBucket.mm */,
				B6A6CB642170125A009032C9 /* MEGABackgroundMediaUpload.h */,
				B6A6CB652170125A009032C9 /* MEGABackgroundMediaUpload.mm */,
				A8FD7332230ABA400070A5E8 /* MEGACancelToken.h */,
				A8FD7333230ABA400070A5E8 /* MEGACancelToken.mm */,
				BFD7F5152341B3A60039A6EE /* MEGAPushNotificationSettings.h */,
				BFD7F5162341B3A60039A6EE /* MEGAPushNotificationSettings.mm */,
			);
			name = bindings;
			sourceTree = "<group>";
		};
		940BF03919EDBCAD007E7FA2 /* include */ = {
			isa = PBXGroup;
			children = (
				940BF03C19EDBCAD007E7FA2 /* mega */,
				940BF08319EDBCAD007E7FA2 /* mega.h */,
				940BF08419EDBCAD007E7FA2 /* megaapi.h */,
				940BF08519EDBCAD007E7FA2 /* megaapi_impl.h */,
			);
			name = include;
			path = ../../include;
			sourceTree = "<group>";
		};
		940BF03C19EDBCAD007E7FA2 /* mega */ = {
			isa = PBXGroup;
			children = (
				A8FD7B621E93B3FB0031FC50 /* osx */,
				940BF03D19EDBCAD007E7FA2 /* account.h */,
				940BF03E19EDBCAD007E7FA2 /* attrmap.h */,
				940BF03F19EDBCAD007E7FA2 /* backofftimer.h */,
				940BF04019EDBCAD007E7FA2 /* base64.h */,
				940BF04119EDBCAD007E7FA2 /* command.h */,
				940BF04419EDBCAD007E7FA2 /* console.h */,
				940BF04519EDBCAD007E7FA2 /* crypto */,
				940BF04819EDBCAD007E7FA2 /* db */,
				940BF04B19EDBCAD007E7FA2 /* db.h */,
				940BF04C19EDBCAD007E7FA2 /* file.h */,
				3B45B5D817D0481A848902A4 /* filter.h */,
				940BF04D19EDBCAD007E7FA2 /* fileattributefetch.h */,
				940BF04E19EDBCAD007E7FA2 /* filefingerprint.h */,
				940BF04F19EDBCAD007E7FA2 /* filesystem.h */,
				940BF05019EDBCAD007E7FA2 /* gfx */,
				940BF05419EDBCAD007E7FA2 /* gfx.h */,
				940BF05519EDBCAD007E7FA2 /* http.h */,
				940BF05619EDBCAD007E7FA2 /* json.h */,
				940BF05719EDBCAD007E7FA2 /* logging.h */,
				A88722DA1FFE6A7100E3F443 /* mediafileattribute.h */,
				940BF05819EDBCAD007E7FA2 /* megaapp.h */,
				940BF05919EDBCAD007E7FA2 /* megaclient.h */,
				414820951C523B2D00552E76 /* mega_http_parser.h */,
				A8A86BD21F559C0100C214DA /* mega_utf8proc.h */,
				A8A86BD31F559C0100C214DA /* mega_zxcvbn.h */,
				940BF05A19EDBCAD007E7FA2 /* node.h */,
				940BF05B19EDBCAD007E7FA2 /* posix */,
				940BF06219EDBCAD007E7FA2 /* proxy.h */,
				414820961C523B2D00552E76 /* pendingcontactrequest.h */,
				940BF06319EDBCAD007E7FA2 /* pubkeyaction.h */,
				B6657E9D225C2BE600EF8D91 /* raid.h */,
				940BF06419EDBCAD007E7FA2 /* request.h */,
				940BF06519EDBCAD007E7FA2 /* serialize64.h */,
				940BF06619EDBCAD007E7FA2 /* share.h */,
				940BF06719EDBCAD007E7FA2 /* sharenodekeys.h */,
				940BF06819EDBCAD007E7FA2 /* sync.h */,
				A8C45FD5237AB5FE00342F36 /* testhooks.h */,
				940BF06919EDBCAD007E7FA2 /* thread */,
				940BF06D19EDBCAD007E7FA2 /* thread.h */,
				940BF06E19EDBCAD007E7FA2 /* transfer.h */,
				940BF06F19EDBCAD007E7FA2 /* transferslot.h */,
				940BF07019EDBCAD007E7FA2 /* treeproc.h */,
				940BF07119EDBCAD007E7FA2 /* types.h */,
				940BF07219EDBCAD007E7FA2 /* user.h */,
				940BF07319EDBCAD007E7FA2 /* utils.h */,
				940BF07419EDBCAD007E7FA2 /* waiter.h */,
			);
			path = mega;
			sourceTree = "<group>";
		};
		940BF04519EDBCAD007E7FA2 /* crypto */ = {
			isa = PBXGroup;
			children = (
				940BF04619EDBCAD007E7FA2 /* cryptopp.h */,
			);
			path = crypto;
			sourceTree = "<group>";
		};
		940BF04819EDBCAD007E7FA2 /* db */ = {
			isa = PBXGroup;
			children = (
				940BF04A19EDBCAD007E7FA2 /* sqlite.h */,
			);
			path = db;
			sourceTree = "<group>";
		};
		940BF05019EDBCAD007E7FA2 /* gfx */ = {
			isa = PBXGroup;
			children = (
				41F01E301C087D4C001E18E6 /* GfxProcCG.h */,
				940BF05119EDBCAD007E7FA2 /* external.h */,
			);
			path = gfx;
			sourceTree = "<group>";
		};
		940BF05B19EDBCAD007E7FA2 /* posix */ = {
			isa = PBXGroup;
			children = (
				940BF05C19EDBCAD007E7FA2 /* megaconsole.h */,
				940BF05D19EDBCAD007E7FA2 /* megaconsolewaiter.h */,
				940BF05E19EDBCAD007E7FA2 /* megafs.h */,
				940BF05F19EDBCAD007E7FA2 /* meganet.h */,
				940BF06019EDBCAD007E7FA2 /* megasys.h */,
				940BF06119EDBCAD007E7FA2 /* megawaiter.h */,
			);
			path = posix;
			sourceTree = "<group>";
		};
		940BF06919EDBCAD007E7FA2 /* thread */ = {
			isa = PBXGroup;
			children = (
				940BF06B19EDBCAD007E7FA2 /* posixthread.h */,
			);
			path = thread;
			sourceTree = "<group>";
		};
		940BF09B19EDBD62007E7FA2 /* Private */ = {
			isa = PBXGroup;
			children = (
				A8827A5A1F178A0D0097B5DE /* DelegateMEGATreeProcessorListener.h */,
				A8827A5B1F178A0D0097B5DE /* DelegateMEGATreeProcessorListener.mm */,
				41AD7A7D1A1E10F900D66856 /* DelegateMEGALoggerListener.h */,
				41AD7A7C1A1E10F900D66856 /* DelegateMEGALoggerListener.mm */,
				41B2AED11A0A859C006C40FB /* DelegateMEGAGlobalListener.h */,
				41B2AED21A0A859C006C40FB /* DelegateMEGAGlobalListener.mm */,
				41B2AED31A0A859C006C40FB /* DelegateMEGAListener.h */,
				41B2AED41A0A859C006C40FB /* DelegateMEGAListener.mm */,
				41B2AED51A0A859C006C40FB /* DelegateMEGARequestListener.h */,
				41B2AED61A0A859C006C40FB /* DelegateMEGARequestListener.mm */,
				41B2AED71A0A859C006C40FB /* DelegateMEGATransferListener.h */,
				41B2AED81A0A859C006C40FB /* DelegateMEGATransferListener.mm */,
				940BF09C19EDBD62007E7FA2 /* MEGAError+init.h */,
				940BF09E19EDBD62007E7FA2 /* MEGANode+init.h */,
				940BF0A019EDBD62007E7FA2 /* MEGANodeList+init.h */,
				940BF0A219EDBD62007E7FA2 /* MEGARequest+init.h */,
				940BF0A419EDBD62007E7FA2 /* MEGAShare+init.h */,
				940BF0A619EDBD62007E7FA2 /* MEGAShareList+init.h */,
				940BF0A819EDBD62007E7FA2 /* MEGATransfer+init.h */,
				940BF0AA19EDBD62007E7FA2 /* MEGATransferList+init.h */,
				940BF0AC19EDBD62007E7FA2 /* MEGAUser+init.h */,
				940BF0AE19EDBD62007E7FA2 /* MEGAUserList+init.h */,
				5B23B77F2164FCE500600733 /* MEGAUserAlert+init.h */,
				5B23B77E2164FCE500600733 /* MEGAUserAlertList+init.h */,
				41B0CE781A038EB9008D6044 /* MEGAPricing+init.h */,
				41AB68ED1A093C3D003FE608 /* MEGASdk+init.h */,
				41AA739B1A56B246008601DD /* MEGAAccountDetails+init.h */,
				418412711BA1A06600D94E72 /* MEGADataInputStream.h */,
				418412721BA1A06600D94E72 /* MEGADataInputStream.mm */,
				B698890C2198CCE300D0EE89 /* MEGAFileInputStream.h */,
				B698890B2198CCE300D0EE89 /* MEGAFileInputStream.mm */,
				41D98D021BD5504700764370 /* MEGAContactRequest+init.h */,
				41D98D081BD5679C00764370 /* MEGAContactRequestList+init.h */,
				A81790121EFAD24F00110E91 /* MEGAHandleList+init.h */,
				A8EBFDD21EFAE14C00DF89DA /* MEGAEvent+init.h */,
				A8464B211F25F68C00102C75 /* MEGAChildrenLists+init.h */,
				A87D97A31F4AD5FD00A98C0E /* MEGAStringList+init.h */,
				A87D97A61F4AD9C300A98C0E /* MEGAAchievementsDetails+init.h */,
				A827F4DE204D450E006A1962 /* MEGAFolderInfo+init.h */,
				A808E4862158DAC400BDCE82 /* MEGATimeZoneDetails+init.h */,
				5B0670CD21F5BABD00AD9F99 /* MEGARecentActionBucket+init.h */,
				B622FC762174261F00CF707C /* MEGABackgroundMediaUpload+init.h */,
				A8FD7335230AC42B0070A5E8 /* MEGACancelToken+init.h */,
				BFD7F5182341B3B50039A6EE /* MEGAPushNotificationSettings+init.h */,
			);
			path = Private;
			sourceTree = "<group>";
		};
		9472043A19ED916F00F6805F = {
			isa = PBXGroup;
			children = (
				940BEFF919ED9723007E7FA2 /* bindings */,
				940BEF9719ED9259007E7FA2 /* sdk */,
				9472044419ED916F00F6805F /* Products */,
				A82751021E97A929007CD9E2 /* Frameworks */,
			);
			sourceTree = "<group>";
		};
		9472044419ED916F00F6805F /* Products */ = {
			isa = PBXGroup;
			children = (
				9472044319ED916F00F6805F /* libMEGASDK.a */,
			);
			name = Products;
			sourceTree = "<group>";
		};
		A82751021E97A929007CD9E2 /* Frameworks */ = {
			isa = PBXGroup;
			children = (
			);
			name = Frameworks;
			sourceTree = "<group>";
		};
		A8FD7B621E93B3FB0031FC50 /* osx */ = {
			isa = PBXGroup;
			children = (
				A8FD7B611E93B3ED0031FC50 /* osxutils.h */,
			);
			name = osx;
			sourceTree = "<group>";
		};
		A8FD7B651E93B4100031FC50 /* osx */ = {
			isa = PBXGroup;
			children = (
				A8FD7B631E93B40E0031FC50 /* osxutils.mm */,
			);
			name = osx;
			sourceTree = "<group>";
		};
/* End PBXGroup section */

/* Begin PBXNativeTarget section */
		9472044219ED916F00F6805F /* MEGASDK */ = {
			isa = PBXNativeTarget;
			buildConfigurationList = 9472045419ED916F00F6805F /* Build configuration list for PBXNativeTarget "MEGASDK" */;
			buildPhases = (
				9472043F19ED916F00F6805F /* Sources */,
				9472044019ED916F00F6805F /* Frameworks */,
				9472044119ED916F00F6805F /* CopyFiles */,
			);
			buildRules = (
			);
			dependencies = (
			);
			name = MEGASDK;
			productName = mega;
			productReference = 9472044319ED916F00F6805F /* libMEGASDK.a */;
			productType = "com.apple.product-type.library.static";
		};
/* End PBXNativeTarget section */

/* Begin PBXProject section */
		9472043B19ED916F00F6805F /* Project object */ = {
			isa = PBXProject;
			attributes = {
				LastUpgradeCheck = 1020;
				ORGANIZATIONNAME = MEGA;
				TargetAttributes = {
					9472044219ED916F00F6805F = {
						CreatedOnToolsVersion = 6.0.1;
					};
				};
			};
			buildConfigurationList = 9472043E19ED916F00F6805F /* Build configuration list for PBXProject "MEGASDK" */;
			compatibilityVersion = "Xcode 3.2";
			developmentRegion = en;
			hasScannedForEncodings = 0;
			knownRegions = (
				en,
			);
			mainGroup = 9472043A19ED916F00F6805F;
			productRefGroup = 9472044419ED916F00F6805F /* Products */;
			projectDirPath = "";
			projectRoot = "";
			targets = (
				9472044219ED916F00F6805F /* MEGASDK */,
			);
		};
/* End PBXProject section */

/* Begin PBXSourcesBuildPhase section */
		9472043F19ED916F00F6805F /* Sources */ = {
			isa = PBXSourcesBuildPhase;
			buildActionMask = 2147483647;
			files = (
				7765A76720528445004C2FEB /* mega_evt_tls.cpp in Sources */,
				940BEFC619ED92C2007E7FA2 /* megaapi.cpp in Sources */,
				940BEFF219ED9351007E7FA2 /* consolewaiter.cpp in Sources */,
				A87D97A21F4AD49B00A98C0E /* MEGAStringList.mm in Sources */,
				940BF01519ED97B9007E7FA2 /* MEGAShareList.mm in Sources */,
				41B2AEDA1A0A859C006C40FB /* DelegateMEGAListener.mm in Sources */,
				A8A86BD51F559EDA00C214DA /* mega_zxcvbn.cpp in Sources */,
				A8FD7B641E93B40E0031FC50 /* osxutils.mm in Sources */,
				940BEFB819ED92C2007E7FA2 /* backofftimer.cpp in Sources */,
				A8C45FD7237AB61A00342F36 /* testhooks.cpp in Sources */,
				BFD7F5172341B3A60039A6EE /* MEGAPushNotificationSettings.mm in Sources */,
				940BEFF419ED9351007E7FA2 /* net.cpp in Sources */,
				940BF01119ED97B9007E7FA2 /* MEGANode.mm in Sources */,
				940BF01419ED97B9007E7FA2 /* MEGAShare.mm in Sources */,
				41D143DA1B5FC053000CA86F /* pendingcontactrequest.cpp in Sources */,
				940BF01219ED97B9007E7FA2 /* MEGANodeList.mm in Sources */,
				418412731BA1A06600D94E72 /* MEGADataInputStream.mm in Sources */,
				940BEFC419ED92C2007E7FA2 /* logging.cpp in Sources */,
				940BEFF519ED9351007E7FA2 /* waiter.cpp in Sources */,
				A81790151EFADDDE00110E91 /* MEGAEvent.mm in Sources */,
				940BEFB719ED92C2007E7FA2 /* attrmap.cpp in Sources */,
				A87D979F1F4ACF5100A98C0E /* MEGAAchievementsDetails.mm in Sources */,
				940BEFC119ED92C2007E7FA2 /* gfx.cpp in Sources */,
				41B2AED91A0A859C006C40FB /* DelegateMEGAGlobalListener.mm in Sources */,
				940BF01019ED97B9007E7FA2 /* MEGAError.mm in Sources */,
				940BEFBD19ED92C2007E7FA2 /* file.cpp in Sources */,
				BECAAD977F5F4092A01CCE5D /* filter.cpp in Sources */,
				940BF00E19ED97B9007E7FA2 /* MEGAAccountDetails.mm in Sources */,
				940BEFF119ED9351007E7FA2 /* console.cpp in Sources */,
				940BF01719ED97B9007E7FA2 /* MEGATransferList.mm in Sources */,
				940BEFC319ED92C2007E7FA2 /* json.cpp in Sources */,
				940BEFD519ED92C2007E7FA2 /* waiterbase.cpp in Sources */,
				940BEFCB19ED92C2007E7FA2 /* request.cpp in Sources */,
				940BEFBF19ED92C2007E7FA2 /* filefingerprint.cpp in Sources */,
				940BEFC219ED92C2007E7FA2 /* http.cpp in Sources */,
				41D98D071BD562AD00764370 /* MEGAContactRequestList.mm in Sources */,
				4148209A1C561CB500552E76 /* mega_http_parser.cpp in Sources */,
				940BEFF719ED9351007E7FA2 /* posixthread.cpp in Sources */,
				940BEFCD19ED92C2007E7FA2 /* share.cpp in Sources */,
				940BEFC019ED92C2007E7FA2 /* filesystem.cpp in Sources */,
				940BEFB919ED92C2007E7FA2 /* base64.cpp in Sources */,
				B6657E9C225C2B6200EF8D91 /* raid.cpp in Sources */,
				940BEFC819ED92C2007E7FA2 /* node.cpp in Sources */,
				940BF00F19ED97B9007E7FA2 /* MEGASdk.mm in Sources */,
				940BEFBC19ED92C2007E7FA2 /* db.cpp in Sources */,
				940BEFCE19ED92C2007E7FA2 /* sharenodekeys.cpp in Sources */,
				940BF01319ED97B9007E7FA2 /* MEGARequest.mm in Sources */,
				940BEFCC19ED92C2007E7FA2 /* serialize64.cpp in Sources */,
				940BEFC919ED92C2007E7FA2 /* proxy.cpp in Sources */,
				940BEFBE19ED92C2007E7FA2 /* fileattributefetch.cpp in Sources */,
				940BEFBA19ED92C2007E7FA2 /* command.cpp in Sources */,
				940BEFD019ED92C2007E7FA2 /* transfer.cpp in Sources */,
				5B72A14D20D3B3FB007FE4FD /* mega_ccronexpr.cpp in Sources */,
				A8FD7334230ABA400070A5E8 /* MEGACancelToken.mm in Sources */,
				41AD7A7E1A1E10F900D66856 /* DelegateMEGALoggerListener.mm in Sources */,
				41A990731A5D305700B2094A /* mega_utf8proc.cpp in Sources */,
				A81790101EFACE6400110E91 /* MEGAHandleList.mm in Sources */,
				A8464B201F25F53A00102C75 /* MEGAChildrenLists.mm in Sources */,
				A8827A5C1F178A0D0097B5DE /* DelegateMEGATreeProcessorListener.mm in Sources */,
				41B2AEDC1A0A859C006C40FB /* DelegateMEGATransferListener.mm in Sources */,
				41B538CC1A0284CB00EABDC9 /* MEGAPricing.mm in Sources */,
				940BEFD419ED92C2007E7FA2 /* utils.cpp in Sources */,
				A87843F5215D078700E809EB /* useralerts.cpp in Sources */,
				B698890D2198CCE300D0EE89 /* MEGAFileInputStream.mm in Sources */,
				940BEFF319ED9351007E7FA2 /* fs.cpp in Sources */,
				A88722DC1FFE6A8B00E3F443 /* mediafileattribute.cpp in Sources */,
				A827F4DD204D3D14006A1962 /* MEGAFolderInfo.mm in Sources */,
				B6A6CB662170125A009032C9 /* MEGABackgroundMediaUpload.mm in Sources */,
				940BEFC719ED92C2007E7FA2 /* megaclient.cpp in Sources */,
				940BEFEB19ED9351007E7FA2 /* sodium.cpp in Sources */,
				41B2AEDB1A0A859C006C40FB /* DelegateMEGARequestListener.mm in Sources */,
				940BEFBB19ED92C2007E7FA2 /* commands.cpp in Sources */,
				5B23B77C2164FC7C00600733 /* MEGAUserAlert.mm in Sources */,
				940BF01819ED97B9007E7FA2 /* MEGAUser.mm in Sources */,
				940BEFC519ED92C2007E7FA2 /* megaapi_impl.cpp in Sources */,
				940BF01619ED97B9007E7FA2 /* MEGATransfer.mm in Sources */,
				940BEFED19ED9351007E7FA2 /* sqlite.cpp in Sources */,
				940BEFCF19ED92C2007E7FA2 /* sync.cpp in Sources */,
				940BEFD219ED92C2007E7FA2 /* treeproc.cpp in Sources */,
				940BEFCA19ED92C2007E7FA2 /* pubkeyaction.cpp in Sources */,
				41AB68F21A094194003FE608 /* GfxProcCG.mm in Sources */,
				940BEFEE19ED9351007E7FA2 /* external.cpp in Sources */,
				5B1D7CE221F1E07200B0215E /* MEGARecentActionBucket.mm in Sources */,
				940BEFD319ED92C2007E7FA2 /* user.cpp in Sources */,
				940BEFEA19ED9351007E7FA2 /* cryptopp.cpp in Sources */,
				940BF01919ED97B9007E7FA2 /* MEGAUserList.mm in Sources */,
				A820A30A2155111C00C8B6A5 /* MEGATimeZoneDetails.mm in Sources */,
				41D98D011BD54B5200764370 /* MEGAContactRequest.mm in Sources */,
				940BEFD119ED92C2007E7FA2 /* transferslot.cpp in Sources */,
				5B23B77D2164FC7C00600733 /* MEGAUserAlertList.mm in Sources */,
			);
			runOnlyForDeploymentPostprocessing = 0;
		};
/* End PBXSourcesBuildPhase section */

/* Begin XCBuildConfiguration section */
		9472045219ED916F00F6805F /* Debug */ = {
			isa = XCBuildConfiguration;
			buildSettings = {
				ALWAYS_SEARCH_USER_PATHS = NO;
				CLANG_CXX_LANGUAGE_STANDARD = "gnu++0x";
				CLANG_CXX_LIBRARY = "libc++";
				CLANG_ENABLE_MODULES = YES;
				CLANG_ENABLE_OBJC_ARC = YES;
				CLANG_WARN_BLOCK_CAPTURE_AUTORELEASING = YES;
				CLANG_WARN_BOOL_CONVERSION = YES;
				CLANG_WARN_COMMA = YES;
				CLANG_WARN_CONSTANT_CONVERSION = YES;
				CLANG_WARN_DEPRECATED_OBJC_IMPLEMENTATIONS = YES;
				CLANG_WARN_DIRECT_OBJC_ISA_USAGE = YES_ERROR;
				CLANG_WARN_EMPTY_BODY = YES;
				CLANG_WARN_ENUM_CONVERSION = YES;
				CLANG_WARN_INFINITE_RECURSION = YES;
				CLANG_WARN_INT_CONVERSION = YES;
				CLANG_WARN_NON_LITERAL_NULL_CONVERSION = YES;
				CLANG_WARN_OBJC_IMPLICIT_RETAIN_SELF = YES;
				CLANG_WARN_OBJC_LITERAL_CONVERSION = YES;
				CLANG_WARN_OBJC_ROOT_CLASS = YES_ERROR;
				CLANG_WARN_RANGE_LOOP_ANALYSIS = YES;
				CLANG_WARN_STRICT_PROTOTYPES = YES;
				CLANG_WARN_SUSPICIOUS_MOVE = YES;
				CLANG_WARN_UNREACHABLE_CODE = YES;
				CLANG_WARN__DUPLICATE_METHOD_MATCH = YES;
				COPY_PHASE_STRIP = NO;
				ENABLE_BITCODE = NO;
				ENABLE_STRICT_OBJC_MSGSEND = YES;
				ENABLE_TESTABILITY = YES;
				GCC_C_LANGUAGE_STANDARD = gnu99;
				GCC_DYNAMIC_NO_PIC = NO;
				GCC_NO_COMMON_BLOCKS = YES;
				GCC_OPTIMIZATION_LEVEL = 0;
				GCC_PREPROCESSOR_DEFINITIONS = (
					"DEBUG=1",
					"$(inherited)",
				);
				GCC_SYMBOLS_PRIVATE_EXTERN = NO;
				GCC_WARN_64_TO_32_BIT_CONVERSION = YES;
				GCC_WARN_ABOUT_RETURN_TYPE = YES_ERROR;
				GCC_WARN_UNDECLARED_SELECTOR = YES;
				GCC_WARN_UNINITIALIZED_AUTOS = YES_AGGRESSIVE;
				GCC_WARN_UNUSED_FUNCTION = YES;
				GCC_WARN_UNUSED_VARIABLE = YES;
				IPHONEOS_DEPLOYMENT_TARGET = 10.0;
				MTL_ENABLE_DEBUG_INFO = YES;
				ONLY_ACTIVE_ARCH = YES;
				SDKROOT = iphoneos;
			};
			name = Debug;
		};
		9472045319ED916F00F6805F /* Release */ = {
			isa = XCBuildConfiguration;
			buildSettings = {
				ALWAYS_SEARCH_USER_PATHS = NO;
				CLANG_CXX_LANGUAGE_STANDARD = "gnu++0x";
				CLANG_CXX_LIBRARY = "libc++";
				CLANG_ENABLE_MODULES = YES;
				CLANG_ENABLE_OBJC_ARC = YES;
				CLANG_WARN_BLOCK_CAPTURE_AUTORELEASING = YES;
				CLANG_WARN_BOOL_CONVERSION = YES;
				CLANG_WARN_COMMA = YES;
				CLANG_WARN_CONSTANT_CONVERSION = YES;
				CLANG_WARN_DEPRECATED_OBJC_IMPLEMENTATIONS = YES;
				CLANG_WARN_DIRECT_OBJC_ISA_USAGE = YES_ERROR;
				CLANG_WARN_EMPTY_BODY = YES;
				CLANG_WARN_ENUM_CONVERSION = YES;
				CLANG_WARN_INFINITE_RECURSION = YES;
				CLANG_WARN_INT_CONVERSION = YES;
				CLANG_WARN_NON_LITERAL_NULL_CONVERSION = YES;
				CLANG_WARN_OBJC_IMPLICIT_RETAIN_SELF = YES;
				CLANG_WARN_OBJC_LITERAL_CONVERSION = YES;
				CLANG_WARN_OBJC_ROOT_CLASS = YES_ERROR;
				CLANG_WARN_RANGE_LOOP_ANALYSIS = YES;
				CLANG_WARN_STRICT_PROTOTYPES = YES;
				CLANG_WARN_SUSPICIOUS_MOVE = YES;
				CLANG_WARN_UNREACHABLE_CODE = YES;
				CLANG_WARN__DUPLICATE_METHOD_MATCH = YES;
				COPY_PHASE_STRIP = YES;
				ENABLE_BITCODE = NO;
				ENABLE_NS_ASSERTIONS = NO;
				ENABLE_STRICT_OBJC_MSGSEND = YES;
				GCC_C_LANGUAGE_STANDARD = gnu99;
				GCC_NO_COMMON_BLOCKS = YES;
				GCC_WARN_64_TO_32_BIT_CONVERSION = YES;
				GCC_WARN_ABOUT_RETURN_TYPE = YES_ERROR;
				GCC_WARN_UNDECLARED_SELECTOR = YES;
				GCC_WARN_UNINITIALIZED_AUTOS = YES_AGGRESSIVE;
				GCC_WARN_UNUSED_FUNCTION = YES;
				GCC_WARN_UNUSED_VARIABLE = YES;
				IPHONEOS_DEPLOYMENT_TARGET = 10.0;
				MTL_ENABLE_DEBUG_INFO = NO;
				SDKROOT = iphoneos;
				VALIDATE_PRODUCT = YES;
			};
			name = Release;
		};
		9472045519ED916F00F6805F /* Debug */ = {
			isa = XCBuildConfiguration;
			buildSettings = {
				ENABLE_BITCODE = NO;
				GCC_PREPROCESSOR_DEFINITIONS = (
					"$(inherited)",
					_DARWIN_C_SOURCE,
					HAVE_LIBUV,
					ENABLE_CHAT,
				);
				HEADER_SEARCH_PATHS = (
					"$(inherited)",
					/Applications/Xcode.app/Contents/Developer/Toolchains/XcodeDefault.xctoolchain/usr/include,
					3rdparty/include,
					../../third_party/utf8proc,
					3rdparty/webrtc/third_party/boringssl/src/include,
				);
				LIBRARY_SEARCH_PATHS = "$(inherited)";
				OTHER_LDFLAGS = "-ObjC";
				PRODUCT_NAME = MEGASDK;
				SKIP_INSTALL = YES;
				USER_HEADER_SEARCH_PATHS = ". ../../include/** Private";
			};
			name = Debug;
		};
		9472045619ED916F00F6805F /* Release */ = {
			isa = XCBuildConfiguration;
			buildSettings = {
				ENABLE_BITCODE = NO;
				GCC_PREPROCESSOR_DEFINITIONS = (
					_DARWIN_C_SOURCE,
					HAVE_LIBUV,
					ENABLE_CHAT,
				);
				HEADER_SEARCH_PATHS = (
					"$(inherited)",
					/Applications/Xcode.app/Contents/Developer/Toolchains/XcodeDefault.xctoolchain/usr/include,
					3rdparty/include,
					../../third_party/utf8proc,
					3rdparty/webrtc/third_party/boringssl/src/include,
				);
				LIBRARY_SEARCH_PATHS = "$(inherited)";
				OTHER_CFLAGS = "-DNDEBUG";
				OTHER_LDFLAGS = "-ObjC";
				PRODUCT_NAME = MEGASDK;
				SKIP_INSTALL = YES;
				USER_HEADER_SEARCH_PATHS = ". ../../include/** Private";
			};
			name = Release;
		};
/* End XCBuildConfiguration section */

/* Begin XCConfigurationList section */
		9472043E19ED916F00F6805F /* Build configuration list for PBXProject "MEGASDK" */ = {
			isa = XCConfigurationList;
			buildConfigurations = (
				9472045219ED916F00F6805F /* Debug */,
				9472045319ED916F00F6805F /* Release */,
			);
			defaultConfigurationIsVisible = 0;
			defaultConfigurationName = Release;
		};
		9472045419ED916F00F6805F /* Build configuration list for PBXNativeTarget "MEGASDK" */ = {
			isa = XCConfigurationList;
			buildConfigurations = (
				9472045519ED916F00F6805F /* Debug */,
				9472045619ED916F00F6805F /* Release */,
			);
			defaultConfigurationIsVisible = 0;
			defaultConfigurationName = Release;
		};
/* End XCConfigurationList section */
	};
	rootObject = 9472043B19ED916F00F6805F /* Project object */;
}
