// !$*UTF8*$!
{
	archiveVersion = 1;
	classes = {
	};
	objectVersion = 60;
	objects = {

/* Begin PBXBuildFile section */
		4114CBC81A07E9C100B7D475 /* OfflineTableViewController.m in Sources */ = {isa = PBXBuildFile; fileRef = 4114CBC71A07E9C100B7D475 /* OfflineTableViewController.m */; };
		41663FAB1A01571E0035F7D6 /* SettingsViewController.m in Sources */ = {isa = PBXBuildFile; fileRef = 41663FAA1A01571E0035F7D6 /* SettingsViewController.m */; };
		4168127719EE6E5700C72800 /* main.m in Sources */ = {isa = PBXBuildFile; fileRef = 4168127619EE6E5700C72800 /* main.m */; };
		4168127A19EE6E5700C72800 /* AppDelegate.m in Sources */ = {isa = PBXBuildFile; fileRef = 4168127919EE6E5700C72800 /* AppDelegate.m */; };
		4168127D19EE6E5700C72800 /* LoginViewController.m in Sources */ = {isa = PBXBuildFile; fileRef = 4168127C19EE6E5700C72800 /* LoginViewController.m */; };
		4168128019EE6E5700C72800 /* Main.storyboard in Resources */ = {isa = PBXBuildFile; fileRef = 4168127E19EE6E5700C72800 /* Main.storyboard */; };
		4168128519EE6E5700C72800 /* LaunchScreen.xib in Resources */ = {isa = PBXBuildFile; fileRef = 4168128319EE6E5700C72800 /* LaunchScreen.xib */; };
		416812A819EE8E9500C72800 /* CloudDriveTableViewController.m in Sources */ = {isa = PBXBuildFile; fileRef = 416812A719EE8E9500C72800 /* CloudDriveTableViewController.m */; };
		416812AF19EE8FAC00C72800 /* SVProgressHUD.bundle in Resources */ = {isa = PBXBuildFile; fileRef = 416812AC19EE8FAC00C72800 /* SVProgressHUD.bundle */; };
		416812B019EE8FAC00C72800 /* SVProgressHUD.m in Sources */ = {isa = PBXBuildFile; fileRef = 416812AE19EE8FAC00C72800 /* SVProgressHUD.m */; };
		41954E8B1A1BAF1500C4BB02 /* DetailsNodeInfoViewController.m in Sources */ = {isa = PBXBuildFile; fileRef = 41954E8A1A1BAF1500C4BB02 /* DetailsNodeInfoViewController.m */; };
		41AD803F1A2745580015B79B /* SSKeychain.m in Sources */ = {isa = PBXBuildFile; fileRef = 41AD803C1A2745580015B79B /* SSKeychain.m */; };
		41AD80401A2745580015B79B /* SSKeychainQuery.m in Sources */ = {isa = PBXBuildFile; fileRef = 41AD803E1A2745580015B79B /* SSKeychainQuery.m */; };
		41AFC10E1A2C745800867F17 /* MainTabBarController.m in Sources */ = {isa = PBXBuildFile; fileRef = 41AFC10D1A2C745800867F17 /* MainTabBarController.m */; };
		41AFC1181A2C746B00867F17 /* Cloud.storyboard in Resources */ = {isa = PBXBuildFile; fileRef = 41AFC1101A2C746B00867F17 /* Cloud.storyboard */; };
		41AFC1191A2C746B00867F17 /* Contacts.storyboard in Resources */ = {isa = PBXBuildFile; fileRef = 41AFC1121A2C746B00867F17 /* Contacts.storyboard */; };
		41AFC11A1A2C746B00867F17 /* Offline.storyboard in Resources */ = {isa = PBXBuildFile; fileRef = 41AFC1141A2C746B00867F17 /* Offline.storyboard */; };
		41AFC11B1A2C746B00867F17 /* Settings.storyboard in Resources */ = {isa = PBXBuildFile; fileRef = 41AFC1161A2C746B00867F17 /* Settings.storyboard */; };
		41B09CB41A26479000CCBC49 /* Images.xcassets in Resources */ = {isa = PBXBuildFile; fileRef = 41B09CB31A26479000CCBC49 /* Images.xcassets */; };
		41B4553B19F1218000439D45 /* NodeTableViewCell.m in Sources */ = {isa = PBXBuildFile; fileRef = 41B4553A19F1218000439D45 /* NodeTableViewCell.m */; };
		41C681D31A2330220088F2E6 /* Localizable.strings in Resources */ = {isa = PBXBuildFile; fileRef = 41C681D11A2330220088F2E6 /* Localizable.strings */; };
		41C681E71A2363700088F2E6 /* ContactTableViewCell.m in Sources */ = {isa = PBXBuildFile; fileRef = 41C681E61A2363700088F2E6 /* ContactTableViewCell.m */; };
		41C681EA1A2363E20088F2E6 /* ContactsTableViewController.m in Sources */ = {isa = PBXBuildFile; fileRef = 41C681E91A2363E20088F2E6 /* ContactsTableViewController.m */; };
		41C681F31A23658C0088F2E6 /* MEGASdkManager.m in Sources */ = {isa = PBXBuildFile; fileRef = 41C681F21A23658C0088F2E6 /* MEGASdkManager.m */; };
		A8CCCFF82AE1954B00E3CCAB /* MEGASdk in Frameworks */ = {isa = PBXBuildFile; productRef = A8CCCFF72AE1954B00E3CCAB /* MEGASdk */; };
		E80D15911A236C7100148421 /* Helper.m in Sources */ = {isa = PBXBuildFile; fileRef = E80D15901A236C7100148421 /* Helper.m */; };
/* End PBXBuildFile section */

/* Begin PBXFileReference section */
		4114CBC61A07E9C100B7D475 /* OfflineTableViewController.h */ = {isa = PBXFileReference; fileEncoding = 4; lastKnownFileType = sourcecode.c.h; name = OfflineTableViewController.h; path = Offline/OfflineTableViewController.h; sourceTree = "<group>"; };
		4114CBC71A07E9C100B7D475 /* OfflineTableViewController.m */ = {isa = PBXFileReference; fileEncoding = 4; lastKnownFileType = sourcecode.c.objc; lineEnding = 0; name = OfflineTableViewController.m; path = Offline/OfflineTableViewController.m; sourceTree = "<group>"; };
		41663FA91A01571E0035F7D6 /* SettingsViewController.h */ = {isa = PBXFileReference; fileEncoding = 4; lastKnownFileType = sourcecode.c.h; name = SettingsViewController.h; path = Settings/SettingsViewController.h; sourceTree = "<group>"; };
		41663FAA1A01571E0035F7D6 /* SettingsViewController.m */ = {isa = PBXFileReference; fileEncoding = 4; lastKnownFileType = sourcecode.c.objc; lineEnding = 0; name = SettingsViewController.m; path = Settings/SettingsViewController.m; sourceTree = "<group>"; xcLanguageSpecificationIdentifier = xcode.lang.objc; };
		4168127119EE6E5700C72800 /* Demo.app */ = {isa = PBXFileReference; explicitFileType = wrapper.application; includeInIndex = 0; path = Demo.app; sourceTree = BUILT_PRODUCTS_DIR; };
		4168127519EE6E5700C72800 /* Info.plist */ = {isa = PBXFileReference; lastKnownFileType = text.plist.xml; path = Info.plist; sourceTree = "<group>"; };
		4168127619EE6E5700C72800 /* main.m */ = {isa = PBXFileReference; lastKnownFileType = sourcecode.c.objc; path = main.m; sourceTree = "<group>"; };
		4168127819EE6E5700C72800 /* AppDelegate.h */ = {isa = PBXFileReference; lastKnownFileType = sourcecode.c.h; path = AppDelegate.h; sourceTree = "<group>"; };
		4168127919EE6E5700C72800 /* AppDelegate.m */ = {isa = PBXFileReference; lastKnownFileType = sourcecode.c.objc; path = AppDelegate.m; sourceTree = "<group>"; };
		4168127B19EE6E5700C72800 /* LoginViewController.h */ = {isa = PBXFileReference; lastKnownFileType = sourcecode.c.h; name = LoginViewController.h; path = Login/LoginViewController.h; sourceTree = "<group>"; };
		4168127C19EE6E5700C72800 /* LoginViewController.m */ = {isa = PBXFileReference; lastKnownFileType = sourcecode.c.objc; lineEnding = 0; name = LoginViewController.m; path = Login/LoginViewController.m; sourceTree = "<group>"; };
		4168127F19EE6E5700C72800 /* Base */ = {isa = PBXFileReference; lastKnownFileType = file.storyboard; name = Base; path = Base.lproj/Main.storyboard; sourceTree = "<group>"; };
		4168128419EE6E5700C72800 /* Base */ = {isa = PBXFileReference; lastKnownFileType = file.xib; name = Base; path = Base.lproj/LaunchScreen.xib; sourceTree = "<group>"; };
		416812A619EE8E9500C72800 /* CloudDriveTableViewController.h */ = {isa = PBXFileReference; fileEncoding = 4; lastKnownFileType = sourcecode.c.h; name = CloudDriveTableViewController.h; path = CloudDrive/CloudDriveTableViewController.h; sourceTree = "<group>"; };
		416812A719EE8E9500C72800 /* CloudDriveTableViewController.m */ = {isa = PBXFileReference; fileEncoding = 4; lastKnownFileType = sourcecode.c.objc; lineEnding = 0; name = CloudDriveTableViewController.m; path = CloudDrive/CloudDriveTableViewController.m; sourceTree = "<group>"; };
		416812AB19EE8FAC00C72800 /* SVProgressHUD-Prefix.pch */ = {isa = PBXFileReference; fileEncoding = 4; lastKnownFileType = sourcecode.c.h; path = "SVProgressHUD-Prefix.pch"; sourceTree = "<group>"; };
		416812AC19EE8FAC00C72800 /* SVProgressHUD.bundle */ = {isa = PBXFileReference; lastKnownFileType = "wrapper.plug-in"; path = SVProgressHUD.bundle; sourceTree = "<group>"; };
		416812AD19EE8FAC00C72800 /* SVProgressHUD.h */ = {isa = PBXFileReference; fileEncoding = 4; lastKnownFileType = sourcecode.c.h; path = SVProgressHUD.h; sourceTree = "<group>"; };
		416812AE19EE8FAC00C72800 /* SVProgressHUD.m */ = {isa = PBXFileReference; fileEncoding = 4; lastKnownFileType = sourcecode.c.objc; path = SVProgressHUD.m; sourceTree = "<group>"; };
		417BBFF019F57FF10081D102 /* AssetsLibrary.framework */ = {isa = PBXFileReference; lastKnownFileType = wrapper.framework; name = AssetsLibrary.framework; path = System/Library/Frameworks/AssetsLibrary.framework; sourceTree = SDKROOT; };
		41954E891A1BAF1500C4BB02 /* DetailsNodeInfoViewController.h */ = {isa = PBXFileReference; fileEncoding = 4; lastKnownFileType = sourcecode.c.h; name = DetailsNodeInfoViewController.h; path = CloudDrive/DetailsNodeInfoViewController.h; sourceTree = "<group>"; };
		41954E8A1A1BAF1500C4BB02 /* DetailsNodeInfoViewController.m */ = {isa = PBXFileReference; fileEncoding = 4; lastKnownFileType = sourcecode.c.objc; name = DetailsNodeInfoViewController.m; path = CloudDrive/DetailsNodeInfoViewController.m; sourceTree = "<group>"; };
		41AB68F91A0943FE003FE608 /* MobileCoreServices.framework */ = {isa = PBXFileReference; lastKnownFileType = wrapper.framework; name = MobileCoreServices.framework; path = System/Library/Frameworks/MobileCoreServices.framework; sourceTree = SDKROOT; };
		41AB68FD1A094459003FE608 /* ImageIO.framework */ = {isa = PBXFileReference; lastKnownFileType = wrapper.framework; name = ImageIO.framework; path = System/Library/Frameworks/ImageIO.framework; sourceTree = SDKROOT; };
		41ACFBC61A1155AC00905ACF /* MapKit.framework */ = {isa = PBXFileReference; lastKnownFileType = wrapper.framework; name = MapKit.framework; path = System/Library/Frameworks/MapKit.framework; sourceTree = SDKROOT; };
		41AD803B1A2745580015B79B /* SSKeychain.h */ = {isa = PBXFileReference; fileEncoding = 4; lastKnownFileType = sourcecode.c.h; path = SSKeychain.h; sourceTree = "<group>"; };
		41AD803C1A2745580015B79B /* SSKeychain.m */ = {isa = PBXFileReference; fileEncoding = 4; lastKnownFileType = sourcecode.c.objc; path = SSKeychain.m; sourceTree = "<group>"; };
		41AD803D1A2745580015B79B /* SSKeychainQuery.h */ = {isa = PBXFileReference; fileEncoding = 4; lastKnownFileType = sourcecode.c.h; path = SSKeychainQuery.h; sourceTree = "<group>"; };
		41AD803E1A2745580015B79B /* SSKeychainQuery.m */ = {isa = PBXFileReference; fileEncoding = 4; lastKnownFileType = sourcecode.c.objc; path = SSKeychainQuery.m; sourceTree = "<group>"; };
		41AFC10C1A2C745800867F17 /* MainTabBarController.h */ = {isa = PBXFileReference; fileEncoding = 4; lastKnownFileType = sourcecode.c.h; name = MainTabBarController.h; path = Login/MainTabBarController.h; sourceTree = "<group>"; };
		41AFC10D1A2C745800867F17 /* MainTabBarController.m */ = {isa = PBXFileReference; fileEncoding = 4; lastKnownFileType = sourcecode.c.objc; name = MainTabBarController.m; path = Login/MainTabBarController.m; sourceTree = "<group>"; };
		41AFC1111A2C746B00867F17 /* Base */ = {isa = PBXFileReference; lastKnownFileType = file.storyboard; name = Base; path = Base.lproj/Cloud.storyboard; sourceTree = "<group>"; };
		41AFC1131A2C746B00867F17 /* Base */ = {isa = PBXFileReference; lastKnownFileType = file.storyboard; name = Base; path = Base.lproj/Contacts.storyboard; sourceTree = "<group>"; };
		41AFC1151A2C746B00867F17 /* Base */ = {isa = PBXFileReference; lastKnownFileType = file.storyboard; name = Base; path = Base.lproj/Offline.storyboard; sourceTree = "<group>"; };
		41AFC1171A2C746B00867F17 /* Base */ = {isa = PBXFileReference; lastKnownFileType = file.storyboard; name = Base; path = Base.lproj/Settings.storyboard; sourceTree = "<group>"; };
		41B09CB31A26479000CCBC49 /* Images.xcassets */ = {isa = PBXFileReference; lastKnownFileType = folder.assetcatalog; path = Images.xcassets; sourceTree = "<group>"; };
		41B4553919F1218000439D45 /* NodeTableViewCell.h */ = {isa = PBXFileReference; fileEncoding = 4; lastKnownFileType = sourcecode.c.h; name = NodeTableViewCell.h; path = CloudDrive/NodeTableViewCell.h; sourceTree = "<group>"; };
		41B4553A19F1218000439D45 /* NodeTableViewCell.m */ = {isa = PBXFileReference; fileEncoding = 4; lastKnownFileType = sourcecode.c.objc; name = NodeTableViewCell.m; path = CloudDrive/NodeTableViewCell.m; sourceTree = "<group>"; };
		41C681D21A2330220088F2E6 /* Base */ = {isa = PBXFileReference; lastKnownFileType = text.plist.strings; name = Base; path = Base.lproj/Localizable.strings; sourceTree = "<group>"; };
		41C681E51A2363700088F2E6 /* ContactTableViewCell.h */ = {isa = PBXFileReference; fileEncoding = 4; lastKnownFileType = sourcecode.c.h; name = ContactTableViewCell.h; path = Contacts/ContactTableViewCell.h; sourceTree = "<group>"; };
		41C681E61A2363700088F2E6 /* ContactTableViewCell.m */ = {isa = PBXFileReference; fileEncoding = 4; lastKnownFileType = sourcecode.c.objc; name = ContactTableViewCell.m; path = Contacts/ContactTableViewCell.m; sourceTree = "<group>"; };
		41C681E81A2363E20088F2E6 /* ContactsTableViewController.h */ = {isa = PBXFileReference; fileEncoding = 4; lastKnownFileType = sourcecode.c.h; name = ContactsTableViewController.h; path = Contacts/ContactsTableViewController.h; sourceTree = "<group>"; };
		41C681E91A2363E20088F2E6 /* ContactsTableViewController.m */ = {isa = PBXFileReference; fileEncoding = 4; lastKnownFileType = sourcecode.c.objc; name = ContactsTableViewController.m; path = Contacts/ContactsTableViewController.m; sourceTree = "<group>"; };
		41C681F11A23658C0088F2E6 /* MEGASdkManager.h */ = {isa = PBXFileReference; fileEncoding = 4; lastKnownFileType = sourcecode.c.h; path = MEGASdkManager.h; sourceTree = "<group>"; };
		41C681F21A23658C0088F2E6 /* MEGASdkManager.m */ = {isa = PBXFileReference; fileEncoding = 4; lastKnownFileType = sourcecode.c.objc; path = MEGASdkManager.m; sourceTree = "<group>"; };
		A8BF10C021ED1114006B283A /* AVFoundation.framework */ = {isa = PBXFileReference; lastKnownFileType = wrapper.framework; name = AVFoundation.framework; path = System/Library/Frameworks/AVFoundation.framework; sourceTree = SDKROOT; };
		A8BF10C221ED1119006B283A /* CoreMedia.framework */ = {isa = PBXFileReference; lastKnownFileType = wrapper.framework; name = CoreMedia.framework; path = System/Library/Frameworks/CoreMedia.framework; sourceTree = SDKROOT; };
		E80D158F1A236C7100148421 /* Helper.h */ = {isa = PBXFileReference; fileEncoding = 4; lastKnownFileType = sourcecode.c.h; path = Helper.h; sourceTree = "<group>"; };
		E80D15901A236C7100148421 /* Helper.m */ = {isa = PBXFileReference; fileEncoding = 4; lastKnownFileType = sourcecode.c.objc; path = Helper.m; sourceTree = "<group>"; };
		E85477501A24944900C848F8 /* es */ = {isa = PBXFileReference; lastKnownFileType = text.plist.strings; name = es; path = es.lproj/Main.strings; sourceTree = "<group>"; };
		E85477511A24944900C848F8 /* es */ = {isa = PBXFileReference; lastKnownFileType = text.plist.strings; name = es; path = es.lproj/LaunchScreen.strings; sourceTree = "<group>"; };
		E85477521A24944900C848F8 /* es */ = {isa = PBXFileReference; lastKnownFileType = text.plist.strings; name = es; path = es.lproj/Localizable.strings; sourceTree = "<group>"; };
		E85477541A249F8800C848F8 /* en */ = {isa = PBXFileReference; lastKnownFileType = text.plist.strings; name = en; path = en.lproj/LaunchScreen.strings; sourceTree = "<group>"; };
/* End PBXFileReference section */

/* Begin PBXFrameworksBuildPhase section */
		4168126E19EE6E5700C72800 /* Frameworks */ = {
			isa = PBXFrameworksBuildPhase;
			buildActionMask = 2147483647;
			files = (
				A8CCCFF82AE1954B00E3CCAB /* MEGASdk in Frameworks */,
			);
			runOnlyForDeploymentPostprocessing = 0;
		};
/* End PBXFrameworksBuildPhase section */

/* Begin PBXGroup section */
		4168126819EE6E5700C72800 = {
			isa = PBXGroup;
			children = (
				4168129C19EE6E6D00C72800 /* Frameworks */,
				4168127319EE6E5700C72800 /* Demo */,
				4168127219EE6E5700C72800 /* Products */,
			);
			sourceTree = "<group>";
		};
		4168127219EE6E5700C72800 /* Products */ = {
			isa = PBXGroup;
			children = (
				4168127119EE6E5700C72800 /* Demo.app */,
			);
			name = Products;
			sourceTree = "<group>";
		};
		4168127319EE6E5700C72800 /* Demo */ = {
			isa = PBXGroup;
			children = (
				41B09CB31A26479000CCBC49 /* Images.xcassets */,
				41C681F01A23658C0088F2E6 /* Utils */,
				416812A919EE8FAC00C72800 /* vendor */,
				4168127819EE6E5700C72800 /* AppDelegate.h */,
				4168127919EE6E5700C72800 /* AppDelegate.m */,
				4168128319EE6E5700C72800 /* LaunchScreen.xib */,
				41C681EF1A2364270088F2E6 /* Login */,
				41C681EE1A23641B0088F2E6 /* Cloud drive */,
				41C681ED1A23640A0088F2E6 /* Offline */,
				41C681EB1A2363EA0088F2E6 /* Contacts */,
				41C681EC1A2363FF0088F2E6 /* Settings */,
				4168127419EE6E5700C72800 /* Supporting Files */,
			);
			path = Demo;
			sourceTree = "<group>";
		};
		4168127419EE6E5700C72800 /* Supporting Files */ = {
			isa = PBXGroup;
			children = (
				4168127519EE6E5700C72800 /* Info.plist */,
				4168127619EE6E5700C72800 /* main.m */,
				41C681D11A2330220088F2E6 /* Localizable.strings */,
			);
			name = "Supporting Files";
			sourceTree = "<group>";
		};
		4168129C19EE6E6D00C72800 /* Frameworks */ = {
			isa = PBXGroup;
			children = (
				A8BF10C221ED1119006B283A /* CoreMedia.framework */,
				A8BF10C021ED1114006B283A /* AVFoundation.framework */,
				41ACFBC61A1155AC00905ACF /* MapKit.framework */,
				41AB68FD1A094459003FE608 /* ImageIO.framework */,
				41AB68F91A0943FE003FE608 /* MobileCoreServices.framework */,
				417BBFF019F57FF10081D102 /* AssetsLibrary.framework */,
			);
			name = Frameworks;
			sourceTree = "<group>";
		};
		416812A919EE8FAC00C72800 /* vendor */ = {
			isa = PBXGroup;
			children = (
				41AD803A1A2745580015B79B /* SSKeychain */,
				416812AA19EE8FAC00C72800 /* SVProgressHUD */,
			);
			path = vendor;
			sourceTree = "<group>";
		};
		416812AA19EE8FAC00C72800 /* SVProgressHUD */ = {
			isa = PBXGroup;
			children = (
				416812AB19EE8FAC00C72800 /* SVProgressHUD-Prefix.pch */,
				416812AC19EE8FAC00C72800 /* SVProgressHUD.bundle */,
				416812AD19EE8FAC00C72800 /* SVProgressHUD.h */,
				416812AE19EE8FAC00C72800 /* SVProgressHUD.m */,
			);
			path = SVProgressHUD;
			sourceTree = "<group>";
		};
		41AD803A1A2745580015B79B /* SSKeychain */ = {
			isa = PBXGroup;
			children = (
				41AD803B1A2745580015B79B /* SSKeychain.h */,
				41AD803C1A2745580015B79B /* SSKeychain.m */,
				41AD803D1A2745580015B79B /* SSKeychainQuery.h */,
				41AD803E1A2745580015B79B /* SSKeychainQuery.m */,
			);
			path = SSKeychain;
			sourceTree = "<group>";
		};
		41C681EB1A2363EA0088F2E6 /* Contacts */ = {
			isa = PBXGroup;
			children = (
				41AFC1121A2C746B00867F17 /* Contacts.storyboard */,
				41C681E51A2363700088F2E6 /* ContactTableViewCell.h */,
				41C681E61A2363700088F2E6 /* ContactTableViewCell.m */,
				41C681E81A2363E20088F2E6 /* ContactsTableViewController.h */,
				41C681E91A2363E20088F2E6 /* ContactsTableViewController.m */,
			);
			name = Contacts;
			sourceTree = "<group>";
		};
		41C681EC1A2363FF0088F2E6 /* Settings */ = {
			isa = PBXGroup;
			children = (
				41AFC1161A2C746B00867F17 /* Settings.storyboard */,
				41663FA91A01571E0035F7D6 /* SettingsViewController.h */,
				41663FAA1A01571E0035F7D6 /* SettingsViewController.m */,
			);
			name = Settings;
			sourceTree = "<group>";
		};
		41C681ED1A23640A0088F2E6 /* Offline */ = {
			isa = PBXGroup;
			children = (
				41AFC1141A2C746B00867F17 /* Offline.storyboard */,
				4114CBC61A07E9C100B7D475 /* OfflineTableViewController.h */,
				4114CBC71A07E9C100B7D475 /* OfflineTableViewController.m */,
			);
			name = Offline;
			sourceTree = "<group>";
		};
		41C681EE1A23641B0088F2E6 /* Cloud drive */ = {
			isa = PBXGroup;
			children = (
				41AFC1101A2C746B00867F17 /* Cloud.storyboard */,
				416812A619EE8E9500C72800 /* CloudDriveTableViewController.h */,
				416812A719EE8E9500C72800 /* CloudDriveTableViewController.m */,
				41B4553919F1218000439D45 /* NodeTableViewCell.h */,
				41B4553A19F1218000439D45 /* NodeTableViewCell.m */,
				41954E891A1BAF1500C4BB02 /* DetailsNodeInfoViewController.h */,
				41954E8A1A1BAF1500C4BB02 /* DetailsNodeInfoViewController.m */,
			);
			name = "Cloud drive";
			sourceTree = "<group>";
		};
		41C681EF1A2364270088F2E6 /* Login */ = {
			isa = PBXGroup;
			children = (
				4168127E19EE6E5700C72800 /* Main.storyboard */,
				41AFC10C1A2C745800867F17 /* MainTabBarController.h */,
				41AFC10D1A2C745800867F17 /* MainTabBarController.m */,
				4168127B19EE6E5700C72800 /* LoginViewController.h */,
				4168127C19EE6E5700C72800 /* LoginViewController.m */,
			);
			name = Login;
			sourceTree = "<group>";
		};
		41C681F01A23658C0088F2E6 /* Utils */ = {
			isa = PBXGroup;
			children = (
				E80D158F1A236C7100148421 /* Helper.h */,
				E80D15901A236C7100148421 /* Helper.m */,
				41C681F11A23658C0088F2E6 /* MEGASdkManager.h */,
				41C681F21A23658C0088F2E6 /* MEGASdkManager.m */,
			);
			path = Utils;
			sourceTree = "<group>";
		};
/* End PBXGroup section */

/* Begin PBXNativeTarget section */
		4168127019EE6E5700C72800 /* Demo */ = {
			isa = PBXNativeTarget;
			buildConfigurationList = 4168129419EE6E5700C72800 /* Build configuration list for PBXNativeTarget "Demo" */;
			buildPhases = (
				4168126D19EE6E5700C72800 /* Sources */,
				4168126E19EE6E5700C72800 /* Frameworks */,
				4168126F19EE6E5700C72800 /* Resources */,
			);
			buildRules = (
			);
			dependencies = (
			);
			name = Demo;
			packageProductDependencies = (
				A8CCCFF72AE1954B00E3CCAB /* MEGASdk */,
			);
			productName = Demo;
			productReference = 4168127119EE6E5700C72800 /* Demo.app */;
			productType = "com.apple.product-type.application";
		};
/* End PBXNativeTarget section */

/* Begin PBXProject section */
		4168126919EE6E5700C72800 /* Project object */ = {
			isa = PBXProject;
			attributes = {
				BuildIndependentTargetsInParallel = YES;
				CLASSPREFIX = "";
				LastUpgradeCheck = 1500;
				ORGANIZATIONNAME = MEGA;
				TargetAttributes = {
					4168127019EE6E5700C72800 = {
						CreatedOnToolsVersion = 6.0.1;
						DevelopmentTeam = T9RH74Y7L9;
					};
				};
			};
			buildConfigurationList = 4168126C19EE6E5700C72800 /* Build configuration list for PBXProject "Demo" */;
			compatibilityVersion = "Xcode 3.2";
			developmentRegion = en;
			hasScannedForEncodings = 0;
			knownRegions = (
				en,
				Base,
				es,
			);
			mainGroup = 4168126819EE6E5700C72800;
			packageReferences = (
				A8CCCFF62AE1954B00E3CCAB /* XCLocalSwiftPackageReference "../../.." */,
			);
			productRefGroup = 4168127219EE6E5700C72800 /* Products */;
			projectDirPath = "";
			projectRoot = "";
			targets = (
				4168127019EE6E5700C72800 /* Demo */,
			);
		};
/* End PBXProject section */

/* Begin PBXResourcesBuildPhase section */
		4168126F19EE6E5700C72800 /* Resources */ = {
			isa = PBXResourcesBuildPhase;
			buildActionMask = 2147483647;
			files = (
				4168128019EE6E5700C72800 /* Main.storyboard in Resources */,
				41AFC1191A2C746B00867F17 /* Contacts.storyboard in Resources */,
				41C681D31A2330220088F2E6 /* Localizable.strings in Resources */,
				4168128519EE6E5700C72800 /* LaunchScreen.xib in Resources */,
				41AFC1181A2C746B00867F17 /* Cloud.storyboard in Resources */,
				41AFC11A1A2C746B00867F17 /* Offline.storyboard in Resources */,
				41B09CB41A26479000CCBC49 /* Images.xcassets in Resources */,
				416812AF19EE8FAC00C72800 /* SVProgressHUD.bundle in Resources */,
				41AFC11B1A2C746B00867F17 /* Settings.storyboard in Resources */,
			);
			runOnlyForDeploymentPostprocessing = 0;
		};
/* End PBXResourcesBuildPhase section */

/* Begin PBXSourcesBuildPhase section */
		4168126D19EE6E5700C72800 /* Sources */ = {
			isa = PBXSourcesBuildPhase;
			buildActionMask = 2147483647;
			files = (
				41954E8B1A1BAF1500C4BB02 /* DetailsNodeInfoViewController.m in Sources */,
				4168127D19EE6E5700C72800 /* LoginViewController.m in Sources */,
				41C681E71A2363700088F2E6 /* ContactTableViewCell.m in Sources */,
				41C681EA1A2363E20088F2E6 /* ContactsTableViewController.m in Sources */,
				41AD80401A2745580015B79B /* SSKeychainQuery.m in Sources */,
				4168127A19EE6E5700C72800 /* AppDelegate.m in Sources */,
				4114CBC81A07E9C100B7D475 /* OfflineTableViewController.m in Sources */,
				41C681F31A23658C0088F2E6 /* MEGASdkManager.m in Sources */,
				416812B019EE8FAC00C72800 /* SVProgressHUD.m in Sources */,
				41AFC10E1A2C745800867F17 /* MainTabBarController.m in Sources */,
				41B4553B19F1218000439D45 /* NodeTableViewCell.m in Sources */,
				416812A819EE8E9500C72800 /* CloudDriveTableViewController.m in Sources */,
				E80D15911A236C7100148421 /* Helper.m in Sources */,
				41663FAB1A01571E0035F7D6 /* SettingsViewController.m in Sources */,
				4168127719EE6E5700C72800 /* main.m in Sources */,
				41AD803F1A2745580015B79B /* SSKeychain.m in Sources */,
			);
			runOnlyForDeploymentPostprocessing = 0;
		};
/* End PBXSourcesBuildPhase section */

/* Begin PBXVariantGroup section */
		4168127E19EE6E5700C72800 /* Main.storyboard */ = {
			isa = PBXVariantGroup;
			children = (
				4168127F19EE6E5700C72800 /* Base */,
				E85477501A24944900C848F8 /* es */,
			);
			name = Main.storyboard;
			sourceTree = "<group>";
		};
		4168128319EE6E5700C72800 /* LaunchScreen.xib */ = {
			isa = PBXVariantGroup;
			children = (
				4168128419EE6E5700C72800 /* Base */,
				E85477511A24944900C848F8 /* es */,
				E85477541A249F8800C848F8 /* en */,
			);
			name = LaunchScreen.xib;
			sourceTree = "<group>";
		};
		41AFC1101A2C746B00867F17 /* Cloud.storyboard */ = {
			isa = PBXVariantGroup;
			children = (
				41AFC1111A2C746B00867F17 /* Base */,
			);
			name = Cloud.storyboard;
			sourceTree = "<group>";
		};
		41AFC1121A2C746B00867F17 /* Contacts.storyboard */ = {
			isa = PBXVariantGroup;
			children = (
				41AFC1131A2C746B00867F17 /* Base */,
			);
			name = Contacts.storyboard;
			sourceTree = "<group>";
		};
		41AFC1141A2C746B00867F17 /* Offline.storyboard */ = {
			isa = PBXVariantGroup;
			children = (
				41AFC1151A2C746B00867F17 /* Base */,
			);
			name = Offline.storyboard;
			sourceTree = "<group>";
		};
		41AFC1161A2C746B00867F17 /* Settings.storyboard */ = {
			isa = PBXVariantGroup;
			children = (
				41AFC1171A2C746B00867F17 /* Base */,
			);
			name = Settings.storyboard;
			sourceTree = "<group>";
		};
		41C681D11A2330220088F2E6 /* Localizable.strings */ = {
			isa = PBXVariantGroup;
			children = (
				41C681D21A2330220088F2E6 /* Base */,
				E85477521A24944900C848F8 /* es */,
			);
			name = Localizable.strings;
			sourceTree = "<group>";
		};
/* End PBXVariantGroup section */

/* Begin XCBuildConfiguration section */
		4168129219EE6E5700C72800 /* Debug */ = {
			isa = XCBuildConfiguration;
			buildSettings = {
				ALWAYS_SEARCH_USER_PATHS = YES;
				CLANG_ANALYZER_LOCALIZABILITY_NONLOCALIZED = YES;
				CLANG_CXX_LANGUAGE_STANDARD = "gnu++0x";
				CLANG_CXX_LIBRARY = "libc++";
				CLANG_ENABLE_MODULES = YES;
				CLANG_ENABLE_OBJC_ARC = YES;
				CLANG_WARN_BLOCK_CAPTURE_AUTORELEASING = YES;
				CLANG_WARN_BOOL_CONVERSION = YES;
				CLANG_WARN_COMMA = YES;
				CLANG_WARN_CONSTANT_CONVERSION = YES;
				CLANG_WARN_DEPRECATED_OBJC_IMPLEMENTATIONS = YES;
				CLANG_WARN_DIRECT_OBJC_ISA_USAGE = YES_ERROR;
				CLANG_WARN_EMPTY_BODY = YES;
				CLANG_WARN_ENUM_CONVERSION = YES;
				CLANG_WARN_INFINITE_RECURSION = YES;
				CLANG_WARN_INT_CONVERSION = YES;
				CLANG_WARN_NON_LITERAL_NULL_CONVERSION = YES;
				CLANG_WARN_OBJC_IMPLICIT_RETAIN_SELF = YES;
				CLANG_WARN_OBJC_LITERAL_CONVERSION = YES;
				CLANG_WARN_OBJC_ROOT_CLASS = YES_ERROR;
				CLANG_WARN_QUOTED_INCLUDE_IN_FRAMEWORK_HEADER = YES;
				CLANG_WARN_RANGE_LOOP_ANALYSIS = YES;
				CLANG_WARN_STRICT_PROTOTYPES = YES;
				CLANG_WARN_SUSPICIOUS_MOVE = YES;
				CLANG_WARN_UNREACHABLE_CODE = YES;
				CLANG_WARN__DUPLICATE_METHOD_MATCH = YES;
				"CODE_SIGN_IDENTITY[sdk=iphoneos*]" = "iPhone Developer";
				COPY_PHASE_STRIP = NO;
				ENABLE_BITCODE = NO;
				ENABLE_STRICT_OBJC_MSGSEND = YES;
				ENABLE_TESTABILITY = YES;
				ENABLE_USER_SCRIPT_SANDBOXING = YES;
				GCC_C_LANGUAGE_STANDARD = gnu99;
				GCC_DYNAMIC_NO_PIC = NO;
				GCC_NO_COMMON_BLOCKS = YES;
				GCC_OPTIMIZATION_LEVEL = 0;
				GCC_PREPROCESSOR_DEFINITIONS = (
					"DEBUG=1",
					"$(inherited)",
				);
				GCC_SYMBOLS_PRIVATE_EXTERN = NO;
				GCC_WARN_64_TO_32_BIT_CONVERSION = YES;
				GCC_WARN_ABOUT_RETURN_TYPE = YES_ERROR;
				GCC_WARN_UNDECLARED_SELECTOR = YES;
				GCC_WARN_UNINITIALIZED_AUTOS = YES_AGGRESSIVE;
				GCC_WARN_UNUSED_FUNCTION = YES;
				GCC_WARN_UNUSED_VARIABLE = YES;
				IPHONEOS_DEPLOYMENT_TARGET = 12.1;
				MTL_ENABLE_DEBUG_INFO = YES;
				ONLY_ACTIVE_ARCH = YES;
				SDKROOT = iphoneos;
			};
			name = Debug;
		};
		4168129319EE6E5700C72800 /* Release */ = {
			isa = XCBuildConfiguration;
			buildSettings = {
				ALWAYS_SEARCH_USER_PATHS = YES;
				CLANG_ANALYZER_LOCALIZABILITY_NONLOCALIZED = YES;
				CLANG_CXX_LANGUAGE_STANDARD = "gnu++0x";
				CLANG_CXX_LIBRARY = "libc++";
				CLANG_ENABLE_MODULES = YES;
				CLANG_ENABLE_OBJC_ARC = YES;
				CLANG_WARN_BLOCK_CAPTURE_AUTORELEASING = YES;
				CLANG_WARN_BOOL_CONVERSION = YES;
				CLANG_WARN_COMMA = YES;
				CLANG_WARN_CONSTANT_CONVERSION = YES;
				CLANG_WARN_DEPRECATED_OBJC_IMPLEMENTATIONS = YES;
				CLANG_WARN_DIRECT_OBJC_ISA_USAGE = YES_ERROR;
				CLANG_WARN_EMPTY_BODY = YES;
				CLANG_WARN_ENUM_CONVERSION = YES;
				CLANG_WARN_INFINITE_RECURSION = YES;
				CLANG_WARN_INT_CONVERSION = YES;
				CLANG_WARN_NON_LITERAL_NULL_CONVERSION = YES;
				CLANG_WARN_OBJC_IMPLICIT_RETAIN_SELF = YES;
				CLANG_WARN_OBJC_LITERAL_CONVERSION = YES;
				CLANG_WARN_OBJC_ROOT_CLASS = YES_ERROR;
				CLANG_WARN_QUOTED_INCLUDE_IN_FRAMEWORK_HEADER = YES;
				CLANG_WARN_RANGE_LOOP_ANALYSIS = YES;
				CLANG_WARN_STRICT_PROTOTYPES = YES;
				CLANG_WARN_SUSPICIOUS_MOVE = YES;
				CLANG_WARN_UNREACHABLE_CODE = YES;
				CLANG_WARN__DUPLICATE_METHOD_MATCH = YES;
				"CODE_SIGN_IDENTITY[sdk=iphoneos*]" = "iPhone Developer";
				COPY_PHASE_STRIP = YES;
				ENABLE_BITCODE = NO;
				ENABLE_NS_ASSERTIONS = NO;
				ENABLE_STRICT_OBJC_MSGSEND = YES;
				ENABLE_USER_SCRIPT_SANDBOXING = YES;
				GCC_C_LANGUAGE_STANDARD = gnu99;
				GCC_NO_COMMON_BLOCKS = YES;
				GCC_WARN_64_TO_32_BIT_CONVERSION = YES;
				GCC_WARN_ABOUT_RETURN_TYPE = YES_ERROR;
				GCC_WARN_UNDECLARED_SELECTOR = YES;
				GCC_WARN_UNINITIALIZED_AUTOS = YES_AGGRESSIVE;
				GCC_WARN_UNUSED_FUNCTION = YES;
				GCC_WARN_UNUSED_VARIABLE = YES;
				IPHONEOS_DEPLOYMENT_TARGET = 12.1;
				MTL_ENABLE_DEBUG_INFO = NO;
				SDKROOT = iphoneos;
				VALIDATE_PRODUCT = YES;
			};
			name = Release;
		};
		4168129519EE6E5700C72800 /* Debug */ = {
			isa = XCBuildConfiguration;
			buildSettings = {
				ASSETCATALOG_COMPILER_APPICON_NAME = AppIcon;
				CODE_SIGN_IDENTITY = "iPhone Developer";
				"CODE_SIGN_IDENTITY[sdk=iphoneos*]" = "iPhone Developer";
				INFOPLIST_FILE = Demo/Info.plist;
				IPHONEOS_DEPLOYMENT_TARGET = 12.0;
				LD_RUNPATH_SEARCH_PATHS = (
					"$(inherited)",
					"@executable_path/Frameworks",
				);
				LIBRARY_SEARCH_PATHS = (
					"$(inherited)",
					"$(PROJECT_DIR)/../../../bindings/ios/3rdparty/lib",
				);
				OTHER_LDFLAGS = "";
				PRODUCT_BUNDLE_IDENTIFIER = "MEGA.$(PRODUCT_NAME:rfc1034identifier)";
				PRODUCT_NAME = "$(TARGET_NAME)";
				PROVISIONING_PROFILE = "";
				USER_HEADER_SEARCH_PATHS = "";
			};
			name = Debug;
		};
		4168129619EE6E5700C72800 /* Release */ = {
			isa = XCBuildConfiguration;
			buildSettings = {
				ASSETCATALOG_COMPILER_APPICON_NAME = AppIcon;
				CODE_SIGN_IDENTITY = "iPhone Developer";
				"CODE_SIGN_IDENTITY[sdk=iphoneos*]" = "iPhone Developer";
				INFOPLIST_FILE = Demo/Info.plist;
				IPHONEOS_DEPLOYMENT_TARGET = 12.0;
				LD_RUNPATH_SEARCH_PATHS = (
					"$(inherited)",
					"@executable_path/Frameworks",
				);
				LIBRARY_SEARCH_PATHS = (
					"$(inherited)",
					"$(PROJECT_DIR)/../../../bindings/ios/3rdparty/lib",
				);
				OTHER_LDFLAGS = "";
				PRODUCT_BUNDLE_IDENTIFIER = "MEGA.$(PRODUCT_NAME:rfc1034identifier)";
				PRODUCT_NAME = "$(TARGET_NAME)";
				PROVISIONING_PROFILE = "";
				USER_HEADER_SEARCH_PATHS = "";
			};
			name = Release;
		};
/* End XCBuildConfiguration section */

/* Begin XCConfigurationList section */
		4168126C19EE6E5700C72800 /* Build configuration list for PBXProject "Demo" */ = {
			isa = XCConfigurationList;
			buildConfigurations = (
				4168129219EE6E5700C72800 /* Debug */,
				4168129319EE6E5700C72800 /* Release */,
			);
			defaultConfigurationIsVisible = 0;
			defaultConfigurationName = Release;
		};
		4168129419EE6E5700C72800 /* Build configuration list for PBXNativeTarget "Demo" */ = {
			isa = XCConfigurationList;
			buildConfigurations = (
				4168129519EE6E5700C72800 /* Debug */,
				4168129619EE6E5700C72800 /* Release */,
			);
			defaultConfigurationIsVisible = 0;
			defaultConfigurationName = Release;
		};
/* End XCConfigurationList section */

/* Begin XCLocalSwiftPackageReference section */
		A8CCCFF62AE1954B00E3CCAB /* XCLocalSwiftPackageReference "../../.." */ = {
			isa = XCLocalSwiftPackageReference;
			relativePath = ../../..;
		};
/* End XCLocalSwiftPackageReference section */

/* Begin XCSwiftPackageProductDependency section */
		A8CCCFF72AE1954B00E3CCAB /* MEGASdk */ = {
			isa = XCSwiftPackageProductDependency;
			productName = MEGASdk;
		};
/* End XCSwiftPackageProductDependency section */
	};
	rootObject = 4168126919EE6E5700C72800 /* Project object */;
}
