<?xml version="1.0" encoding="utf-8"?>
<Project ToolsVersion="4.0" xmlns="http://schemas.microsoft.com/developer/msbuild/2003">
  <ItemGroup>
    <ClCompile Include="..\..\src\attrmap.cpp" />
    <ClCompile Include="..\..\src\backofftimer.cpp" />
    <ClCompile Include="..\..\src\base64.cpp" />
    <ClCompile Include="..\..\src\command.cpp" />
    <ClCompile Include="..\..\src\commands.cpp" />
    <ClCompile Include="..\..\src\crypto\cryptopp.cpp" />
    <ClCompile Include="..\..\src\db.cpp" />
    <ClCompile Include="..\..\src\gfx\external.cpp" />
    <ClCompile Include="..\..\src\file.cpp" />
    <ClCompile Include="..\..\src\fileattributefetch.cpp" />
    <ClCompile Include="..\..\src\filefingerprint.cpp" />
    <ClCompile Include="..\..\src\filesystem.cpp" />
    <ClCompile Include="..\..\src\gfx\freeimage.cpp" />
    <ClCompile Include="..\..\src\mediafileattribute.cpp" />
    <ClCompile Include="..\..\src\mega_http_parser.cpp" />
    <ClCompile Include="..\..\src\mega_utf8proc.cpp" />
    <ClCompile Include="..\..\src\mega_ccronexpr.cpp" />
    <ClCompile Include="..\..\src\mega_evt_tls.cpp" />
    <ClCompile Include="..\..\src\mega_zxcvbn.cpp" />
    <ClCompile Include="..\..\src\raid.cpp" />
    <ClCompile Include="..\..\src\raidproxy.cpp" />
    <ClCompile Include="..\..\src\posix\net.cpp" />
    <ClCompile Include="..\..\src\testhooks.cpp" />
    <ClCompile Include="..\..\src\thread\win32thread.cpp" />
    <ClCompile Include="..\..\src\win32\fs.cpp" />
    <ClCompile Include="..\..\src\gfx.cpp" />
    <ClCompile Include="..\..\src\http.cpp" />
    <ClCompile Include="..\..\src\json.cpp" />
    <ClCompile Include="..\..\src\logging.cpp" />
    <ClCompile Include="..\..\src\megaapi.cpp" />
    <ClCompile Include="..\..\src\megaapi_impl.cpp" />
    <ClCompile Include="..\..\src\megaclient.cpp" />
    <ClCompile Include="..\..\src\node.cpp" />
    <ClCompile Include="..\..\src\pendingcontactrequest.cpp" />
    <ClCompile Include="..\..\src\proxy.cpp" />
    <ClCompile Include="..\..\src\pubkeyaction.cpp" />
    <ClCompile Include="..\..\src\request.cpp" />
    <ClCompile Include="..\..\src\serialize64.cpp" />
    <ClCompile Include="..\..\src\share.cpp" />
    <ClCompile Include="..\..\src\sharenodekeys.cpp" />
    <ClCompile Include="..\..\src\crypto\sodium.cpp" />
    <ClCompile Include="..\..\src\db\sqlite.cpp" />
    <ClCompile Include="3rdparty\libs\sqlite3.c" />
    <ClCompile Include="..\..\src\sync.cpp" />
    <ClCompile Include="..\..\src\transfer.cpp" />
    <ClCompile Include="..\..\src\transferslot.cpp" />
    <ClCompile Include="..\..\src\transferstats.cpp" />
    <ClCompile Include="..\..\src\treeproc.cpp" />
    <ClCompile Include="..\..\src\user.cpp" />
    <ClCompile Include="..\..\src\useralerts.cpp" />
    <ClCompile Include="..\..\src\utils.cpp" />
    <ClCompile Include="..\..\src\win32\waiter.cpp" />
    <ClCompile Include="..\..\src\waiterbase.cpp" />
  </ItemGroup>
  <ItemGroup>
    <ClInclude Include="..\..\include\mega\account.h" />
    <ClInclude Include="..\..\include\mega\attrmap.h" />
    <ClInclude Include="..\..\include\mega\backofftimer.h" />
    <ClInclude Include="..\..\include\mega\base64.h" />
    <ClInclude Include="..\..\include\mega\command.h" />
    <ClInclude Include="..\..\include\mega\console.h" />
    <ClInclude Include="..\..\include\mega\crypto\cryptopp.h" />
    <ClInclude Include="..\..\include\mega\db.h" />
    <ClInclude Include="..\..\include\mega\gfx\external.h" />
    <ClInclude Include="..\..\include\mega\file.h" />
    <ClInclude Include="..\..\include\mega\fileattributefetch.h" />
    <ClInclude Include="..\..\include\mega\filefingerprint.h" />
    <ClInclude Include="..\..\include\mega\filesystem.h" />
    <ClInclude Include="..\..\include\mega\gfx.h" />
    <ClInclude Include="..\..\include\mega\http.h" />
    <ClInclude Include="..\..\include\mega\json.h" />
    <ClInclude Include="..\..\include\mega\logging.h" />
    <ClInclude Include="..\..\include\mega.h" />
    <ClInclude Include="..\..\include\megaapi.h" />
    <ClInclude Include="..\..\include\megaapi_impl.h" />
    <ClInclude Include="..\..\include\mega\mediafileattribute.h" />
    <ClInclude Include="..\..\include\mega\megaapp.h" />
    <ClInclude Include="..\..\include\mega\megaclient.h" />
    <ClInclude Include="..\..\include\mega\mega_utf8proc.h" />
    <ClInclude Include="..\..\include\mega\mega_ccronexpr.h" />
    <ClInclude Include="..\..\include\mega\mega_evt_tls.h" />
    <ClInclude Include="..\..\include\mega\mega_evt_queue.h" />
    <ClInclude Include="..\..\include\mega\posix\meganet.h" />
    <ClInclude Include="..\..\include\mega\raid.h" />
    <ClInclude Include="..\..\include\mega\raidproxy.h" />
    <ClInclude Include="..\..\include\mega\thread\win32thread.h" />
    <ClInclude Include="..\..\include\mega\win32\megaconsole.h" />
    <ClInclude Include="..\..\include\mega\win32\megaconsolewaiter.h" />
    <ClInclude Include="..\..\include\mega\win32\megafs.h" />
    <ClInclude Include="..\..\include\mega\win32\megasys.h" />
    <ClInclude Include="..\..\include\mega\win32\megawaiter.h" />
    <ClInclude Include="..\..\include\mega\node.h" />
    <ClInclude Include="..\..\include\mega\pendingcontactrequest.h" />
    <ClInclude Include="..\..\include\mega\proxy.h" />
    <ClInclude Include="..\..\include\mega\pubkeyaction.h" />
    <ClInclude Include="..\..\include\mega\request.h" />
    <ClInclude Include="..\..\include\mega\serialize64.h" />
    <ClInclude Include="..\..\include\mega\share.h" />
    <ClInclude Include="..\..\include\mega\sharenodekeys.h" />
    <ClInclude Include="..\..\include\mega\crypto\sodium.h" />
    <ClInclude Include="..\..\include\mega\db\sqlite.h" />
    <ClInclude Include="..\..\include\mega\sync.h" />
    <ClInclude Include="..\..\include\mega\thread.h" />
    <ClInclude Include="..\..\include\mega\transfer.h" />
    <ClInclude Include="..\..\include\mega\transferslot.h" />
    <ClInclude Include="..\..\include\mega\transferstats.h" />
    <ClInclude Include="..\..\include\mega\treeproc.h" />
    <ClInclude Include="..\..\include\mega\types.h" />
    <ClInclude Include="..\..\include\mega\user.h" />
    <ClInclude Include="..\..\include\mega\utils.h" />
    <ClInclude Include="..\..\include\mega\waiter.h" />
  </ItemGroup>
</Project>