
Microsoft Visual Studio Solution File, Format Version 12.00
# Visual Studio Express 2013 for Windows
VisualStudioVersion = 12.0.30723.0
MinimumVisualStudioVersion = 10.0.40219.1
Project("{FAE04EC0-301F-11D3-BF4B-00C04F79EFBC}") = "MegaApp", "MegaApp\MegaApp.csproj", "{7D8D3817-2EB5-416A-9147-ED5E83DEE03E}"
EndProject
Project("{8BC9CEB8-8B4A-11D0-8D11-00A0C91BC942}") = "mega", "..\..\..\bindings\wp8\vs2013\mega.vcxproj", "{258D42D3-2556-46B1-AE8F-DA6C9F49CFFE}"
EndProject
Global
	GlobalSection(SolutionConfigurationPlatforms) = preSolution
		Debug|Any CPU = Debug|Any CPU
		Debug|ARM = Debug|ARM
		Debug|Mixed Platforms = Debug|Mixed Platforms
		Debug|Win32 = Debug|Win32
		Debug|x64 = Debug|x64
		Debug|x86 = Debug|x86
		Release|Any CPU = Release|Any CPU
		Release|ARM = Release|ARM
		Release|Mixed Platforms = Release|Mixed Platforms
		Release|Win32 = Release|Win32
		Release|x64 = Release|x64
		Release|x86 = Release|x86
	EndGlobalSection
	GlobalSection(ProjectConfigurationPlatforms) = postSolution
		{7D8D3817-2EB5-416A-9147-ED5E83DEE03E}.Debug|Any CPU.ActiveCfg = Debug|Any CPU
		{7D8D3817-2EB5-416A-9147-ED5E83DEE03E}.Debug|Any CPU.Build.0 = Debug|Any CPU
		{7D8D3817-2EB5-416A-9147-ED5E83DEE03E}.Debug|Any CPU.Deploy.0 = Debug|Any CPU
		{7D8D3817-2EB5-416A-9147-ED5E83DEE03E}.Debug|ARM.ActiveCfg = Debug|ARM
		{7D8D3817-2EB5-416A-9147-ED5E83DEE03E}.Debug|ARM.Build.0 = Debug|ARM
		{7D8D3817-2EB5-416A-9147-ED5E83DEE03E}.Debug|ARM.Deploy.0 = Debug|ARM
		{7D8D3817-2EB5-416A-9147-ED5E83DEE03E}.Debug|Mixed Platforms.ActiveCfg = Debug|x86
		{7D8D3817-2EB5-416A-9147-ED5E83DEE03E}.Debug|Mixed Platforms.Build.0 = Debug|x86
		{7D8D3817-2EB5-416A-9147-ED5E83DEE03E}.Debug|Mixed Platforms.Deploy.0 = Debug|x86
		{7D8D3817-2EB5-416A-9147-ED5E83DEE03E}.Debug|Win32.ActiveCfg = Debug|x86
		{7D8D3817-2EB5-416A-9147-ED5E83DEE03E}.Debug|Win32.Build.0 = Debug|x86
		{7D8D3817-2EB5-416A-9147-ED5E83DEE03E}.Debug|Win32.Deploy.0 = Debug|x86
		{7D8D3817-2EB5-416A-9147-ED5E83DEE03E}.Debug|x64.ActiveCfg = Debug|Any CPU
		{7D8D3817-2EB5-416A-9147-ED5E83DEE03E}.Debug|x86.ActiveCfg = Debug|x86
		{7D8D3817-2EB5-416A-9147-ED5E83DEE03E}.Debug|x86.Build.0 = Debug|x86
		{7D8D3817-2EB5-416A-9147-ED5E83DEE03E}.Debug|x86.Deploy.0 = Debug|x86
		{7D8D3817-2EB5-416A-9147-ED5E83DEE03E}.Release|Any CPU.ActiveCfg = Release|Any CPU
		{7D8D3817-2EB5-416A-9147-ED5E83DEE03E}.Release|Any CPU.Build.0 = Release|Any CPU
		{7D8D3817-2EB5-416A-9147-ED5E83DEE03E}.Release|Any CPU.Deploy.0 = Release|Any CPU
		{7D8D3817-2EB5-416A-9147-ED5E83DEE03E}.Release|ARM.ActiveCfg = Release|ARM
		{7D8D3817-2EB5-416A-9147-ED5E83DEE03E}.Release|ARM.Build.0 = Release|ARM
		{7D8D3817-2EB5-416A-9147-ED5E83DEE03E}.Release|ARM.Deploy.0 = Release|ARM
		{7D8D3817-2EB5-416A-9147-ED5E83DEE03E}.Release|Mixed Platforms.ActiveCfg = Release|x86
		{7D8D3817-2EB5-416A-9147-ED5E83DEE03E}.Release|Mixed Platforms.Build.0 = Release|x86
		{7D8D3817-2EB5-416A-9147-ED5E83DEE03E}.Release|Mixed Platforms.Deploy.0 = Release|x86
		{7D8D3817-2EB5-416A-9147-ED5E83DEE03E}.Release|Win32.ActiveCfg = Release|x86
		{7D8D3817-2EB5-416A-9147-ED5E83DEE03E}.Release|Win32.Build.0 = Release|x86
		{7D8D3817-2EB5-416A-9147-ED5E83DEE03E}.Release|Win32.Deploy.0 = Release|x86
		{7D8D3817-2EB5-416A-9147-ED5E83DEE03E}.Release|x64.ActiveCfg = Release|Any CPU
		{7D8D3817-2EB5-416A-9147-ED5E83DEE03E}.Release|x86.ActiveCfg = Release|x86
		{7D8D3817-2EB5-416A-9147-ED5E83DEE03E}.Release|x86.Build.0 = Release|x86
		{7D8D3817-2EB5-416A-9147-ED5E83DEE03E}.Release|x86.Deploy.0 = Release|x86
		{258D42D3-2556-46B1-AE8F-DA6C9F49CFFE}.Debug|Any CPU.ActiveCfg = Debug|Win32
		{258D42D3-2556-46B1-AE8F-DA6C9F49CFFE}.Debug|ARM.ActiveCfg = Debug|ARM
		{258D42D3-2556-46B1-AE8F-DA6C9F49CFFE}.Debug|ARM.Build.0 = Debug|ARM
		{258D42D3-2556-46B1-AE8F-DA6C9F49CFFE}.Debug|Mixed Platforms.ActiveCfg = Debug|Win32
		{258D42D3-2556-46B1-AE8F-DA6C9F49CFFE}.Debug|Mixed Platforms.Build.0 = Debug|Win32
		{258D42D3-2556-46B1-AE8F-DA6C9F49CFFE}.Debug|Win32.ActiveCfg = Debug|Win32
		{258D42D3-2556-46B1-AE8F-DA6C9F49CFFE}.Debug|Win32.Build.0 = Debug|Win32
		{258D42D3-2556-46B1-AE8F-DA6C9F49CFFE}.Debug|x64.ActiveCfg = Debug|Win32
		{258D42D3-2556-46B1-AE8F-DA6C9F49CFFE}.Debug|x86.ActiveCfg = Debug|Win32
		{258D42D3-2556-46B1-AE8F-DA6C9F49CFFE}.Debug|x86.Build.0 = Debug|Win32
		{258D42D3-2556-46B1-AE8F-DA6C9F49CFFE}.Release|Any CPU.ActiveCfg = Release|Win32
		{258D42D3-2556-46B1-AE8F-DA6C9F49CFFE}.Release|ARM.ActiveCfg = Release|ARM
		{258D42D3-2556-46B1-AE8F-DA6C9F49CFFE}.Release|ARM.Build.0 = Release|ARM
		{258D42D3-2556-46B1-AE8F-DA6C9F49CFFE}.Release|Mixed Platforms.ActiveCfg = Release|Win32
		{258D42D3-2556-46B1-AE8F-DA6C9F49CFFE}.Release|Mixed Platforms.Build.0 = Release|Win32
		{258D42D3-2556-46B1-AE8F-DA6C9F49CFFE}.Release|Win32.ActiveCfg = Release|Win32
		{258D42D3-2556-46B1-AE8F-DA6C9F49CFFE}.Release|Win32.Build.0 = Release|Win32
		{258D42D3-2556-46B1-AE8F-DA6C9F49CFFE}.Release|x64.ActiveCfg = Release|Win32
		{258D42D3-2556-46B1-AE8F-DA6C9F49CFFE}.Release|x86.ActiveCfg = Release|Win32
		{258D42D3-2556-46B1-AE8F-DA6C9F49CFFE}.Release|x86.Build.0 = Release|Win32
	EndGlobalSection
	GlobalSection(SolutionProperties) = preSolution
		HideSolutionNode = FALSE
	EndGlobalSection
EndGlobal
